PODS:
  - Alamofire (3.4.0)
  - Cartography (0.6.0)
  - ESPullToRefresh (1.0.4)
  - Gifu (1.0.1)
  - JLToast (1.4.1)
  - JTSImageViewController (1.5.1)
  - Kingfisher (2.1.0)
  - ObjectMapper (1.3.0)
  - ReactiveCocoa (4.1.0):
    - ReactiveCocoa/UI (= 4.1.0)
    - Result (~> 2.0)
  - ReactiveCocoa/Core (4.1.0):
    - ReactiveCocoa/no-arc
    - Result (~> 2.0)
  - ReactiveCocoa/no-arc (4.1.0):
    - Result (~> 2.0)
  - ReactiveCocoa/UI (4.1.0):
    - ReactiveCocoa/Core
    - Result (~> 2.0)
  - Result (2.0.0)
  - SwiftyJSON (2.3.2)

DEPENDENCIES:
  - Alamofire (~> 3.0)
  - Cartography (~> 0.6.0)
  - ESPullToRefresh
  - Gifu
  - JLToast (~> 1.4)
  - JTSImageViewController
  - Kingfisher (~> 2.1.0)
  - ObjectMapper (~> 1.2)
  - ReactiveCocoa (~> 4.1.0)
  - SwiftyJSON (~> 2.3.2)

SPEC CHECKSUMS:
  Alamofire: c19a627cefd6a95f840401c49ab1f124e07f54ee
  Cartography: 70af183a248547694a8cfaa6b989cb7e04589985
  ESPullToRefresh: c3cebd239c25c74020564afc72e6104be09b48d1
  Gifu: bf7a99fe9f20a1dc18c3cb4289aebc922a2ad419
  JLToast: f2ccfdb8726e562e6c0154fa3658cd432021b1cc
  JTSImageViewController: 1f8ce1cc93dab0d0af8e53badeea7528560cfec9
  Kingfisher: 3ac09acad75a25ab22f6d7cef3de10d61dd4792d
  ObjectMapper: 4eb08a726e9791a93b2632049951b56a7c17e471
  ReactiveCocoa: d70004d7a366a7b8e87e60ce2347182c77701949
  Result: 9e75e1111c774c6ac594e14907b15057053a7959
  SwiftyJSON: 04ccea08915aa0109039157c7974cf0298da292a

COCOAPODS: 0.39.0
