PODS:
  - Alamofire (4.0.0)
  - Cartography (0.5.0)
  - ESPullToRefresh (2.0)
  - EZSwiftExtensions (1.6)
  - JTSImageViewController (1.5.1)
  - Kingfisher (3.1.0)
  - ObjectMapper (2.0.0)
  - ReactiveSwift (1.0.0-alpha.1):
    - Result (~> 3.0)
  - Result (3.0.0)
  - SwiftyJSON (3.0.0)
  - Toaster (2.0.0)

DEPENDENCIES:
  - Alamofire (~> 4.0)
  - Cartography (from `https://github.com/alexiosdev/Cartography.git`, branch `swift3_alex`)
  - ESPullToRefresh (from `https://github.com/eggswift/pull-to-refresh.git`, branch `swift3`)
  - EZSwiftExtensions (from `https://github.com/lfarah/EZSwiftExtensions.git`)
  - JTSImageViewController
  - Kingfisher
  - ObjectMapper
  - ReactiveSwift (~> 1.0.0-alpha.1)
  - SwiftyJSON
  - Toaster (~> 2.0)

EXTERNAL SOURCES:
  Cartography:
    :branch: swift3_alex
    :git: https://github.com/alexiosdev/Cartography.git
  ESPullToRefresh:
    :branch: swift3
    :git: https://github.com/eggswift/pull-to-refresh.git
  EZSwiftExtensions:
    :git: https://github.com/lfarah/EZSwiftExtensions.git

CHECKOUT OPTIONS:
  Cartography:
    :commit: b86998764ecb2df775c54046ba78b387dd4dbd40
    :git: https://github.com/alexiosdev/Cartography.git
  ESPullToRefresh:
    :commit: 6f662f19a8661735661ff570f476463e11188144
    :git: https://github.com/eggswift/pull-to-refresh.git
  EZSwiftExtensions:
    :commit: 53a43266fc6926fcd22738ec1774e1aacd2fef0d
    :git: https://github.com/lfarah/EZSwiftExtensions.git

SPEC CHECKSUMS:
  Alamofire: fef59f00388f267e52d9b432aa5d93dc97190f14
  Cartography: de3e85d2fc2d7288a2e7c89e1ac6cad08599d75e
  ESPullToRefresh: 98d61c362f6f4ad72b2b0885fa23935de136e4f2
  EZSwiftExtensions: 6c5e29ae473b3d2edbf5472eab0a3d7bdb20215c
  JTSImageViewController: 1f8ce1cc93dab0d0af8e53badeea7528560cfec9
  Kingfisher: 7779f22e977393e9533a89a9685beb8f679d3767
  ObjectMapper: aed2570edabbd3c9b26c939e1cabdb6558f933e0
  ReactiveSwift: cf34523b2b0dd8fbfc8fda484b0d0585e3d74955
  Result: 1b3e431f37cbcd3ad89c6aa9ab0ae55515fae3b6
  SwiftyJSON: f57b2b44bc166617372d1c70773591fe9f0f5fd4
  Toaster: 25101e968655aa991fa72ad888029e8d515c6237

PODFILE CHECKSUM: 4fe53ea488a1d09e214242634e05ddc6788810d0

COCOAPODS: 1.0.1
