// !$*UTF8*$!
{
	archiveVersion = 1;
	classes = {
	};
	objectVersion = 46;
	objects = {

/* Begin PBXBuildFile section */
		425447E51C96AE68008B74A9 /* TEHomeController.swift in Sources */ = {isa = PBXBuildFile; fileRef = 425447DE1C96AE68008B74A9 /* TEHomeController.swift */; };
		425447E61C96AE68008B74A9 /* TEMovieController.swift in Sources */ = {isa = PBXBuildFile; fileRef = 425447E01C96AE68008B74A9 /* TEMovieController.swift */; };
		425447E71C96AE68008B74A9 /* TEMusicController.swift in Sources */ = {isa = PBXBuildFile; fileRef = 425447E21C96AE68008B74A9 /* TEMusicController.swift */; };
		425447E81C96AE68008B74A9 /* TETabBarController.swift in Sources */ = {isa = PBXBuildFile; fileRef = 425447E41C96AE68008B74A9 /* TETabBarController.swift */; };
		425447EB1C96AF0C008B74A9 /* TEArticleController.swift in Sources */ = {isa = PBXBuildFile; fileRef = 425447EA1C96AF0C008B74A9 /* TEArticleController.swift */; };
		425447EF1C96B5B2008B74A9 /* TENavigationController.swift in Sources */ = {isa = PBXBuildFile; fileRef = 425447EE1C96B5B2008B74A9 /* TENavigationController.swift */; };
		426645BE1CE4B874005E21B4 /* TECarousel.swift in Sources */ = {isa = PBXBuildFile; fileRef = 426645BD1CE4B874005E21B4 /* TECarousel.swift */; };
		426645C11CE4B89E005E21B4 /* AlamofireObjectMapper.swift in Sources */ = {isa = PBXBuildFile; fileRef = 426645C01CE4B89E005E21B4 /* AlamofireObjectMapper.swift */; };
		426645C41CE59E7F005E21B4 /* CirCleView.swift in Sources */ = {isa = PBXBuildFile; fileRef = 426645C31CE59E7F005E21B4 /* CirCleView.swift */; };
		4277F66F1C9D803800816434 /* TEMovieViewModel.swift in Sources */ = {isa = PBXBuildFile; fileRef = 4277F66E1C9D803800816434 /* TEMovieViewModel.swift */; };
		4279A5531C96780300483480 /* Assets.xcassets in Resources */ = {isa = PBXBuildFile; fileRef = 4279A5471C96780300483480 /* Assets.xcassets */; };
		4279A5541C96780300483480 /* LaunchScreen.storyboard in Resources */ = {isa = PBXBuildFile; fileRef = 4279A5481C96780300483480 /* LaunchScreen.storyboard */; };
		4279A5551C96780300483480 /* Main.storyboard in Resources */ = {isa = PBXBuildFile; fileRef = 4279A54A1C96780300483480 /* Main.storyboard */; };
		4279A5571C96780300483480 /* Launch.xcassets in Resources */ = {isa = PBXBuildFile; fileRef = 4279A54E1C96780300483480 /* Launch.xcassets */; };
		4279A5611C969D2700483480 /* TEConfigure.swift in Sources */ = {isa = PBXBuildFile; fileRef = 4279A5601C969D2700483480 /* TEConfigure.swift */; };
		4285E9841CA28F4C005EDF4B /* TELoginController.swift in Sources */ = {isa = PBXBuildFile; fileRef = 4285E9831CA28F4C005EDF4B /* TELoginController.swift */; };
		4285E9861CA2C4E1005EDF4B /* TETableModelType.swift in Sources */ = {isa = PBXBuildFile; fileRef = 4285E9851CA2C4E1005EDF4B /* TETableModelType.swift */; };
		42CE5F471C96D00300E04AF6 /* AppDelegate.swift in Sources */ = {isa = PBXBuildFile; fileRef = 42CE5F451C96D00300E04AF6 /* AppDelegate.swift */; };
		42CE5F4E1C96E56000E04AF6 /* TESetupPresentable.swift in Sources */ = {isa = PBXBuildFile; fileRef = 42CE5F4D1C96E56000E04AF6 /* TESetupPresentable.swift */; };
		42CE5F501C96E8BC00E04AF6 /* TEExtension.swift in Sources */ = {isa = PBXBuildFile; fileRef = 42CE5F4F1C96E8BC00E04AF6 /* TEExtension.swift */; };
		42CE5F531C97AA0900E04AF6 /* TESettingController.swift in Sources */ = {isa = PBXBuildFile; fileRef = 42CE5F521C97AA0900E04AF6 /* TESettingController.swift */; };
		42CE5F551C97AB6100E04AF6 /* TETabbarPresentable.swift in Sources */ = {isa = PBXBuildFile; fileRef = 42CE5F541C97AB6100E04AF6 /* TETabbarPresentable.swift */; };
		42CE5F571C97ABBA00E04AF6 /* TENaviPresentable.swift in Sources */ = {isa = PBXBuildFile; fileRef = 42CE5F561C97ABBA00E04AF6 /* TENaviPresentable.swift */; };
		42CE5F591C97C65400E04AF6 /* TEMacro.swift in Sources */ = {isa = PBXBuildFile; fileRef = 42CE5F581C97C65400E04AF6 /* TEMacro.swift */; };
		42CE5F5B1C9818C200E04AF6 /* TEPageable.swift in Sources */ = {isa = PBXBuildFile; fileRef = 42CE5F5A1C9818C200E04AF6 /* TEPageable.swift */; };
		42CE5F5D1C9819C600E04AF6 /* TEPaperModel.swift in Sources */ = {isa = PBXBuildFile; fileRef = 42CE5F5C1C9819C600E04AF6 /* TEPaperModel.swift */; };
		42CE5F601C981BA500E04AF6 /* TEPaperView.swift in Sources */ = {isa = PBXBuildFile; fileRef = 42CE5F5F1C981BA500E04AF6 /* TEPaperView.swift */; };
		42CE5F651C9823C600E04AF6 /* TEMovieCardModel.swift in Sources */ = {isa = PBXBuildFile; fileRef = 42CE5F641C9823C600E04AF6 /* TEMovieCardModel.swift */; };
		42CE5F671C9823E800E04AF6 /* TEMovieCardCell.swift in Sources */ = {isa = PBXBuildFile; fileRef = 42CE5F661C9823E800E04AF6 /* TEMovieCardCell.swift */; };
		42E9AF761CE4595300BB8687 /* TENetService.swift in Sources */ = {isa = PBXBuildFile; fileRef = 42E9AF751CE4595300BB8687 /* TENetService.swift */; };
		42FAE4F71CB229D900495273 /* TEMovieDetailController.swift in Sources */ = {isa = PBXBuildFile; fileRef = 42FAE4F61CB229D900495273 /* TEMovieDetailController.swift */; };
		DD5C9AE4AF121A1675E1B8EE /* Pods_TheOne.framework in Frameworks */ = {isa = PBXBuildFile; fileRef = EEEF2339B6BA212A6E17CE33 /* Pods_TheOne.framework */; };
/* End PBXBuildFile section */

/* Begin PBXFileReference section */
		425447DE1C96AE68008B74A9 /* TEHomeController.swift */ = {isa = PBXFileReference; fileEncoding = 4; lastKnownFileType = sourcecode.swift; path = TEHomeController.swift; sourceTree = "<group>"; };
		425447E01C96AE68008B74A9 /* TEMovieController.swift */ = {isa = PBXFileReference; fileEncoding = 4; lastKnownFileType = sourcecode.swift; path = TEMovieController.swift; sourceTree = "<group>"; };
		425447E21C96AE68008B74A9 /* TEMusicController.swift */ = {isa = PBXFileReference; fileEncoding = 4; lastKnownFileType = sourcecode.swift; path = TEMusicController.swift; sourceTree = "<group>"; };
		425447E41C96AE68008B74A9 /* TETabBarController.swift */ = {isa = PBXFileReference; fileEncoding = 4; lastKnownFileType = sourcecode.swift; path = TETabBarController.swift; sourceTree = "<group>"; };
		425447EA1C96AF0C008B74A9 /* TEArticleController.swift */ = {isa = PBXFileReference; fileEncoding = 4; lastKnownFileType = sourcecode.swift; path = TEArticleController.swift; sourceTree = "<group>"; };
		425447EE1C96B5B2008B74A9 /* TENavigationController.swift */ = {isa = PBXFileReference; fileEncoding = 4; lastKnownFileType = sourcecode.swift; path = TENavigationController.swift; sourceTree = "<group>"; };
		426645BD1CE4B874005E21B4 /* TECarousel.swift */ = {isa = PBXFileReference; fileEncoding = 4; lastKnownFileType = sourcecode.swift; path = TECarousel.swift; sourceTree = "<group>"; };
		426645C01CE4B89E005E21B4 /* AlamofireObjectMapper.swift */ = {isa = PBXFileReference; fileEncoding = 4; lastKnownFileType = sourcecode.swift; path = AlamofireObjectMapper.swift; sourceTree = "<group>"; };
		426645C31CE59E7F005E21B4 /* CirCleView.swift */ = {isa = PBXFileReference; fileEncoding = 4; lastKnownFileType = sourcecode.swift; path = CirCleView.swift; sourceTree = "<group>"; };
		4277F66E1C9D803800816434 /* TEMovieViewModel.swift */ = {isa = PBXFileReference; fileEncoding = 4; lastKnownFileType = sourcecode.swift; path = TEMovieViewModel.swift; sourceTree = "<group>"; };
		4279A52A1C9675EC00483480 /* TheOne.app */ = {isa = PBXFileReference; explicitFileType = wrapper.application; includeInIndex = 0; path = TheOne.app; sourceTree = BUILT_PRODUCTS_DIR; };
		4279A5471C96780300483480 /* Assets.xcassets */ = {isa = PBXFileReference; lastKnownFileType = folder.assetcatalog; name = Assets.xcassets; path = ../Assets.xcassets; sourceTree = "<group>"; };
		4279A5491C96780300483480 /* Base */ = {isa = PBXFileReference; lastKnownFileType = file.storyboard; name = Base; path = Base.lproj/LaunchScreen.storyboard; sourceTree = "<group>"; };
		4279A54B1C96780300483480 /* Base */ = {isa = PBXFileReference; lastKnownFileType = file.storyboard; name = Base; path = Base.lproj/Main.storyboard; sourceTree = "<group>"; };
		4279A54E1C96780300483480 /* Launch.xcassets */ = {isa = PBXFileReference; lastKnownFileType = folder.assetcatalog; name = Launch.xcassets; path = ../Launch.xcassets; sourceTree = "<group>"; };
		4279A5601C969D2700483480 /* TEConfigure.swift */ = {isa = PBXFileReference; fileEncoding = 4; lastKnownFileType = sourcecode.swift; path = TEConfigure.swift; sourceTree = "<group>"; };
		4285E9831CA28F4C005EDF4B /* TELoginController.swift */ = {isa = PBXFileReference; fileEncoding = 4; lastKnownFileType = sourcecode.swift; path = TELoginController.swift; sourceTree = "<group>"; };
		4285E9851CA2C4E1005EDF4B /* TETableModelType.swift */ = {isa = PBXFileReference; fileEncoding = 4; lastKnownFileType = sourcecode.swift; path = TETableModelType.swift; sourceTree = "<group>"; };
		42CE5F451C96D00300E04AF6 /* AppDelegate.swift */ = {isa = PBXFileReference; fileEncoding = 4; lastKnownFileType = sourcecode.swift; path = AppDelegate.swift; sourceTree = "<group>"; };
		42CE5F4D1C96E56000E04AF6 /* TESetupPresentable.swift */ = {isa = PBXFileReference; fileEncoding = 4; lastKnownFileType = sourcecode.swift; path = TESetupPresentable.swift; sourceTree = "<group>"; };
		42CE5F4F1C96E8BC00E04AF6 /* TEExtension.swift */ = {isa = PBXFileReference; fileEncoding = 4; lastKnownFileType = sourcecode.swift; path = TEExtension.swift; sourceTree = "<group>"; };
		42CE5F521C97AA0900E04AF6 /* TESettingController.swift */ = {isa = PBXFileReference; fileEncoding = 4; lastKnownFileType = sourcecode.swift; path = TESettingController.swift; sourceTree = "<group>"; };
		42CE5F541C97AB6100E04AF6 /* TETabbarPresentable.swift */ = {isa = PBXFileReference; fileEncoding = 4; lastKnownFileType = sourcecode.swift; path = TETabbarPresentable.swift; sourceTree = "<group>"; };
		42CE5F561C97ABBA00E04AF6 /* TENaviPresentable.swift */ = {isa = PBXFileReference; fileEncoding = 4; lastKnownFileType = sourcecode.swift; path = TENaviPresentable.swift; sourceTree = "<group>"; };
		42CE5F581C97C65400E04AF6 /* TEMacro.swift */ = {isa = PBXFileReference; fileEncoding = 4; lastKnownFileType = sourcecode.swift; path = TEMacro.swift; sourceTree = "<group>"; };
		42CE5F5A1C9818C200E04AF6 /* TEPageable.swift */ = {isa = PBXFileReference; fileEncoding = 4; lastKnownFileType = sourcecode.swift; path = TEPageable.swift; sourceTree = "<group>"; };
		42CE5F5C1C9819C600E04AF6 /* TEPaperModel.swift */ = {isa = PBXFileReference; fileEncoding = 4; lastKnownFileType = sourcecode.swift; path = TEPaperModel.swift; sourceTree = "<group>"; };
		42CE5F5F1C981BA500E04AF6 /* TEPaperView.swift */ = {isa = PBXFileReference; fileEncoding = 4; lastKnownFileType = sourcecode.swift; path = TEPaperView.swift; sourceTree = "<group>"; };
		42CE5F641C9823C600E04AF6 /* TEMovieCardModel.swift */ = {isa = PBXFileReference; fileEncoding = 4; lastKnownFileType = sourcecode.swift; path = TEMovieCardModel.swift; sourceTree = "<group>"; };
		42CE5F661C9823E800E04AF6 /* TEMovieCardCell.swift */ = {isa = PBXFileReference; fileEncoding = 4; lastKnownFileType = sourcecode.swift; path = TEMovieCardCell.swift; sourceTree = "<group>"; };
		42CE5F681C9824B200E04AF6 /* PingFang Bold.ttf */ = {isa = PBXFileReference; lastKnownFileType = file; path = "PingFang Bold.ttf"; sourceTree = "<group>"; };
		42CE5F691C9824B200E04AF6 /* PingFang Light.ttf */ = {isa = PBXFileReference; lastKnownFileType = file; path = "PingFang Light.ttf"; sourceTree = "<group>"; };
		42CE5F6A1C9824B200E04AF6 /* PingFang Medium.ttf */ = {isa = PBXFileReference; lastKnownFileType = file; path = "PingFang Medium.ttf"; sourceTree = "<group>"; };
		42CE5F6B1C9824B200E04AF6 /* PingFang Regular.ttf */ = {isa = PBXFileReference; lastKnownFileType = file; path = "PingFang Regular.ttf"; sourceTree = "<group>"; };
		42CE5F6C1C9824CE00E04AF6 /* Bradley Hand Bold.ttf */ = {isa = PBXFileReference; lastKnownFileType = file; path = "Bradley Hand Bold.ttf"; sourceTree = "<group>"; };
		42CE5F731C9831EF00E04AF6 /* Info.plist */ = {isa = PBXFileReference; fileEncoding = 4; lastKnownFileType = text.plist.xml; path = Info.plist; sourceTree = "<group>"; };
		42E9AF751CE4595300BB8687 /* TENetService.swift */ = {isa = PBXFileReference; fileEncoding = 4; lastKnownFileType = sourcecode.swift; path = TENetService.swift; sourceTree = "<group>"; };
		42FAE4F61CB229D900495273 /* TEMovieDetailController.swift */ = {isa = PBXFileReference; fileEncoding = 4; lastKnownFileType = sourcecode.swift; path = TEMovieDetailController.swift; sourceTree = "<group>"; };
		58C453D8642A474F7D457052 /* Pods.framework */ = {isa = PBXFileReference; explicitFileType = wrapper.framework; includeInIndex = 0; path = Pods.framework; sourceTree = BUILT_PRODUCTS_DIR; };
		61099A783A1A9763F5A58A18 /* Pods-TheOne.release.xcconfig */ = {isa = PBXFileReference; includeInIndex = 1; lastKnownFileType = text.xcconfig; name = "Pods-TheOne.release.xcconfig"; path = "Pods/Target Support Files/Pods-TheOne/Pods-TheOne.release.xcconfig"; sourceTree = "<group>"; };
		89DC4F58B1DF9C35A1386A3F /* Pods-TheOne.debug.xcconfig */ = {isa = PBXFileReference; includeInIndex = 1; lastKnownFileType = text.xcconfig; name = "Pods-TheOne.debug.xcconfig"; path = "Pods/Target Support Files/Pods-TheOne/Pods-TheOne.debug.xcconfig"; sourceTree = "<group>"; };
		EEEF2339B6BA212A6E17CE33 /* Pods_TheOne.framework */ = {isa = PBXFileReference; explicitFileType = wrapper.framework; includeInIndex = 0; path = Pods_TheOne.framework; sourceTree = BUILT_PRODUCTS_DIR; };
/* End PBXFileReference section */

/* Begin PBXFrameworksBuildPhase section */
		4279A5271C9675EC00483480 /* Frameworks */ = {
			isa = PBXFrameworksBuildPhase;
			buildActionMask = 2147483647;
			files = (
				DD5C9AE4AF121A1675E1B8EE /* Pods_TheOne.framework in Frameworks */,
			);
			runOnlyForDeploymentPostprocessing = 0;
		};
/* End PBXFrameworksBuildPhase section */

/* Begin PBXGroup section */
		425447DC1C96AE68008B74A9 /* Controller */ = {
			isa = PBXGroup;
			children = (
				42CE5F511C97A9D100E04AF6 /* Login */,
				425447E31C96AE68008B74A9 /* Tabbar */,
				425447ED1C96B573008B74A9 /* Navgation */,
				425447DD1C96AE68008B74A9 /* Home */,
				425447E91C96AEDD008B74A9 /* Article */,
				425447E11C96AE68008B74A9 /* Music */,
				425447DF1C96AE68008B74A9 /* Movie */,
			);
			path = Controller;
			sourceTree = "<group>";
		};
		425447DD1C96AE68008B74A9 /* Home */ = {
			isa = PBXGroup;
			children = (
				425447DE1C96AE68008B74A9 /* TEHomeController.swift */,
			);
			path = Home;
			sourceTree = "<group>";
		};
		425447DF1C96AE68008B74A9 /* Movie */ = {
			isa = PBXGroup;
			children = (
				425447E01C96AE68008B74A9 /* TEMovieController.swift */,
				42FAE4F61CB229D900495273 /* TEMovieDetailController.swift */,
			);
			path = Movie;
			sourceTree = "<group>";
		};
		425447E11C96AE68008B74A9 /* Music */ = {
			isa = PBXGroup;
			children = (
				425447E21C96AE68008B74A9 /* TEMusicController.swift */,
			);
			path = Music;
			sourceTree = "<group>";
		};
		425447E31C96AE68008B74A9 /* Tabbar */ = {
			isa = PBXGroup;
			children = (
				425447E41C96AE68008B74A9 /* TETabBarController.swift */,
			);
			path = Tabbar;
			sourceTree = "<group>";
		};
		425447E91C96AEDD008B74A9 /* Article */ = {
			isa = PBXGroup;
			children = (
				425447EA1C96AF0C008B74A9 /* TEArticleController.swift */,
			);
			path = Article;
			sourceTree = "<group>";
		};
		425447ED1C96B573008B74A9 /* Navgation */ = {
			isa = PBXGroup;
			children = (
				425447EE1C96B5B2008B74A9 /* TENavigationController.swift */,
			);
			name = Navgation;
			path = Navigation;
			sourceTree = "<group>";
		};
		426645BC1CE4B874005E21B4 /* Article */ = {
			isa = PBXGroup;
			children = (
				426645BD1CE4B874005E21B4 /* TECarousel.swift */,
			);
			path = Article;
			sourceTree = "<group>";
		};
		426645BF1CE4B884005E21B4 /* AlamofireObjectMapper */ = {
			isa = PBXGroup;
			children = (
				426645C01CE4B89E005E21B4 /* AlamofireObjectMapper.swift */,
			);
			path = AlamofireObjectMapper;
			sourceTree = "<group>";
		};
		426645C21CE59E7F005E21B4 /* CirCleView */ = {
			isa = PBXGroup;
			children = (
				426645C31CE59E7F005E21B4 /* CirCleView.swift */,
			);
			path = CirCleView;
			sourceTree = "<group>";
		};
		426B93321CE4624700BB5B96 /* Home */ = {
			isa = PBXGroup;
			children = (
			);
			path = Home;
			sourceTree = "<group>";
		};
		426B93331CE4826700BB5B96 /* Component */ = {
			isa = PBXGroup;
			children = (
			);
			path = Component;
			sourceTree = "<group>";
		};
		426B93341CE48F1300BB5B96 /* Article */ = {
			isa = PBXGroup;
			children = (
			);
			path = Article;
			sourceTree = "<group>";
		};
		4279A5211C9675EC00483480 = {
			isa = PBXGroup;
			children = (
				4279A5451C96780300483480 /* TheOne */,
				4279A52B1C9675EC00483480 /* Products */,
				A6EF4A678E4A1B6EB3AB0FBB /* Frameworks */,
				5877175B53F0A027EF1E8E5C /* Pods */,
			);
			sourceTree = "<group>";
		};
		4279A52B1C9675EC00483480 /* Products */ = {
			isa = PBXGroup;
			children = (
				4279A52A1C9675EC00483480 /* TheOne.app */,
			);
			name = Products;
			sourceTree = "<group>";
		};
		4279A5451C96780300483480 /* TheOne */ = {
			isa = PBXGroup;
			children = (
				4279A55B1C96785C00483480 /* Interface */,
				42CE5F4C1C96D60500E04AF6 /* Extension */,
				4279A5591C96782400483480 /* Configure */,
				425447DC1C96AE68008B74A9 /* Controller */,
				4279A54F1C96780300483480 /* View */,
				4279A5511C96780300483480 /* ViewModel */,
				42CE5F441C96CFCB00E04AF6 /* Model */,
				42E9AF741CE4584200BB8687 /* Service */,
				4279A55F1C969C1300483480 /* Protocol */,
				4279A55C1C96788300483480 /* Vendor */,
				4279A55A1C96783A00483480 /* Resource */,
			);
			path = TheOne;
			sourceTree = "<group>";
		};
		4279A54F1C96780300483480 /* View */ = {
			isa = PBXGroup;
			children = (
				426B93331CE4826700BB5B96 /* Component */,
				42CE5F611C981D2C00E04AF6 /* Movie */,
				42CE5F5E1C981B8C00E04AF6 /* Home */,
			);
			path = View;
			sourceTree = "<group>";
		};
		4279A5511C96780300483480 /* ViewModel */ = {
			isa = PBXGroup;
			children = (
				426B93341CE48F1300BB5B96 /* Article */,
				42E9AF771CE4604B00BB8687 /* Home */,
				4277F66E1C9D803800816434 /* TEMovieViewModel.swift */,
			);
			path = ViewModel;
			sourceTree = "<group>";
		};
		4279A5591C96782400483480 /* Configure */ = {
			isa = PBXGroup;
			children = (
				42CE5F451C96D00300E04AF6 /* AppDelegate.swift */,
				4279A5601C969D2700483480 /* TEConfigure.swift */,
				42CE5F581C97C65400E04AF6 /* TEMacro.swift */,
				42CE5F731C9831EF00E04AF6 /* Info.plist */,
			);
			path = Configure;
			sourceTree = "<group>";
		};
		4279A55A1C96783A00483480 /* Resource */ = {
			isa = PBXGroup;
			children = (
				42CE5F6C1C9824CE00E04AF6 /* Bradley Hand Bold.ttf */,
				42CE5F681C9824B200E04AF6 /* PingFang Bold.ttf */,
				42CE5F691C9824B200E04AF6 /* PingFang Light.ttf */,
				42CE5F6A1C9824B200E04AF6 /* PingFang Medium.ttf */,
				42CE5F6B1C9824B200E04AF6 /* PingFang Regular.ttf */,
				4279A5471C96780300483480 /* Assets.xcassets */,
				4279A54E1C96780300483480 /* Launch.xcassets */,
			);
			path = Resource;
			sourceTree = "<group>";
		};
		4279A55B1C96785C00483480 /* Interface */ = {
			isa = PBXGroup;
			children = (
				4279A5481C96780300483480 /* LaunchScreen.storyboard */,
				4279A54A1C96780300483480 /* Main.storyboard */,
			);
			path = Interface;
			sourceTree = "<group>";
		};
		4279A55C1C96788300483480 /* Vendor */ = {
			isa = PBXGroup;
			children = (
				426645C21CE59E7F005E21B4 /* CirCleView */,
				426645BF1CE4B884005E21B4 /* AlamofireObjectMapper */,
			);
			path = Vendor;
			sourceTree = "<group>";
		};
		4279A55F1C969C1300483480 /* Protocol */ = {
			isa = PBXGroup;
			children = (
				42CE5F5A1C9818C200E04AF6 /* TEPageable.swift */,
				4285E9851CA2C4E1005EDF4B /* TETableModelType.swift */,
				42CE5F4D1C96E56000E04AF6 /* TESetupPresentable.swift */,
				42CE5F541C97AB6100E04AF6 /* TETabbarPresentable.swift */,
				42CE5F561C97ABBA00E04AF6 /* TENaviPresentable.swift */,
			);
			path = Protocol;
			sourceTree = "<group>";
		};
		42CE5F441C96CFCB00E04AF6 /* Model */ = {
			isa = PBXGroup;
			children = (
				426645BC1CE4B874005E21B4 /* Article */,
				426B93321CE4624700BB5B96 /* Home */,
				42CE5F641C9823C600E04AF6 /* TEMovieCardModel.swift */,
				42CE5F5C1C9819C600E04AF6 /* TEPaperModel.swift */,
			);
			path = Model;
			sourceTree = "<group>";
		};
		42CE5F4C1C96D60500E04AF6 /* Extension */ = {
			isa = PBXGroup;
			children = (
				42CE5F4F1C96E8BC00E04AF6 /* TEExtension.swift */,
			);
			path = Extension;
			sourceTree = "<group>";
		};
		42CE5F511C97A9D100E04AF6 /* Login */ = {
			isa = PBXGroup;
			children = (
				42CE5F521C97AA0900E04AF6 /* TESettingController.swift */,
				4285E9831CA28F4C005EDF4B /* TELoginController.swift */,
			);
			path = Login;
			sourceTree = "<group>";
		};
		42CE5F5E1C981B8C00E04AF6 /* Home */ = {
			isa = PBXGroup;
			children = (
				42CE5F5F1C981BA500E04AF6 /* TEPaperView.swift */,
			);
			path = Home;
			sourceTree = "<group>";
		};
		42CE5F611C981D2C00E04AF6 /* Movie */ = {
			isa = PBXGroup;
			children = (
				42CE5F661C9823E800E04AF6 /* TEMovieCardCell.swift */,
			);
			path = Movie;
			sourceTree = "<group>";
		};
		42E9AF741CE4584200BB8687 /* Service */ = {
			isa = PBXGroup;
			children = (
				42E9AF751CE4595300BB8687 /* TENetService.swift */,
			);
			path = Service;
			sourceTree = "<group>";
		};
		42E9AF771CE4604B00BB8687 /* Home */ = {
			isa = PBXGroup;
			children = (
			);
			path = Home;
			sourceTree = "<group>";
		};
		5877175B53F0A027EF1E8E5C /* Pods */ = {
			isa = PBXGroup;
			children = (
				89DC4F58B1DF9C35A1386A3F /* Pods-TheOne.debug.xcconfig */,
				61099A783A1A9763F5A58A18 /* Pods-TheOne.release.xcconfig */,
			);
			name = Pods;
			sourceTree = "<group>";
		};
		A6EF4A678E4A1B6EB3AB0FBB /* Frameworks */ = {
			isa = PBXGroup;
			children = (
				58C453D8642A474F7D457052 /* Pods.framework */,
				EEEF2339B6BA212A6E17CE33 /* Pods_TheOne.framework */,
			);
			name = Frameworks;
			sourceTree = "<group>";
		};
/* End PBXGroup section */

/* Begin PBXNativeTarget section */
		4279A5291C9675EC00483480 /* TheOne */ = {
			isa = PBXNativeTarget;
			buildConfigurationList = 4279A53C1C9675EC00483480 /* Build configuration list for PBXNativeTarget "TheOne" */;
			buildPhases = (
				8450C6755251CB63E7179531 /* 📦 Check Pods Manifest.lock */,
				4279A5261C9675EC00483480 /* Sources */,
				4279A5271C9675EC00483480 /* Frameworks */,
				4279A5281C9675EC00483480 /* Resources */,
				96E1A954757AE13E4E433364 /* 📦 Embed Pods Frameworks */,
				55FCE3DC19C7B8098D4DBAFF /* 📦 Copy Pods Resources */,
			);
			buildRules = (
			);
			dependencies = (
			);
			name = TheOne;
			productName = TheOne;
			productReference = 4279A52A1C9675EC00483480 /* TheOne.app */;
			productType = "com.apple.product-type.application";
		};
/* End PBXNativeTarget section */

/* Begin PBXProject section */
		4279A5221C9675EC00483480 /* Project object */ = {
			isa = PBXProject;
			attributes = {
				CLASSPREFIX = TE;
				LastSwiftUpdateCheck = 0720;
				LastUpgradeCheck = 0720;
				ORGANIZATIONNAME = Maru;
				TargetAttributes = {
					4279A5291C9675EC00483480 = {
						CreatedOnToolsVersion = 7.2.1;
						DevelopmentTeam = 678WD436L9;
					};
				};
			};
			buildConfigurationList = 4279A5251C9675EC00483480 /* Build configuration list for PBXProject "TheOne" */;
			compatibilityVersion = "Xcode 3.2";
			developmentRegion = English;
			hasScannedForEncodings = 0;
			knownRegions = (
				en,
				Base,
			);
			mainGroup = 4279A5211C9675EC00483480;
			productRefGroup = 4279A52B1C9675EC00483480 /* Products */;
			projectDirPath = "";
			projectRoot = "";
			targets = (
				4279A5291C9675EC00483480 /* TheOne */,
			);
		};
/* End PBXProject section */

/* Begin PBXResourcesBuildPhase section */
		4279A5281C9675EC00483480 /* Resources */ = {
			isa = PBXResourcesBuildPhase;
			buildActionMask = 2147483647;
			files = (
				4279A5571C96780300483480 /* Launch.xcassets in Resources */,
				4279A5551C96780300483480 /* Main.storyboard in Resources */,
				4279A5531C96780300483480 /* Assets.xcassets in Resources */,
				4279A5541C96780300483480 /* LaunchScreen.storyboard in Resources */,
			);
			runOnlyForDeploymentPostprocessing = 0;
		};
/* End PBXResourcesBuildPhase section */

/* Begin PBXShellScriptBuildPhase section */
		55FCE3DC19C7B8098D4DBAFF /* 📦 Copy Pods Resources */ = {
			isa = PBXShellScriptBuildPhase;
			buildActionMask = 2147483647;
			files = (
			);
			inputPaths = (
			);
			name = "📦 Copy Pods Resources";
			outputPaths = (
			);
			runOnlyForDeploymentPostprocessing = 0;
			shellPath = /bin/sh;
			shellScript = "\"${SRCROOT}/Pods/Target Support Files/Pods-TheOne/Pods-TheOne-resources.sh\"\n";
			showEnvVarsInLog = 0;
		};
		8450C6755251CB63E7179531 /* 📦 Check Pods Manifest.lock */ = {
			isa = PBXShellScriptBuildPhase;
			buildActionMask = 2147483647;
			files = (
			);
			inputPaths = (
			);
			name = "📦 Check Pods Manifest.lock";
			outputPaths = (
			);
			runOnlyForDeploymentPostprocessing = 0;
			shellPath = /bin/sh;
			shellScript = "diff \"${PODS_ROOT}/../Podfile.lock\" \"${PODS_ROOT}/Manifest.lock\" > /dev/null\nif [[ $? != 0 ]] ; then\n    cat << EOM\nerror: The sandbox is not in sync with the Podfile.lock. Run 'pod install' or update your CocoaPods installation.\nEOM\n    exit 1\nfi\n";
			showEnvVarsInLog = 0;
		};
		96E1A954757AE13E4E433364 /* 📦 Embed Pods Frameworks */ = {
			isa = PBXShellScriptBuildPhase;
			buildActionMask = 2147483647;
			files = (
			);
			inputPaths = (
			);
			name = "📦 Embed Pods Frameworks";
			outputPaths = (
			);
			runOnlyForDeploymentPostprocessing = 0;
			shellPath = /bin/sh;
			shellScript = "\"${SRCROOT}/Pods/Target Support Files/Pods-TheOne/Pods-TheOne-frameworks.sh\"\n";
			showEnvVarsInLog = 0;
		};
/* End PBXShellScriptBuildPhase section */

/* Begin PBXSourcesBuildPhase section */
		4279A5261C9675EC00483480 /* Sources */ = {
			isa = PBXSourcesBuildPhase;
			buildActionMask = 2147483647;
			files = (
				42CE5F551C97AB6100E04AF6 /* TETabbarPresentable.swift in Sources */,
				42CE5F651C9823C600E04AF6 /* TEMovieCardModel.swift in Sources */,
				425447E71C96AE68008B74A9 /* TEMusicController.swift in Sources */,
				42CE5F501C96E8BC00E04AF6 /* TEExtension.swift in Sources */,
				4285E9841CA28F4C005EDF4B /* TELoginController.swift in Sources */,
				425447E61C96AE68008B74A9 /* TEMovieController.swift in Sources */,
				42CE5F4E1C96E56000E04AF6 /* TESetupPresentable.swift in Sources */,
				425447E81C96AE68008B74A9 /* TETabBarController.swift in Sources */,
				42CE5F531C97AA0900E04AF6 /* TESettingController.swift in Sources */,
				426645BE1CE4B874005E21B4 /* TECarousel.swift in Sources */,
				42CE5F671C9823E800E04AF6 /* TEMovieCardCell.swift in Sources */,
				42CE5F571C97ABBA00E04AF6 /* TENaviPresentable.swift in Sources */,
				42CE5F5B1C9818C200E04AF6 /* TEPageable.swift in Sources */,
				4279A5611C969D2700483480 /* TEConfigure.swift in Sources */,
				42FAE4F71CB229D900495273 /* TEMovieDetailController.swift in Sources */,
				4285E9861CA2C4E1005EDF4B /* TETableModelType.swift in Sources */,
				426645C11CE4B89E005E21B4 /* AlamofireObjectMapper.swift in Sources */,
				426645C41CE59E7F005E21B4 /* CirCleView.swift in Sources */,
				425447EB1C96AF0C008B74A9 /* TEArticleController.swift in Sources */,
				425447EF1C96B5B2008B74A9 /* TENavigationController.swift in Sources */,
				42CE5F471C96D00300E04AF6 /* AppDelegate.swift in Sources */,
				425447E51C96AE68008B74A9 /* TEHomeController.swift in Sources */,
				4277F66F1C9D803800816434 /* TEMovieViewModel.swift in Sources */,
				42CE5F591C97C65400E04AF6 /* TEMacro.swift in Sources */,
				42CE5F5D1C9819C600E04AF6 /* TEPaperModel.swift in Sources */,
				42E9AF761CE4595300BB8687 /* TENetService.swift in Sources */,
				42CE5F601C981BA500E04AF6 /* TEPaperView.swift in Sources */,
			);
			runOnlyForDeploymentPostprocessing = 0;
		};
/* End PBXSourcesBuildPhase section */

/* Begin PBXVariantGroup section */
		4279A5481C96780300483480 /* LaunchScreen.storyboard */ = {
			isa = PBXVariantGroup;
			children = (
				4279A5491C96780300483480 /* Base */,
			);
			name = LaunchScreen.storyboard;
			path = ..;
			sourceTree = "<group>";
		};
		4279A54A1C96780300483480 /* Main.storyboard */ = {
			isa = PBXVariantGroup;
			children = (
				4279A54B1C96780300483480 /* Base */,
			);
			name = Main.storyboard;
			path = ..;
			sourceTree = "<group>";
		};
/* End PBXVariantGroup section */

/* Begin XCBuildConfiguration section */
		4279A53A1C9675EC00483480 /* Debug */ = {
			isa = XCBuildConfiguration;
			buildSettings = {
				ALWAYS_SEARCH_USER_PATHS = NO;
				CLANG_CXX_LANGUAGE_STANDARD = "gnu++0x";
				CLANG_CXX_LIBRARY = "libc++";
				CLANG_ENABLE_MODULES = YES;
				CLANG_ENABLE_OBJC_ARC = YES;
				CLANG_WARN_BOOL_CONVERSION = YES;
				CLANG_WARN_CONSTANT_CONVERSION = YES;
				CLANG_WARN_DIRECT_OBJC_ISA_USAGE = YES_ERROR;
				CLANG_WARN_EMPTY_BODY = YES;
				CLANG_WARN_ENUM_CONVERSION = YES;
				CLANG_WARN_INT_CONVERSION = YES;
				CLANG_WARN_OBJC_ROOT_CLASS = YES_ERROR;
				CLANG_WARN_UNREACHABLE_CODE = YES;
				CLANG_WARN__DUPLICATE_METHOD_MATCH = YES;
				"CODE_SIGN_IDENTITY[sdk=iphoneos*]" = "iPhone Developer";
				COPY_PHASE_STRIP = NO;
				DEBUG_INFORMATION_FORMAT = dwarf;
				ENABLE_STRICT_OBJC_MSGSEND = YES;
				ENABLE_TESTABILITY = YES;
				GCC_C_LANGUAGE_STANDARD = gnu99;
				GCC_DYNAMIC_NO_PIC = NO;
				GCC_NO_COMMON_BLOCKS = YES;
				GCC_OPTIMIZATION_LEVEL = 0;
				GCC_PREPROCESSOR_DEFINITIONS = (
					"DEBUG=1",
					"$(inherited)",
				);
				GCC_WARN_64_TO_32_BIT_CONVERSION = YES;
				GCC_WARN_ABOUT_RETURN_TYPE = YES_ERROR;
				GCC_WARN_UNDECLARED_SELECTOR = YES;
				GCC_WARN_UNINITIALIZED_AUTOS = YES_AGGRESSIVE;
				GCC_WARN_UNUSED_FUNCTION = YES;
				GCC_WARN_UNUSED_VARIABLE = YES;
				IPHONEOS_DEPLOYMENT_TARGET = 9.0;
				MTL_ENABLE_DEBUG_INFO = YES;
				ONLY_ACTIVE_ARCH = YES;
				SDKROOT = iphoneos;
				SWIFT_OPTIMIZATION_LEVEL = "-Onone";
			};
			name = Debug;
		};
		4279A53B1C9675EC00483480 /* Release */ = {
			isa = XCBuildConfiguration;
			buildSettings = {
				ALWAYS_SEARCH_USER_PATHS = NO;
				CLANG_CXX_LANGUAGE_STANDARD = "gnu++0x";
				CLANG_CXX_LIBRARY = "libc++";
				CLANG_ENABLE_MODULES = YES;
				CLANG_ENABLE_OBJC_ARC = YES;
				CLANG_WARN_BOOL_CONVERSION = YES;
				CLANG_WARN_CONSTANT_CONVERSION = YES;
				CLANG_WARN_DIRECT_OBJC_ISA_USAGE = YES_ERROR;
				CLANG_WARN_EMPTY_BODY = YES;
				CLANG_WARN_ENUM_CONVERSION = YES;
				CLANG_WARN_INT_CONVERSION = YES;
				CLANG_WARN_OBJC_ROOT_CLASS = YES_ERROR;
				CLANG_WARN_UNREACHABLE_CODE = YES;
				CLANG_WARN__DUPLICATE_METHOD_MATCH = YES;
				"CODE_SIGN_IDENTITY[sdk=iphoneos*]" = "iPhone Developer";
				COPY_PHASE_STRIP = NO;
				DEBUG_INFORMATION_FORMAT = "dwarf-with-dsym";
				ENABLE_NS_ASSERTIONS = NO;
				ENABLE_STRICT_OBJC_MSGSEND = YES;
				GCC_C_LANGUAGE_STANDARD = gnu99;
				GCC_NO_COMMON_BLOCKS = YES;
				GCC_WARN_64_TO_32_BIT_CONVERSION = YES;
				GCC_WARN_ABOUT_RETURN_TYPE = YES_ERROR;
				GCC_WARN_UNDECLARED_SELECTOR = YES;
				GCC_WARN_UNINITIALIZED_AUTOS = YES_AGGRESSIVE;
				GCC_WARN_UNUSED_FUNCTION = YES;
				GCC_WARN_UNUSED_VARIABLE = YES;
				IPHONEOS_DEPLOYMENT_TARGET = 9.0;
				MTL_ENABLE_DEBUG_INFO = NO;
				SDKROOT = iphoneos;
				VALIDATE_PRODUCT = YES;
			};
			name = Release;
		};
		4279A53D1C9675EC00483480 /* Debug */ = {
			isa = XCBuildConfiguration;
			baseConfigurationReference = 89DC4F58B1DF9C35A1386A3F /* Pods-TheOne.debug.xcconfig */;
			buildSettings = {
				ASSETCATALOG_COMPILER_APPICON_NAME = AppIcon;
				CLANG_ENABLE_MODULES = YES;
				INFOPLIST_FILE = TheOne/Configure/Info.plist;
				LD_RUNPATH_SEARCH_PATHS = "$(inherited) @executable_path/Frameworks";
				PRODUCT_BUNDLE_IDENTIFIER = com.alloc.TheOne;
				PRODUCT_NAME = "$(TARGET_NAME)";
				SWIFT_OPTIMIZATION_LEVEL = "-Onone";
			};
			name = Debug;
		};
		4279A53E1C9675EC00483480 /* Release */ = {
			isa = XCBuildConfiguration;
			baseConfigurationReference = 61099A783A1A9763F5A58A18 /* Pods-TheOne.release.xcconfig */;
			buildSettings = {
				ASSETCATALOG_COMPILER_APPICON_NAME = AppIcon;
				CLANG_ENABLE_MODULES = YES;
				INFOPLIST_FILE = TheOne/Configure/Info.plist;
				LD_RUNPATH_SEARCH_PATHS = "$(inherited) @executable_path/Frameworks";
				PRODUCT_BUNDLE_IDENTIFIER = com.alloc.TheOne;
				PRODUCT_NAME = "$(TARGET_NAME)";
			};
			name = Release;
		};
/* End XCBuildConfiguration section */

/* Begin XCConfigurationList section */
		4279A5251C9675EC00483480 /* Build configuration list for PBXProject "TheOne" */ = {
			isa = XCConfigurationList;
			buildConfigurations = (
				4279A53A1C9675EC00483480 /* Debug */,
				4279A53B1C9675EC00483480 /* Release */,
			);
			defaultConfigurationIsVisible = 0;
			defaultConfigurationName = Release;
		};
		4279A53C1C9675EC00483480 /* Build configuration list for PBXNativeTarget "TheOne" */ = {
			isa = XCConfigurationList;
			buildConfigurations = (
				4279A53D1C9675EC00483480 /* Debug */,
				4279A53E1C9675EC00483480 /* Release */,
			);
			defaultConfigurationIsVisible = 0;
			defaultConfigurationName = Release;
		};
/* End XCConfigurationList section */
	};
	rootObject = 4279A5221C9675EC00483480 /* Project object */;
}
