// !$*UTF8*$!
{
	archiveVersion = 1;
	classes = {
	};
	objectVersion = 46;
	objects = {

/* Begin PBXBuildFile section */
		4247E8CA1CEDF3940047D69A /* ArrayExtensions.swift in Sources */ = {isa = PBXBuildFile; fileRef = 4247E8A11CEDF3940047D69A /* ArrayExtensions.swift */; };
		4247E8CB1CEDF3940047D69A /* BlockButton.swift in Sources */ = {isa = PBXBuildFile; fileRef = 4247E8A21CEDF3940047D69A /* BlockButton.swift */; };
		4247E8CC1CEDF3940047D69A /* BlockLongPress.swift in Sources */ = {isa = PBXBuildFile; fileRef = 4247E8A31CEDF3940047D69A /* BlockLongPress.swift */; };
		4247E8CD1CEDF3940047D69A /* BlockPan.swift in Sources */ = {isa = PBXBuildFile; fileRef = 4247E8A41CEDF3940047D69A /* BlockPan.swift */; };
		4247E8CE1CEDF3940047D69A /* BlockPinch.swift in Sources */ = {isa = PBXBuildFile; fileRef = 4247E8A51CEDF3940047D69A /* BlockPinch.swift */; };
		4247E8CF1CEDF3940047D69A /* BlockSwipe.swift in Sources */ = {isa = PBXBuildFile; fileRef = 4247E8A61CEDF3940047D69A /* BlockSwipe.swift */; };
		4247E8D01CEDF3940047D69A /* BlockTap.swift in Sources */ = {isa = PBXBuildFile; fileRef = 4247E8A71CEDF3940047D69A /* BlockTap.swift */; };
		4247E8D11CEDF3940047D69A /* BlockWebView.swift in Sources */ = {isa = PBXBuildFile; fileRef = 4247E8A81CEDF3940047D69A /* BlockWebView.swift */; };
		4247E8D21CEDF3940047D69A /* BoolExtensions.swift in Sources */ = {isa = PBXBuildFile; fileRef = 4247E8A91CEDF3940047D69A /* BoolExtensions.swift */; };
		4247E8D31CEDF3940047D69A /* CGFloatExtensions.swift in Sources */ = {isa = PBXBuildFile; fileRef = 4247E8AA1CEDF3940047D69A /* CGFloatExtensions.swift */; };
		4247E8D41CEDF3940047D69A /* CGRectExtensions.swift in Sources */ = {isa = PBXBuildFile; fileRef = 4247E8AB1CEDF3940047D69A /* CGRectExtensions.swift */; };
		4247E8D51CEDF3940047D69A /* CharacterExtensions.swift in Sources */ = {isa = PBXBuildFile; fileRef = 4247E8AC1CEDF3940047D69A /* CharacterExtensions.swift */; };
		4247E8D61CEDF3940047D69A /* DictionaryExtensions.swift in Sources */ = {isa = PBXBuildFile; fileRef = 4247E8AD1CEDF3940047D69A /* DictionaryExtensions.swift */; };
		4247E8D71CEDF3940047D69A /* DoubleExtensions.swift in Sources */ = {isa = PBXBuildFile; fileRef = 4247E8AE1CEDF3940047D69A /* DoubleExtensions.swift */; };
		4247E8D81CEDF3940047D69A /* ErrorTypeExtensions.swift in Sources */ = {isa = PBXBuildFile; fileRef = 4247E8AF1CEDF3940047D69A /* ErrorTypeExtensions.swift */; };
		4247E8D91CEDF3940047D69A /* EZSwiftFunctions.swift in Sources */ = {isa = PBXBuildFile; fileRef = 4247E8B01CEDF3940047D69A /* EZSwiftFunctions.swift */; };
		4247E8DA1CEDF3940047D69A /* IntExtensions.swift in Sources */ = {isa = PBXBuildFile; fileRef = 4247E8B11CEDF3940047D69A /* IntExtensions.swift */; };
		4247E8DB1CEDF3940047D69A /* NSAttributedStringExtensions.swift in Sources */ = {isa = PBXBuildFile; fileRef = 4247E8B21CEDF3940047D69A /* NSAttributedStringExtensions.swift */; };
		4247E8DC1CEDF3940047D69A /* NSBundleExtensions.swift in Sources */ = {isa = PBXBuildFile; fileRef = 4247E8B31CEDF3940047D69A /* NSBundleExtensions.swift */; };
		4247E8DD1CEDF3940047D69A /* NSDateExtensions.swift in Sources */ = {isa = PBXBuildFile; fileRef = 4247E8B41CEDF3940047D69A /* NSDateExtensions.swift */; };
		4247E8DE1CEDF3940047D69A /* NSObjectExtensions.swift in Sources */ = {isa = PBXBuildFile; fileRef = 4247E8B51CEDF3940047D69A /* NSObjectExtensions.swift */; };
		4247E8DF1CEDF3940047D69A /* NSTimerExtensions.swift in Sources */ = {isa = PBXBuildFile; fileRef = 4247E8B61CEDF3940047D69A /* NSTimerExtensions.swift */; };
		4247E8E01CEDF3940047D69A /* NSURLExtensions.swift in Sources */ = {isa = PBXBuildFile; fileRef = 4247E8B71CEDF3940047D69A /* NSURLExtensions.swift */; };
		4247E8E11CEDF3940047D69A /* NSUserDefaultsExtension.swift in Sources */ = {isa = PBXBuildFile; fileRef = 4247E8B81CEDF3940047D69A /* NSUserDefaultsExtension.swift */; };
		4247E8E21CEDF3940047D69A /* StringExtensions.swift in Sources */ = {isa = PBXBuildFile; fileRef = 4247E8B91CEDF3940047D69A /* StringExtensions.swift */; };
		4247E8E31CEDF3940047D69A /* UIAlertControllerExtensions.swift in Sources */ = {isa = PBXBuildFile; fileRef = 4247E8BA1CEDF3940047D69A /* UIAlertControllerExtensions.swift */; };
		4247E8E41CEDF3940047D69A /* UIButtonExtensions.swift in Sources */ = {isa = PBXBuildFile; fileRef = 4247E8BB1CEDF3940047D69A /* UIButtonExtensions.swift */; };
		4247E8E51CEDF3940047D69A /* UIColoredView.swift in Sources */ = {isa = PBXBuildFile; fileRef = 4247E8BC1CEDF3940047D69A /* UIColoredView.swift */; };
		4247E8E61CEDF3940047D69A /* UIColorExtensions.swift in Sources */ = {isa = PBXBuildFile; fileRef = 4247E8BD1CEDF3940047D69A /* UIColorExtensions.swift */; };
		4247E8E71CEDF3940047D69A /* UIDeviceExtensions.swift in Sources */ = {isa = PBXBuildFile; fileRef = 4247E8BE1CEDF3940047D69A /* UIDeviceExtensions.swift */; };
		4247E8E81CEDF3940047D69A /* UIFontExtensions.swift in Sources */ = {isa = PBXBuildFile; fileRef = 4247E8BF1CEDF3940047D69A /* UIFontExtensions.swift */; };
		4247E8E91CEDF3940047D69A /* UIImageExtensions.swift in Sources */ = {isa = PBXBuildFile; fileRef = 4247E8C01CEDF3940047D69A /* UIImageExtensions.swift */; };
		4247E8EA1CEDF3940047D69A /* UIImageViewExtensions.swift in Sources */ = {isa = PBXBuildFile; fileRef = 4247E8C11CEDF3940047D69A /* UIImageViewExtensions.swift */; };
		4247E8EB1CEDF3940047D69A /* UILabelExtensions.swift in Sources */ = {isa = PBXBuildFile; fileRef = 4247E8C21CEDF3940047D69A /* UILabelExtensions.swift */; };
		4247E8EC1CEDF3940047D69A /* UISliderExtensions.swift in Sources */ = {isa = PBXBuildFile; fileRef = 4247E8C31CEDF3940047D69A /* UISliderExtensions.swift */; };
		4247E8ED1CEDF3940047D69A /* UISwitchExtensions.swift in Sources */ = {isa = PBXBuildFile; fileRef = 4247E8C41CEDF3940047D69A /* UISwitchExtensions.swift */; };
		4247E8EE1CEDF3940047D69A /* UITextViewExtensions.swift in Sources */ = {isa = PBXBuildFile; fileRef = 4247E8C51CEDF3940047D69A /* UITextViewExtensions.swift */; };
		4247E8EF1CEDF3940047D69A /* UIUserInterfaceSizeClassExtensions.swift in Sources */ = {isa = PBXBuildFile; fileRef = 4247E8C61CEDF3940047D69A /* UIUserInterfaceSizeClassExtensions.swift */; };
		4247E8F01CEDF3940047D69A /* UIViewControllerExtensions.swift in Sources */ = {isa = PBXBuildFile; fileRef = 4247E8C71CEDF3940047D69A /* UIViewControllerExtensions.swift */; };
		4247E8F11CEDF3940047D69A /* UIViewExtensions.swift in Sources */ = {isa = PBXBuildFile; fileRef = 4247E8C81CEDF3940047D69A /* UIViewExtensions.swift */; };
		4247E8F21CEDF3940047D69A /* UIWindowExtensions.swift in Sources */ = {isa = PBXBuildFile; fileRef = 4247E8C91CEDF3940047D69A /* UIWindowExtensions.swift */; };
		424F6F581D127A4D00C8AF50 /* TEMusicBanner.swift in Sources */ = {isa = PBXBuildFile; fileRef = 424F6F571D127A4D00C8AF50 /* TEMusicBanner.swift */; };
		424F6F5A1D127A9100C8AF50 /* TEMusicBanner.xib in Resources */ = {isa = PBXBuildFile; fileRef = 424F6F591D127A9100C8AF50 /* TEMusicBanner.xib */; };
		424F6F5C1D128B9E00C8AF50 /* TEComment.swift in Sources */ = {isa = PBXBuildFile; fileRef = 424F6F5B1D128B9E00C8AF50 /* TEComment.swift */; };
		424F6F811D12A21900C8AF50 /* TEUIProductor.swift in Sources */ = {isa = PBXBuildFile; fileRef = 424F6F801D12A21900C8AF50 /* TEUIProductor.swift */; };
		424F6F841D12CB6000C8AF50 /* TECommentCell.swift in Sources */ = {isa = PBXBuildFile; fileRef = 424F6F821D12CB6000C8AF50 /* TECommentCell.swift */; };
		424F6F851D12CB6000C8AF50 /* TECommentCell.xib in Resources */ = {isa = PBXBuildFile; fileRef = 424F6F831D12CB6000C8AF50 /* TECommentCell.xib */; };
		424F6F881D12D11200C8AF50 /* TEMusicViewModel.swift in Sources */ = {isa = PBXBuildFile; fileRef = 424F6F871D12D11200C8AF50 /* TEMusicViewModel.swift */; };
		424F6F8A1D15082C00C8AF50 /* Fundation+Maru.swift in Sources */ = {isa = PBXBuildFile; fileRef = 424F6F891D15082C00C8AF50 /* Fundation+Maru.swift */; };
		424F6F8D1D16AE4400C8AF50 /* TERelatedMusicCell.swift in Sources */ = {isa = PBXBuildFile; fileRef = 424F6F8B1D16AE4400C8AF50 /* TERelatedMusicCell.swift */; };
		424F6F941D16BC1000C8AF50 /* AAPullToRefresh.m in Sources */ = {isa = PBXBuildFile; fileRef = 424F6F911D16BC1000C8AF50 /* AAPullToRefresh.m */; };
		425447E51C96AE68008B74A9 /* TEHomeController.swift in Sources */ = {isa = PBXBuildFile; fileRef = 425447DE1C96AE68008B74A9 /* TEHomeController.swift */; };
		425447E61C96AE68008B74A9 /* TEMovieController.swift in Sources */ = {isa = PBXBuildFile; fileRef = 425447E01C96AE68008B74A9 /* TEMovieController.swift */; };
		425447E71C96AE68008B74A9 /* TEMusicController.swift in Sources */ = {isa = PBXBuildFile; fileRef = 425447E21C96AE68008B74A9 /* TEMusicController.swift */; };
		425447E81C96AE68008B74A9 /* TETabBarController.swift in Sources */ = {isa = PBXBuildFile; fileRef = 425447E41C96AE68008B74A9 /* TETabBarController.swift */; };
		425447EB1C96AF0C008B74A9 /* TEArticleController.swift in Sources */ = {isa = PBXBuildFile; fileRef = 425447EA1C96AF0C008B74A9 /* TEArticleController.swift */; };
		425447EF1C96B5B2008B74A9 /* TENavigationController.swift in Sources */ = {isa = PBXBuildFile; fileRef = 425447EE1C96B5B2008B74A9 /* TENavigationController.swift */; };
		425D52BA1D05A10100344C4E /* TEArticle.swift in Sources */ = {isa = PBXBuildFile; fileRef = 425D52B91D05A10100344C4E /* TEArticle.swift */; };
		425D52BC1D05A95C00344C4E /* TEArticleViewModel.swift in Sources */ = {isa = PBXBuildFile; fileRef = 425D52BB1D05A95C00344C4E /* TEArticleViewModel.swift */; };
		425D52BF1D0E92EA00344C4E /* TEMusic.swift in Sources */ = {isa = PBXBuildFile; fileRef = 425D52BE1D0E92EA00344C4E /* TEMusic.swift */; };
		426645BE1CE4B874005E21B4 /* TECarousel.swift in Sources */ = {isa = PBXBuildFile; fileRef = 426645BD1CE4B874005E21B4 /* TECarousel.swift */; };
		426645C41CE59E7F005E21B4 /* CirCleView.swift in Sources */ = {isa = PBXBuildFile; fileRef = 426645C31CE59E7F005E21B4 /* CirCleView.swift */; };
		426645CF1CE71256005E21B4 /* MARCarousel.swift in Sources */ = {isa = PBXBuildFile; fileRef = 426645CD1CE71256005E21B4 /* MARCarousel.swift */; };
		426645D01CE71256005E21B4 /* TECardPageView.swift in Sources */ = {isa = PBXBuildFile; fileRef = 426645CE1CE71256005E21B4 /* TECardPageView.swift */; };
		426ADF5E1CEC2EF500DDBD91 /* UIKit+ReactiveCocoa.swift in Sources */ = {isa = PBXBuildFile; fileRef = 426ADF5D1CEC2EF500DDBD91 /* UIKit+ReactiveCocoa.swift */; };
		426ADF611CEC303800DDBD91 /* TEMovieViewModel.swift in Sources */ = {isa = PBXBuildFile; fileRef = 426ADF601CEC303800DDBD91 /* TEMovieViewModel.swift */; };
		4279A5531C96780300483480 /* Assets.xcassets in Resources */ = {isa = PBXBuildFile; fileRef = 4279A5471C96780300483480 /* Assets.xcassets */; };
		4279A5541C96780300483480 /* LaunchScreen.storyboard in Resources */ = {isa = PBXBuildFile; fileRef = 4279A5481C96780300483480 /* LaunchScreen.storyboard */; };
		4279A5551C96780300483480 /* Main.storyboard in Resources */ = {isa = PBXBuildFile; fileRef = 4279A54A1C96780300483480 /* Main.storyboard */; };
		4279A5571C96780300483480 /* Launch.xcassets in Resources */ = {isa = PBXBuildFile; fileRef = 4279A54E1C96780300483480 /* Launch.xcassets */; };
		4279A5611C969D2700483480 /* TEConfigure.swift in Sources */ = {isa = PBXBuildFile; fileRef = 4279A5601C969D2700483480 /* TEConfigure.swift */; };
		4285E9841CA28F4C005EDF4B /* TELoginController.swift in Sources */ = {isa = PBXBuildFile; fileRef = 4285E9831CA28F4C005EDF4B /* TELoginController.swift */; };
		4285E9861CA2C4E1005EDF4B /* TETableModelType.swift in Sources */ = {isa = PBXBuildFile; fileRef = 4285E9851CA2C4E1005EDF4B /* TETableModelType.swift */; };
		42860FBF1D19717900D2EC95 /* TEContentCell.swift in Sources */ = {isa = PBXBuildFile; fileRef = 42860FBE1D19717900D2EC95 /* TEContentCell.swift */; };
		42860FDF1D1BC10A00D2EC95 /* TEHeaderCell.swift in Sources */ = {isa = PBXBuildFile; fileRef = 42860FDE1D1BC10A00D2EC95 /* TEHeaderCell.swift */; };
		42860FE11D1BC48D00D2EC95 /* TECleanCell.swift in Sources */ = {isa = PBXBuildFile; fileRef = 42860FE01D1BC48D00D2EC95 /* TECleanCell.swift */; };
		42860FE41D1BDBCE00D2EC95 /* TEBaseSelectButton.swift in Sources */ = {isa = PBXBuildFile; fileRef = 42860FE31D1BDBCE00D2EC95 /* TEBaseSelectButton.swift */; };
		4296EE851CFD6598009814EF /* TECardViewModel.swift in Sources */ = {isa = PBXBuildFile; fileRef = 4296EE841CFD6598009814EF /* TECardViewModel.swift */; };
		4296EE871CFDA1ED009814EF /* TEPageableView.swift in Sources */ = {isa = PBXBuildFile; fileRef = 4296EE861CFDA1ED009814EF /* TEPageableView.swift */; };
		4296EE8A1CFDAFD2009814EF /* TipperAnimation.swift in Sources */ = {isa = PBXBuildFile; fileRef = 4296EE891CFDAFD2009814EF /* TipperAnimation.swift */; };
		4296EE8D1D000E95009814EF /* HomePageView.swift in Sources */ = {isa = PBXBuildFile; fileRef = 4296EE8C1D000E95009814EF /* HomePageView.swift */; };
		4296EE901D0451C5009814EF /* TESearchController.swift in Sources */ = {isa = PBXBuildFile; fileRef = 4296EE8F1D0451C5009814EF /* TESearchController.swift */; };
		4296EE961D045348009814EF /* TEArticleCell.swift in Sources */ = {isa = PBXBuildFile; fileRef = 4296EE941D045348009814EF /* TEArticleCell.swift */; };
		4296EE991D045839009814EF /* TEArticleTableView.swift in Sources */ = {isa = PBXBuildFile; fileRef = 4296EE981D045839009814EF /* TEArticleTableView.swift */; };
		42CE5F471C96D00300E04AF6 /* AppDelegate.swift in Sources */ = {isa = PBXBuildFile; fileRef = 42CE5F451C96D00300E04AF6 /* AppDelegate.swift */; };
		42CE5F531C97AA0900E04AF6 /* TESettingController.swift in Sources */ = {isa = PBXBuildFile; fileRef = 42CE5F521C97AA0900E04AF6 /* TESettingController.swift */; };
		42CE5F571C97ABBA00E04AF6 /* TENaviPresentable.swift in Sources */ = {isa = PBXBuildFile; fileRef = 42CE5F561C97ABBA00E04AF6 /* TENaviPresentable.swift */; };
		42CE5F591C97C65400E04AF6 /* TEMacro.swift in Sources */ = {isa = PBXBuildFile; fileRef = 42CE5F581C97C65400E04AF6 /* TEMacro.swift */; };
		42CE5F5B1C9818C200E04AF6 /* TEPageable.swift in Sources */ = {isa = PBXBuildFile; fileRef = 42CE5F5A1C9818C200E04AF6 /* TEPageable.swift */; };
		42CE5F5D1C9819C600E04AF6 /* TEPaperModel.swift in Sources */ = {isa = PBXBuildFile; fileRef = 42CE5F5C1C9819C600E04AF6 /* TEPaperModel.swift */; };
		42CE5F651C9823C600E04AF6 /* TEMovieCardModel.swift in Sources */ = {isa = PBXBuildFile; fileRef = 42CE5F641C9823C600E04AF6 /* TEMovieCardModel.swift */; };
		42CE5F671C9823E800E04AF6 /* TEMovieCardCell.swift in Sources */ = {isa = PBXBuildFile; fileRef = 42CE5F661C9823E800E04AF6 /* TEMovieCardCell.swift */; };
		42E9AF761CE4595300BB8687 /* TENetService.swift in Sources */ = {isa = PBXBuildFile; fileRef = 42E9AF751CE4595300BB8687 /* TENetService.swift */; };
		42EDEC281CF48A9700ED682D /* TEItemPresentable.swift in Sources */ = {isa = PBXBuildFile; fileRef = 42EDEC271CF48A9700ED682D /* TEItemPresentable.swift */; };
		42EF86441CF1EB9800060B76 /* TEToastService.swift in Sources */ = {isa = PBXBuildFile; fileRef = 42EF86431CF1EB9800060B76 /* TEToastService.swift */; };
		42FAE4F71CB229D900495273 /* TEMovieDetailController.swift in Sources */ = {isa = PBXBuildFile; fileRef = 42FAE4F61CB229D900495273 /* TEMovieDetailController.swift */; };
		DD5C9AE4AF121A1675E1B8EE /* Pods_TheOne.framework in Frameworks */ = {isa = PBXBuildFile; fileRef = EEEF2339B6BA212A6E17CE33 /* Pods_TheOne.framework */; };
/* End PBXBuildFile section */

/* Begin PBXFileReference section */
		4247E8A11CEDF3940047D69A /* ArrayExtensions.swift */ = {isa = PBXFileReference; fileEncoding = 4; lastKnownFileType = sourcecode.swift; path = ArrayExtensions.swift; sourceTree = "<group>"; };
		4247E8A21CEDF3940047D69A /* BlockButton.swift */ = {isa = PBXFileReference; fileEncoding = 4; lastKnownFileType = sourcecode.swift; path = BlockButton.swift; sourceTree = "<group>"; };
		4247E8A31CEDF3940047D69A /* BlockLongPress.swift */ = {isa = PBXFileReference; fileEncoding = 4; lastKnownFileType = sourcecode.swift; path = BlockLongPress.swift; sourceTree = "<group>"; };
		4247E8A41CEDF3940047D69A /* BlockPan.swift */ = {isa = PBXFileReference; fileEncoding = 4; lastKnownFileType = sourcecode.swift; path = BlockPan.swift; sourceTree = "<group>"; };
		4247E8A51CEDF3940047D69A /* BlockPinch.swift */ = {isa = PBXFileReference; fileEncoding = 4; lastKnownFileType = sourcecode.swift; path = BlockPinch.swift; sourceTree = "<group>"; };
		4247E8A61CEDF3940047D69A /* BlockSwipe.swift */ = {isa = PBXFileReference; fileEncoding = 4; lastKnownFileType = sourcecode.swift; path = BlockSwipe.swift; sourceTree = "<group>"; };
		4247E8A71CEDF3940047D69A /* BlockTap.swift */ = {isa = PBXFileReference; fileEncoding = 4; lastKnownFileType = sourcecode.swift; path = BlockTap.swift; sourceTree = "<group>"; };
		4247E8A81CEDF3940047D69A /* BlockWebView.swift */ = {isa = PBXFileReference; fileEncoding = 4; lastKnownFileType = sourcecode.swift; path = BlockWebView.swift; sourceTree = "<group>"; };
		4247E8A91CEDF3940047D69A /* BoolExtensions.swift */ = {isa = PBXFileReference; fileEncoding = 4; lastKnownFileType = sourcecode.swift; path = BoolExtensions.swift; sourceTree = "<group>"; };
		4247E8AA1CEDF3940047D69A /* CGFloatExtensions.swift */ = {isa = PBXFileReference; fileEncoding = 4; lastKnownFileType = sourcecode.swift; path = CGFloatExtensions.swift; sourceTree = "<group>"; };
		4247E8AB1CEDF3940047D69A /* CGRectExtensions.swift */ = {isa = PBXFileReference; fileEncoding = 4; lastKnownFileType = sourcecode.swift; path = CGRectExtensions.swift; sourceTree = "<group>"; };
		4247E8AC1CEDF3940047D69A /* CharacterExtensions.swift */ = {isa = PBXFileReference; fileEncoding = 4; lastKnownFileType = sourcecode.swift; path = CharacterExtensions.swift; sourceTree = "<group>"; };
		4247E8AD1CEDF3940047D69A /* DictionaryExtensions.swift */ = {isa = PBXFileReference; fileEncoding = 4; lastKnownFileType = sourcecode.swift; path = DictionaryExtensions.swift; sourceTree = "<group>"; };
		4247E8AE1CEDF3940047D69A /* DoubleExtensions.swift */ = {isa = PBXFileReference; fileEncoding = 4; lastKnownFileType = sourcecode.swift; path = DoubleExtensions.swift; sourceTree = "<group>"; };
		4247E8AF1CEDF3940047D69A /* ErrorTypeExtensions.swift */ = {isa = PBXFileReference; fileEncoding = 4; lastKnownFileType = sourcecode.swift; path = ErrorTypeExtensions.swift; sourceTree = "<group>"; };
		4247E8B01CEDF3940047D69A /* EZSwiftFunctions.swift */ = {isa = PBXFileReference; fileEncoding = 4; lastKnownFileType = sourcecode.swift; path = EZSwiftFunctions.swift; sourceTree = "<group>"; };
		4247E8B11CEDF3940047D69A /* IntExtensions.swift */ = {isa = PBXFileReference; fileEncoding = 4; lastKnownFileType = sourcecode.swift; path = IntExtensions.swift; sourceTree = "<group>"; };
		4247E8B21CEDF3940047D69A /* NSAttributedStringExtensions.swift */ = {isa = PBXFileReference; fileEncoding = 4; lastKnownFileType = sourcecode.swift; path = NSAttributedStringExtensions.swift; sourceTree = "<group>"; };
		4247E8B31CEDF3940047D69A /* NSBundleExtensions.swift */ = {isa = PBXFileReference; fileEncoding = 4; lastKnownFileType = sourcecode.swift; path = NSBundleExtensions.swift; sourceTree = "<group>"; };
		4247E8B41CEDF3940047D69A /* NSDateExtensions.swift */ = {isa = PBXFileReference; fileEncoding = 4; lastKnownFileType = sourcecode.swift; path = NSDateExtensions.swift; sourceTree = "<group>"; };
		4247E8B51CEDF3940047D69A /* NSObjectExtensions.swift */ = {isa = PBXFileReference; fileEncoding = 4; lastKnownFileType = sourcecode.swift; path = NSObjectExtensions.swift; sourceTree = "<group>"; };
		4247E8B61CEDF3940047D69A /* NSTimerExtensions.swift */ = {isa = PBXFileReference; fileEncoding = 4; lastKnownFileType = sourcecode.swift; path = NSTimerExtensions.swift; sourceTree = "<group>"; };
		4247E8B71CEDF3940047D69A /* NSURLExtensions.swift */ = {isa = PBXFileReference; fileEncoding = 4; lastKnownFileType = sourcecode.swift; path = NSURLExtensions.swift; sourceTree = "<group>"; };
		4247E8B81CEDF3940047D69A /* NSUserDefaultsExtension.swift */ = {isa = PBXFileReference; fileEncoding = 4; lastKnownFileType = sourcecode.swift; path = NSUserDefaultsExtension.swift; sourceTree = "<group>"; };
		4247E8B91CEDF3940047D69A /* StringExtensions.swift */ = {isa = PBXFileReference; fileEncoding = 4; lastKnownFileType = sourcecode.swift; path = StringExtensions.swift; sourceTree = "<group>"; };
		4247E8BA1CEDF3940047D69A /* UIAlertControllerExtensions.swift */ = {isa = PBXFileReference; fileEncoding = 4; lastKnownFileType = sourcecode.swift; path = UIAlertControllerExtensions.swift; sourceTree = "<group>"; };
		4247E8BB1CEDF3940047D69A /* UIButtonExtensions.swift */ = {isa = PBXFileReference; fileEncoding = 4; lastKnownFileType = sourcecode.swift; path = UIButtonExtensions.swift; sourceTree = "<group>"; };
		4247E8BC1CEDF3940047D69A /* UIColoredView.swift */ = {isa = PBXFileReference; fileEncoding = 4; lastKnownFileType = sourcecode.swift; path = UIColoredView.swift; sourceTree = "<group>"; };
		4247E8BD1CEDF3940047D69A /* UIColorExtensions.swift */ = {isa = PBXFileReference; fileEncoding = 4; lastKnownFileType = sourcecode.swift; path = UIColorExtensions.swift; sourceTree = "<group>"; };
		4247E8BE1CEDF3940047D69A /* UIDeviceExtensions.swift */ = {isa = PBXFileReference; fileEncoding = 4; lastKnownFileType = sourcecode.swift; path = UIDeviceExtensions.swift; sourceTree = "<group>"; };
		4247E8BF1CEDF3940047D69A /* UIFontExtensions.swift */ = {isa = PBXFileReference; fileEncoding = 4; lastKnownFileType = sourcecode.swift; path = UIFontExtensions.swift; sourceTree = "<group>"; };
		4247E8C01CEDF3940047D69A /* UIImageExtensions.swift */ = {isa = PBXFileReference; fileEncoding = 4; lastKnownFileType = sourcecode.swift; path = UIImageExtensions.swift; sourceTree = "<group>"; };
		4247E8C11CEDF3940047D69A /* UIImageViewExtensions.swift */ = {isa = PBXFileReference; fileEncoding = 4; lastKnownFileType = sourcecode.swift; path = UIImageViewExtensions.swift; sourceTree = "<group>"; };
		4247E8C21CEDF3940047D69A /* UILabelExtensions.swift */ = {isa = PBXFileReference; fileEncoding = 4; lastKnownFileType = sourcecode.swift; path = UILabelExtensions.swift; sourceTree = "<group>"; };
		4247E8C31CEDF3940047D69A /* UISliderExtensions.swift */ = {isa = PBXFileReference; fileEncoding = 4; lastKnownFileType = sourcecode.swift; path = UISliderExtensions.swift; sourceTree = "<group>"; };
		4247E8C41CEDF3940047D69A /* UISwitchExtensions.swift */ = {isa = PBXFileReference; fileEncoding = 4; lastKnownFileType = sourcecode.swift; path = UISwitchExtensions.swift; sourceTree = "<group>"; };
		4247E8C51CEDF3940047D69A /* UITextViewExtensions.swift */ = {isa = PBXFileReference; fileEncoding = 4; lastKnownFileType = sourcecode.swift; path = UITextViewExtensions.swift; sourceTree = "<group>"; };
		4247E8C61CEDF3940047D69A /* UIUserInterfaceSizeClassExtensions.swift */ = {isa = PBXFileReference; fileEncoding = 4; lastKnownFileType = sourcecode.swift; path = UIUserInterfaceSizeClassExtensions.swift; sourceTree = "<group>"; };
		4247E8C71CEDF3940047D69A /* UIViewControllerExtensions.swift */ = {isa = PBXFileReference; fileEncoding = 4; lastKnownFileType = sourcecode.swift; path = UIViewControllerExtensions.swift; sourceTree = "<group>"; };
		4247E8C81CEDF3940047D69A /* UIViewExtensions.swift */ = {isa = PBXFileReference; fileEncoding = 4; lastKnownFileType = sourcecode.swift; path = UIViewExtensions.swift; sourceTree = "<group>"; };
		4247E8C91CEDF3940047D69A /* UIWindowExtensions.swift */ = {isa = PBXFileReference; fileEncoding = 4; lastKnownFileType = sourcecode.swift; path = UIWindowExtensions.swift; sourceTree = "<group>"; };
		424F6F571D127A4D00C8AF50 /* TEMusicBanner.swift */ = {isa = PBXFileReference; fileEncoding = 4; lastKnownFileType = sourcecode.swift; path = TEMusicBanner.swift; sourceTree = "<group>"; };
		424F6F591D127A9100C8AF50 /* TEMusicBanner.xib */ = {isa = PBXFileReference; fileEncoding = 4; lastKnownFileType = file.xib; path = TEMusicBanner.xib; sourceTree = "<group>"; };
		424F6F5B1D128B9E00C8AF50 /* TEComment.swift */ = {isa = PBXFileReference; fileEncoding = 4; lastKnownFileType = sourcecode.swift; path = TEComment.swift; sourceTree = "<group>"; };
		424F6F801D12A21900C8AF50 /* TEUIProductor.swift */ = {isa = PBXFileReference; fileEncoding = 4; lastKnownFileType = sourcecode.swift; path = TEUIProductor.swift; sourceTree = "<group>"; };
		424F6F821D12CB6000C8AF50 /* TECommentCell.swift */ = {isa = PBXFileReference; fileEncoding = 4; lastKnownFileType = sourcecode.swift; path = TECommentCell.swift; sourceTree = "<group>"; };
		424F6F831D12CB6000C8AF50 /* TECommentCell.xib */ = {isa = PBXFileReference; fileEncoding = 4; lastKnownFileType = file.xib; path = TECommentCell.xib; sourceTree = "<group>"; };
		424F6F871D12D11200C8AF50 /* TEMusicViewModel.swift */ = {isa = PBXFileReference; fileEncoding = 4; lastKnownFileType = sourcecode.swift; path = TEMusicViewModel.swift; sourceTree = "<group>"; };
		424F6F891D15082C00C8AF50 /* Fundation+Maru.swift */ = {isa = PBXFileReference; fileEncoding = 4; lastKnownFileType = sourcecode.swift; path = "Fundation+Maru.swift"; sourceTree = "<group>"; };
		424F6F8B1D16AE4400C8AF50 /* TERelatedMusicCell.swift */ = {isa = PBXFileReference; fileEncoding = 4; lastKnownFileType = sourcecode.swift; path = TERelatedMusicCell.swift; sourceTree = "<group>"; };
		424F6F901D16BC1000C8AF50 /* AAPullToRefresh.h */ = {isa = PBXFileReference; fileEncoding = 4; lastKnownFileType = sourcecode.c.h; path = AAPullToRefresh.h; sourceTree = "<group>"; };
		424F6F911D16BC1000C8AF50 /* AAPullToRefresh.m */ = {isa = PBXFileReference; fileEncoding = 4; lastKnownFileType = sourcecode.c.objc; path = AAPullToRefresh.m; sourceTree = "<group>"; };
		425447DE1C96AE68008B74A9 /* TEHomeController.swift */ = {isa = PBXFileReference; fileEncoding = 4; lastKnownFileType = sourcecode.swift; path = TEHomeController.swift; sourceTree = "<group>"; };
		425447E01C96AE68008B74A9 /* TEMovieController.swift */ = {isa = PBXFileReference; fileEncoding = 4; lastKnownFileType = sourcecode.swift; path = TEMovieController.swift; sourceTree = "<group>"; };
		425447E21C96AE68008B74A9 /* TEMusicController.swift */ = {isa = PBXFileReference; fileEncoding = 4; lastKnownFileType = sourcecode.swift; path = TEMusicController.swift; sourceTree = "<group>"; };
		425447E41C96AE68008B74A9 /* TETabBarController.swift */ = {isa = PBXFileReference; fileEncoding = 4; lastKnownFileType = sourcecode.swift; path = TETabBarController.swift; sourceTree = "<group>"; };
		425447EA1C96AF0C008B74A9 /* TEArticleController.swift */ = {isa = PBXFileReference; fileEncoding = 4; lastKnownFileType = sourcecode.swift; path = TEArticleController.swift; sourceTree = "<group>"; };
		425447EE1C96B5B2008B74A9 /* TENavigationController.swift */ = {isa = PBXFileReference; fileEncoding = 4; lastKnownFileType = sourcecode.swift; path = TENavigationController.swift; sourceTree = "<group>"; };
		425D52B91D05A10100344C4E /* TEArticle.swift */ = {isa = PBXFileReference; fileEncoding = 4; lastKnownFileType = sourcecode.swift; path = TEArticle.swift; sourceTree = "<group>"; };
		425D52BB1D05A95C00344C4E /* TEArticleViewModel.swift */ = {isa = PBXFileReference; fileEncoding = 4; lastKnownFileType = sourcecode.swift; path = TEArticleViewModel.swift; sourceTree = "<group>"; };
		425D52BE1D0E92EA00344C4E /* TEMusic.swift */ = {isa = PBXFileReference; fileEncoding = 4; lastKnownFileType = sourcecode.swift; path = TEMusic.swift; sourceTree = "<group>"; };
		426645BD1CE4B874005E21B4 /* TECarousel.swift */ = {isa = PBXFileReference; fileEncoding = 4; lastKnownFileType = sourcecode.swift; path = TECarousel.swift; sourceTree = "<group>"; };
		426645C31CE59E7F005E21B4 /* CirCleView.swift */ = {isa = PBXFileReference; fileEncoding = 4; lastKnownFileType = sourcecode.swift; path = CirCleView.swift; sourceTree = "<group>"; };
		426645CD1CE71256005E21B4 /* MARCarousel.swift */ = {isa = PBXFileReference; fileEncoding = 4; lastKnownFileType = sourcecode.swift; path = MARCarousel.swift; sourceTree = "<group>"; };
		426645CE1CE71256005E21B4 /* TECardPageView.swift */ = {isa = PBXFileReference; fileEncoding = 4; lastKnownFileType = sourcecode.swift; path = TECardPageView.swift; sourceTree = "<group>"; };
		426ADF5D1CEC2EF500DDBD91 /* UIKit+ReactiveCocoa.swift */ = {isa = PBXFileReference; fileEncoding = 4; lastKnownFileType = sourcecode.swift; path = "UIKit+ReactiveCocoa.swift"; sourceTree = "<group>"; };
		426ADF601CEC303800DDBD91 /* TEMovieViewModel.swift */ = {isa = PBXFileReference; fileEncoding = 4; lastKnownFileType = sourcecode.swift; path = TEMovieViewModel.swift; sourceTree = "<group>"; };
		4279A52A1C9675EC00483480 /* TheOne.app */ = {isa = PBXFileReference; explicitFileType = wrapper.application; includeInIndex = 0; path = TheOne.app; sourceTree = BUILT_PRODUCTS_DIR; };
		4279A5471C96780300483480 /* Assets.xcassets */ = {isa = PBXFileReference; lastKnownFileType = folder.assetcatalog; name = Assets.xcassets; path = ../Assets.xcassets; sourceTree = "<group>"; };
		4279A5491C96780300483480 /* Base */ = {isa = PBXFileReference; lastKnownFileType = file.storyboard; name = Base; path = Base.lproj/LaunchScreen.storyboard; sourceTree = "<group>"; };
		4279A54B1C96780300483480 /* Base */ = {isa = PBXFileReference; lastKnownFileType = file.storyboard; name = Base; path = Base.lproj/Main.storyboard; sourceTree = "<group>"; };
		4279A54E1C96780300483480 /* Launch.xcassets */ = {isa = PBXFileReference; lastKnownFileType = folder.assetcatalog; name = Launch.xcassets; path = ../Launch.xcassets; sourceTree = "<group>"; };
		4279A5601C969D2700483480 /* TEConfigure.swift */ = {isa = PBXFileReference; fileEncoding = 4; lastKnownFileType = sourcecode.swift; path = TEConfigure.swift; sourceTree = "<group>"; };
		4285E9831CA28F4C005EDF4B /* TELoginController.swift */ = {isa = PBXFileReference; fileEncoding = 4; lastKnownFileType = sourcecode.swift; path = TELoginController.swift; sourceTree = "<group>"; };
		4285E9851CA2C4E1005EDF4B /* TETableModelType.swift */ = {isa = PBXFileReference; fileEncoding = 4; lastKnownFileType = sourcecode.swift; path = TETableModelType.swift; sourceTree = "<group>"; };
		42860FBE1D19717900D2EC95 /* TEContentCell.swift */ = {isa = PBXFileReference; fileEncoding = 4; lastKnownFileType = sourcecode.swift; path = TEContentCell.swift; sourceTree = "<group>"; };
		42860FDE1D1BC10A00D2EC95 /* TEHeaderCell.swift */ = {isa = PBXFileReference; fileEncoding = 4; lastKnownFileType = sourcecode.swift; path = TEHeaderCell.swift; sourceTree = "<group>"; };
		42860FE01D1BC48D00D2EC95 /* TECleanCell.swift */ = {isa = PBXFileReference; fileEncoding = 4; lastKnownFileType = sourcecode.swift; name = TECleanCell.swift; path = ../Component/TECleanCell.swift; sourceTree = "<group>"; };
		42860FE31D1BDBCE00D2EC95 /* TEBaseSelectButton.swift */ = {isa = PBXFileReference; fileEncoding = 4; lastKnownFileType = sourcecode.swift; path = TEBaseSelectButton.swift; sourceTree = "<group>"; };
		4296EE841CFD6598009814EF /* TECardViewModel.swift */ = {isa = PBXFileReference; fileEncoding = 4; lastKnownFileType = sourcecode.swift; path = TECardViewModel.swift; sourceTree = "<group>"; };
		4296EE861CFDA1ED009814EF /* TEPageableView.swift */ = {isa = PBXFileReference; fileEncoding = 4; lastKnownFileType = sourcecode.swift; path = TEPageableView.swift; sourceTree = "<group>"; };
		4296EE891CFDAFD2009814EF /* TipperAnimation.swift */ = {isa = PBXFileReference; fileEncoding = 4; lastKnownFileType = sourcecode.swift; path = TipperAnimation.swift; sourceTree = "<group>"; };
		4296EE8C1D000E95009814EF /* HomePageView.swift */ = {isa = PBXFileReference; fileEncoding = 4; lastKnownFileType = sourcecode.swift; path = HomePageView.swift; sourceTree = "<group>"; };
		4296EE8F1D0451C5009814EF /* TESearchController.swift */ = {isa = PBXFileReference; fileEncoding = 4; lastKnownFileType = sourcecode.swift; path = TESearchController.swift; sourceTree = "<group>"; };
		4296EE941D045348009814EF /* TEArticleCell.swift */ = {isa = PBXFileReference; fileEncoding = 4; lastKnownFileType = sourcecode.swift; path = TEArticleCell.swift; sourceTree = "<group>"; };
		4296EE981D045839009814EF /* TEArticleTableView.swift */ = {isa = PBXFileReference; fileEncoding = 4; lastKnownFileType = sourcecode.swift; path = TEArticleTableView.swift; sourceTree = "<group>"; };
		42CE5F451C96D00300E04AF6 /* AppDelegate.swift */ = {isa = PBXFileReference; fileEncoding = 4; lastKnownFileType = sourcecode.swift; path = AppDelegate.swift; sourceTree = "<group>"; };
		42CE5F521C97AA0900E04AF6 /* TESettingController.swift */ = {isa = PBXFileReference; fileEncoding = 4; lastKnownFileType = sourcecode.swift; path = TESettingController.swift; sourceTree = "<group>"; };
		42CE5F561C97ABBA00E04AF6 /* TENaviPresentable.swift */ = {isa = PBXFileReference; fileEncoding = 4; lastKnownFileType = sourcecode.swift; path = TENaviPresentable.swift; sourceTree = "<group>"; };
		42CE5F581C97C65400E04AF6 /* TEMacro.swift */ = {isa = PBXFileReference; fileEncoding = 4; lastKnownFileType = sourcecode.swift; path = TEMacro.swift; sourceTree = "<group>"; };
		42CE5F5A1C9818C200E04AF6 /* TEPageable.swift */ = {isa = PBXFileReference; fileEncoding = 4; lastKnownFileType = sourcecode.swift; path = TEPageable.swift; sourceTree = "<group>"; };
		42CE5F5C1C9819C600E04AF6 /* TEPaperModel.swift */ = {isa = PBXFileReference; fileEncoding = 4; lastKnownFileType = sourcecode.swift; name = TEPaperModel.swift; path = ../TEPaperModel.swift; sourceTree = "<group>"; };
		42CE5F641C9823C600E04AF6 /* TEMovieCardModel.swift */ = {isa = PBXFileReference; fileEncoding = 4; lastKnownFileType = sourcecode.swift; path = TEMovieCardModel.swift; sourceTree = "<group>"; };
		42CE5F661C9823E800E04AF6 /* TEMovieCardCell.swift */ = {isa = PBXFileReference; fileEncoding = 4; lastKnownFileType = sourcecode.swift; path = TEMovieCardCell.swift; sourceTree = "<group>"; };
		42CE5F681C9824B200E04AF6 /* PingFang Bold.ttf */ = {isa = PBXFileReference; lastKnownFileType = file; path = "PingFang Bold.ttf"; sourceTree = "<group>"; };
		42CE5F691C9824B200E04AF6 /* PingFang Light.ttf */ = {isa = PBXFileReference; lastKnownFileType = file; path = "PingFang Light.ttf"; sourceTree = "<group>"; };
		42CE5F6A1C9824B200E04AF6 /* PingFang Medium.ttf */ = {isa = PBXFileReference; lastKnownFileType = file; path = "PingFang Medium.ttf"; sourceTree = "<group>"; };
		42CE5F6B1C9824B200E04AF6 /* PingFang Regular.ttf */ = {isa = PBXFileReference; lastKnownFileType = file; path = "PingFang Regular.ttf"; sourceTree = "<group>"; };
		42CE5F6C1C9824CE00E04AF6 /* Bradley Hand Bold.ttf */ = {isa = PBXFileReference; lastKnownFileType = file; path = "Bradley Hand Bold.ttf"; sourceTree = "<group>"; };
		42CE5F731C9831EF00E04AF6 /* Info.plist */ = {isa = PBXFileReference; fileEncoding = 4; lastKnownFileType = text.plist.xml; path = Info.plist; sourceTree = "<group>"; };
		42DF37D01CEB132A00F53530 /* Bridge_header.h */ = {isa = PBXFileReference; lastKnownFileType = sourcecode.c.h; path = Bridge_header.h; sourceTree = "<group>"; };
		42E9AF751CE4595300BB8687 /* TENetService.swift */ = {isa = PBXFileReference; fileEncoding = 4; lastKnownFileType = sourcecode.swift; path = TENetService.swift; sourceTree = "<group>"; };
		42EDEC271CF48A9700ED682D /* TEItemPresentable.swift */ = {isa = PBXFileReference; fileEncoding = 4; lastKnownFileType = sourcecode.swift; path = TEItemPresentable.swift; sourceTree = "<group>"; };
		42EF86431CF1EB9800060B76 /* TEToastService.swift */ = {isa = PBXFileReference; fileEncoding = 4; lastKnownFileType = sourcecode.swift; path = TEToastService.swift; sourceTree = "<group>"; };
		42FAE4F61CB229D900495273 /* TEMovieDetailController.swift */ = {isa = PBXFileReference; fileEncoding = 4; lastKnownFileType = sourcecode.swift; path = TEMovieDetailController.swift; sourceTree = "<group>"; };
		58C453D8642A474F7D457052 /* Pods.framework */ = {isa = PBXFileReference; explicitFileType = wrapper.framework; includeInIndex = 0; path = Pods.framework; sourceTree = BUILT_PRODUCTS_DIR; };
		61099A783A1A9763F5A58A18 /* Pods-TheOne.release.xcconfig */ = {isa = PBXFileReference; includeInIndex = 1; lastKnownFileType = text.xcconfig; name = "Pods-TheOne.release.xcconfig"; path = "Pods/Target Support Files/Pods-TheOne/Pods-TheOne.release.xcconfig"; sourceTree = "<group>"; };
		89DC4F58B1DF9C35A1386A3F /* Pods-TheOne.debug.xcconfig */ = {isa = PBXFileReference; includeInIndex = 1; lastKnownFileType = text.xcconfig; name = "Pods-TheOne.debug.xcconfig"; path = "Pods/Target Support Files/Pods-TheOne/Pods-TheOne.debug.xcconfig"; sourceTree = "<group>"; };
		EEEF2339B6BA212A6E17CE33 /* Pods_TheOne.framework */ = {isa = PBXFileReference; explicitFileType = wrapper.framework; includeInIndex = 0; path = Pods_TheOne.framework; sourceTree = BUILT_PRODUCTS_DIR; };
/* End PBXFileReference section */

/* Begin PBXFrameworksBuildPhase section */
		4279A5271C9675EC00483480 /* Frameworks */ = {
			isa = PBXFrameworksBuildPhase;
			buildActionMask = 2147483647;
			files = (
				DD5C9AE4AF121A1675E1B8EE /* Pods_TheOne.framework in Frameworks */,
			);
			runOnlyForDeploymentPostprocessing = 0;
		};
/* End PBXFrameworksBuildPhase section */

/* Begin PBXGroup section */
		4247E8A01CEDF37E0047D69A /* EZSwiftExtensions */ = {
			isa = PBXGroup;
			children = (
				4247E8A11CEDF3940047D69A /* ArrayExtensions.swift */,
				4247E8A21CEDF3940047D69A /* BlockButton.swift */,
				4247E8A31CEDF3940047D69A /* BlockLongPress.swift */,
				4247E8A41CEDF3940047D69A /* BlockPan.swift */,
				4247E8A51CEDF3940047D69A /* BlockPinch.swift */,
				4247E8A61CEDF3940047D69A /* BlockSwipe.swift */,
				4247E8A71CEDF3940047D69A /* BlockTap.swift */,
				4247E8A81CEDF3940047D69A /* BlockWebView.swift */,
				4247E8A91CEDF3940047D69A /* BoolExtensions.swift */,
				4247E8AA1CEDF3940047D69A /* CGFloatExtensions.swift */,
				4247E8AB1CEDF3940047D69A /* CGRectExtensions.swift */,
				4247E8AC1CEDF3940047D69A /* CharacterExtensions.swift */,
				4247E8AD1CEDF3940047D69A /* DictionaryExtensions.swift */,
				4247E8AE1CEDF3940047D69A /* DoubleExtensions.swift */,
				4247E8AF1CEDF3940047D69A /* ErrorTypeExtensions.swift */,
				4247E8B01CEDF3940047D69A /* EZSwiftFunctions.swift */,
				4247E8B11CEDF3940047D69A /* IntExtensions.swift */,
				4247E8B21CEDF3940047D69A /* NSAttributedStringExtensions.swift */,
				4247E8B31CEDF3940047D69A /* NSBundleExtensions.swift */,
				4247E8B41CEDF3940047D69A /* NSDateExtensions.swift */,
				4247E8B51CEDF3940047D69A /* NSObjectExtensions.swift */,
				4247E8B61CEDF3940047D69A /* NSTimerExtensions.swift */,
				4247E8B71CEDF3940047D69A /* NSURLExtensions.swift */,
				4247E8B81CEDF3940047D69A /* NSUserDefaultsExtension.swift */,
				4247E8B91CEDF3940047D69A /* StringExtensions.swift */,
				4247E8BA1CEDF3940047D69A /* UIAlertControllerExtensions.swift */,
				4247E8BB1CEDF3940047D69A /* UIButtonExtensions.swift */,
				4247E8BC1CEDF3940047D69A /* UIColoredView.swift */,
				4247E8BD1CEDF3940047D69A /* UIColorExtensions.swift */,
				4247E8BE1CEDF3940047D69A /* UIDeviceExtensions.swift */,
				4247E8BF1CEDF3940047D69A /* UIFontExtensions.swift */,
				4247E8C01CEDF3940047D69A /* UIImageExtensions.swift */,
				4247E8C11CEDF3940047D69A /* UIImageViewExtensions.swift */,
				4247E8C21CEDF3940047D69A /* UILabelExtensions.swift */,
				4247E8C31CEDF3940047D69A /* UISliderExtensions.swift */,
				4247E8C41CEDF3940047D69A /* UISwitchExtensions.swift */,
				4247E8C51CEDF3940047D69A /* UITextViewExtensions.swift */,
				4247E8C61CEDF3940047D69A /* UIUserInterfaceSizeClassExtensions.swift */,
				4247E8C71CEDF3940047D69A /* UIViewControllerExtensions.swift */,
				4247E8C81CEDF3940047D69A /* UIViewExtensions.swift */,
				4247E8C91CEDF3940047D69A /* UIWindowExtensions.swift */,
			);
			path = EZSwiftExtensions;
			sourceTree = "<group>";
		};
		424F6F561D127A3900C8AF50 /* Music */ = {
			isa = PBXGroup;
			children = (
				424F6F571D127A4D00C8AF50 /* TEMusicBanner.swift */,
				424F6F591D127A9100C8AF50 /* TEMusicBanner.xib */,
				424F6F821D12CB6000C8AF50 /* TECommentCell.swift */,
				424F6F831D12CB6000C8AF50 /* TECommentCell.xib */,
				42860FDE1D1BC10A00D2EC95 /* TEHeaderCell.swift */,
				42860FBE1D19717900D2EC95 /* TEContentCell.swift */,
				424F6F8B1D16AE4400C8AF50 /* TERelatedMusicCell.swift */,
			);
			path = Music;
			sourceTree = "<group>";
		};
		424F6F861D12D0F500C8AF50 /* Music */ = {
			isa = PBXGroup;
			children = (
				424F6F871D12D11200C8AF50 /* TEMusicViewModel.swift */,
			);
			path = Music;
			sourceTree = "<group>";
		};
		424F6F8F1D16BC1000C8AF50 /* AAPullToRefresh */ = {
			isa = PBXGroup;
			children = (
				424F6F901D16BC1000C8AF50 /* AAPullToRefresh.h */,
				424F6F911D16BC1000C8AF50 /* AAPullToRefresh.m */,
			);
			path = AAPullToRefresh;
			sourceTree = "<group>";
		};
		425447DC1C96AE68008B74A9 /* Controller */ = {
			isa = PBXGroup;
			children = (
				42CE5F511C97A9D100E04AF6 /* Login */,
				425447E31C96AE68008B74A9 /* Tabbar */,
				425447ED1C96B573008B74A9 /* Navgation */,
				425447DD1C96AE68008B74A9 /* Home */,
				425447E91C96AEDD008B74A9 /* Article */,
				425447E11C96AE68008B74A9 /* Music */,
				425447DF1C96AE68008B74A9 /* Movie */,
				4296EE8E1D045191009814EF /* Search */,
			);
			path = Controller;
			sourceTree = "<group>";
		};
		425447DD1C96AE68008B74A9 /* Home */ = {
			isa = PBXGroup;
			children = (
				425447DE1C96AE68008B74A9 /* TEHomeController.swift */,
			);
			path = Home;
			sourceTree = "<group>";
		};
		425447DF1C96AE68008B74A9 /* Movie */ = {
			isa = PBXGroup;
			children = (
				425447E01C96AE68008B74A9 /* TEMovieController.swift */,
				42FAE4F61CB229D900495273 /* TEMovieDetailController.swift */,
			);
			path = Movie;
			sourceTree = "<group>";
		};
		425447E11C96AE68008B74A9 /* Music */ = {
			isa = PBXGroup;
			children = (
				425447E21C96AE68008B74A9 /* TEMusicController.swift */,
			);
			path = Music;
			sourceTree = "<group>";
		};
		425447E31C96AE68008B74A9 /* Tabbar */ = {
			isa = PBXGroup;
			children = (
				425447E41C96AE68008B74A9 /* TETabBarController.swift */,
			);
			path = Tabbar;
			sourceTree = "<group>";
		};
		425447E91C96AEDD008B74A9 /* Article */ = {
			isa = PBXGroup;
			children = (
				425447EA1C96AF0C008B74A9 /* TEArticleController.swift */,
			);
			path = Article;
			sourceTree = "<group>";
		};
		425447ED1C96B573008B74A9 /* Navgation */ = {
			isa = PBXGroup;
			children = (
				425447EE1C96B5B2008B74A9 /* TENavigationController.swift */,
			);
			name = Navgation;
			path = Navigation;
			sourceTree = "<group>";
		};
		425D52BD1D0E92D700344C4E /* Music */ = {
			isa = PBXGroup;
			children = (
				425D52BE1D0E92EA00344C4E /* TEMusic.swift */,
				424F6F5B1D128B9E00C8AF50 /* TEComment.swift */,
			);
			name = Music;
			sourceTree = "<group>";
		};
		426645BC1CE4B874005E21B4 /* Article */ = {
			isa = PBXGroup;
			children = (
				426645BD1CE4B874005E21B4 /* TECarousel.swift */,
				425D52B91D05A10100344C4E /* TEArticle.swift */,
			);
			path = Article;
			sourceTree = "<group>";
		};
		426645C21CE59E7F005E21B4 /* CirCleView */ = {
			isa = PBXGroup;
			children = (
				426645C31CE59E7F005E21B4 /* CirCleView.swift */,
			);
			path = CirCleView;
			sourceTree = "<group>";
		};
		426ADF5F1CEC301600DDBD91 /* Movie */ = {
			isa = PBXGroup;
			children = (
				426ADF601CEC303800DDBD91 /* TEMovieViewModel.swift */,
			);
			path = Movie;
			sourceTree = "<group>";
		};
		426B93321CE4624700BB5B96 /* Home */ = {
			isa = PBXGroup;
			children = (
				42CE5F5C1C9819C600E04AF6 /* TEPaperModel.swift */,
			);
			path = Home;
			sourceTree = "<group>";
		};
		426B93331CE4826700BB5B96 /* Component */ = {
			isa = PBXGroup;
			children = (
				424F6F801D12A21900C8AF50 /* TEUIProductor.swift */,
				426645CD1CE71256005E21B4 /* MARCarousel.swift */,
				426645CE1CE71256005E21B4 /* TECardPageView.swift */,
				4296EE861CFDA1ED009814EF /* TEPageableView.swift */,
			);
			path = Component;
			sourceTree = "<group>";
		};
		426B93341CE48F1300BB5B96 /* Article */ = {
			isa = PBXGroup;
			children = (
				425D52BB1D05A95C00344C4E /* TEArticleViewModel.swift */,
			);
			path = Article;
			sourceTree = "<group>";
		};
		4279A5211C9675EC00483480 = {
			isa = PBXGroup;
			children = (
				4279A5451C96780300483480 /* TheOne */,
				4279A52B1C9675EC00483480 /* Products */,
				A6EF4A678E4A1B6EB3AB0FBB /* Frameworks */,
				5877175B53F0A027EF1E8E5C /* Pods */,
			);
			sourceTree = "<group>";
		};
		4279A52B1C9675EC00483480 /* Products */ = {
			isa = PBXGroup;
			children = (
				4279A52A1C9675EC00483480 /* TheOne.app */,
			);
			name = Products;
			sourceTree = "<group>";
		};
		4279A5451C96780300483480 /* TheOne */ = {
			isa = PBXGroup;
			children = (
				4279A55B1C96785C00483480 /* Interface */,
				42CE5F4C1C96D60500E04AF6 /* Extension */,
				4279A5591C96782400483480 /* Configure */,
				425447DC1C96AE68008B74A9 /* Controller */,
				4279A54F1C96780300483480 /* View */,
				4279A5511C96780300483480 /* ViewModel */,
				42CE5F441C96CFCB00E04AF6 /* Model */,
				42E9AF741CE4584200BB8687 /* Service */,
				4279A55F1C969C1300483480 /* Protocol */,
				4279A55C1C96788300483480 /* Vendor */,
				4279A55A1C96783A00483480 /* Resource */,
			);
			path = TheOne;
			sourceTree = "<group>";
		};
		4279A54F1C96780300483480 /* View */ = {
			isa = PBXGroup;
			children = (
				42860FE21D1BDBAC00D2EC95 /* Base */,
				4296EE881CFDAF84009814EF /* Animator */,
				424F6F561D127A3900C8AF50 /* Music */,
				42CE5F5E1C981B8C00E04AF6 /* Home */,
				4296EE911D0452DC009814EF /* Article */,
				426B93331CE4826700BB5B96 /* Component */,
				42CE5F611C981D2C00E04AF6 /* Movie */,
			);
			path = View;
			sourceTree = "<group>";
		};
		4279A5511C96780300483480 /* ViewModel */ = {
			isa = PBXGroup;
			children = (
				424F6F861D12D0F500C8AF50 /* Music */,
				426ADF5F1CEC301600DDBD91 /* Movie */,
				426B93341CE48F1300BB5B96 /* Article */,
				42E9AF771CE4604B00BB8687 /* Home */,
			);
			path = ViewModel;
			sourceTree = "<group>";
		};
		4279A5591C96782400483480 /* Configure */ = {
			isa = PBXGroup;
			children = (
				42CE5F451C96D00300E04AF6 /* AppDelegate.swift */,
				4279A5601C969D2700483480 /* TEConfigure.swift */,
				42CE5F581C97C65400E04AF6 /* TEMacro.swift */,
				42DF37D01CEB132A00F53530 /* Bridge_header.h */,
				42CE5F731C9831EF00E04AF6 /* Info.plist */,
			);
			path = Configure;
			sourceTree = "<group>";
		};
		4279A55A1C96783A00483480 /* Resource */ = {
			isa = PBXGroup;
			children = (
				42CE5F6C1C9824CE00E04AF6 /* Bradley Hand Bold.ttf */,
				42CE5F681C9824B200E04AF6 /* PingFang Bold.ttf */,
				42CE5F691C9824B200E04AF6 /* PingFang Light.ttf */,
				42CE5F6A1C9824B200E04AF6 /* PingFang Medium.ttf */,
				42CE5F6B1C9824B200E04AF6 /* PingFang Regular.ttf */,
				4279A5471C96780300483480 /* Assets.xcassets */,
				4279A54E1C96780300483480 /* Launch.xcassets */,
			);
			path = Resource;
			sourceTree = "<group>";
		};
		4279A55B1C96785C00483480 /* Interface */ = {
			isa = PBXGroup;
			children = (
				4279A5481C96780300483480 /* LaunchScreen.storyboard */,
				4279A54A1C96780300483480 /* Main.storyboard */,
			);
			path = Interface;
			sourceTree = "<group>";
		};
		4279A55C1C96788300483480 /* Vendor */ = {
			isa = PBXGroup;
			children = (
				424F6F8F1D16BC1000C8AF50 /* AAPullToRefresh */,
				426645C21CE59E7F005E21B4 /* CirCleView */,
			);
			path = Vendor;
			sourceTree = "<group>";
		};
		4279A55F1C969C1300483480 /* Protocol */ = {
			isa = PBXGroup;
			children = (
				42CE5F5A1C9818C200E04AF6 /* TEPageable.swift */,
				4285E9851CA2C4E1005EDF4B /* TETableModelType.swift */,
				42CE5F561C97ABBA00E04AF6 /* TENaviPresentable.swift */,
				42EDEC271CF48A9700ED682D /* TEItemPresentable.swift */,
			);
			path = Protocol;
			sourceTree = "<group>";
		};
		42860FE21D1BDBAC00D2EC95 /* Base */ = {
			isa = PBXGroup;
			children = (
				42860FE01D1BC48D00D2EC95 /* TECleanCell.swift */,
				42860FE31D1BDBCE00D2EC95 /* TEBaseSelectButton.swift */,
			);
			path = Base;
			sourceTree = "<group>";
		};
		4296EE881CFDAF84009814EF /* Animator */ = {
			isa = PBXGroup;
			children = (
				4296EE891CFDAFD2009814EF /* TipperAnimation.swift */,
			);
			path = Animator;
			sourceTree = "<group>";
		};
		4296EE8E1D045191009814EF /* Search */ = {
			isa = PBXGroup;
			children = (
				4296EE8F1D0451C5009814EF /* TESearchController.swift */,
			);
			path = Search;
			sourceTree = "<group>";
		};
		4296EE911D0452DC009814EF /* Article */ = {
			isa = PBXGroup;
			children = (
				4296EE941D045348009814EF /* TEArticleCell.swift */,
				4296EE981D045839009814EF /* TEArticleTableView.swift */,
			);
			path = Article;
			sourceTree = "<group>";
		};
		42CE5F441C96CFCB00E04AF6 /* Model */ = {
			isa = PBXGroup;
			children = (
				425D52BD1D0E92D700344C4E /* Music */,
				426645BC1CE4B874005E21B4 /* Article */,
				426B93321CE4624700BB5B96 /* Home */,
				42CE5F641C9823C600E04AF6 /* TEMovieCardModel.swift */,
			);
			path = Model;
			sourceTree = "<group>";
		};
		42CE5F4C1C96D60500E04AF6 /* Extension */ = {
			isa = PBXGroup;
			children = (
				4247E8A01CEDF37E0047D69A /* EZSwiftExtensions */,
				426ADF5D1CEC2EF500DDBD91 /* UIKit+ReactiveCocoa.swift */,
				424F6F891D15082C00C8AF50 /* Fundation+Maru.swift */,
			);
			path = Extension;
			sourceTree = "<group>";
		};
		42CE5F511C97A9D100E04AF6 /* Login */ = {
			isa = PBXGroup;
			children = (
				42CE5F521C97AA0900E04AF6 /* TESettingController.swift */,
				4285E9831CA28F4C005EDF4B /* TELoginController.swift */,
			);
			path = Login;
			sourceTree = "<group>";
		};
		42CE5F5E1C981B8C00E04AF6 /* Home */ = {
			isa = PBXGroup;
			children = (
				4296EE8C1D000E95009814EF /* HomePageView.swift */,
			);
			path = Home;
			sourceTree = "<group>";
		};
		42CE5F611C981D2C00E04AF6 /* Movie */ = {
			isa = PBXGroup;
			children = (
				42CE5F661C9823E800E04AF6 /* TEMovieCardCell.swift */,
			);
			path = Movie;
			sourceTree = "<group>";
		};
		42E9AF741CE4584200BB8687 /* Service */ = {
			isa = PBXGroup;
			children = (
				42E9AF751CE4595300BB8687 /* TENetService.swift */,
				42EF86431CF1EB9800060B76 /* TEToastService.swift */,
			);
			path = Service;
			sourceTree = "<group>";
		};
		42E9AF771CE4604B00BB8687 /* Home */ = {
			isa = PBXGroup;
			children = (
				4296EE841CFD6598009814EF /* TECardViewModel.swift */,
			);
			path = Home;
			sourceTree = "<group>";
		};
		5877175B53F0A027EF1E8E5C /* Pods */ = {
			isa = PBXGroup;
			children = (
				89DC4F58B1DF9C35A1386A3F /* Pods-TheOne.debug.xcconfig */,
				61099A783A1A9763F5A58A18 /* Pods-TheOne.release.xcconfig */,
			);
			name = Pods;
			sourceTree = "<group>";
		};
		A6EF4A678E4A1B6EB3AB0FBB /* Frameworks */ = {
			isa = PBXGroup;
			children = (
				58C453D8642A474F7D457052 /* Pods.framework */,
				EEEF2339B6BA212A6E17CE33 /* Pods_TheOne.framework */,
			);
			name = Frameworks;
			sourceTree = "<group>";
		};
/* End PBXGroup section */

/* Begin PBXNativeTarget section */
		4279A5291C9675EC00483480 /* TheOne */ = {
			isa = PBXNativeTarget;
			buildConfigurationList = 4279A53C1C9675EC00483480 /* Build configuration list for PBXNativeTarget "TheOne" */;
			buildPhases = (
				8450C6755251CB63E7179531 /* 📦 Check Pods Manifest.lock */,
				4279A5261C9675EC00483480 /* Sources */,
				4279A5271C9675EC00483480 /* Frameworks */,
				4279A5281C9675EC00483480 /* Resources */,
				96E1A954757AE13E4E433364 /* 📦 Embed Pods Frameworks */,
				55FCE3DC19C7B8098D4DBAFF /* 📦 Copy Pods Resources */,
				54189DE7101E34AA39D35433 /* Embed Pods Frameworks */,
			);
			buildRules = (
			);
			dependencies = (
			);
			name = TheOne;
			productName = TheOne;
			productReference = 4279A52A1C9675EC00483480 /* TheOne.app */;
			productType = "com.apple.product-type.application";
		};
/* End PBXNativeTarget section */

/* Begin PBXProject section */
		4279A5221C9675EC00483480 /* Project object */ = {
			isa = PBXProject;
			attributes = {
				CLASSPREFIX = TE;
				LastSwiftUpdateCheck = 0720;
				LastUpgradeCheck = 0720;
				ORGANIZATIONNAME = Maru;
				TargetAttributes = {
					4279A5291C9675EC00483480 = {
						CreatedOnToolsVersion = 7.2.1;
						DevelopmentTeam = 678WD436L9;
					};
				};
			};
			buildConfigurationList = 4279A5251C9675EC00483480 /* Build configuration list for PBXProject "TheOne" */;
			compatibilityVersion = "Xcode 3.2";
			developmentRegion = English;
			hasScannedForEncodings = 0;
			knownRegions = (
				en,
				Base,
			);
			mainGroup = 4279A5211C9675EC00483480;
			productRefGroup = 4279A52B1C9675EC00483480 /* Products */;
			projectDirPath = "";
			projectRoot = "";
			targets = (
				4279A5291C9675EC00483480 /* TheOne */,
			);
		};
/* End PBXProject section */

/* Begin PBXResourcesBuildPhase section */
		4279A5281C9675EC00483480 /* Resources */ = {
			isa = PBXResourcesBuildPhase;
			buildActionMask = 2147483647;
			files = (
				4279A5571C96780300483480 /* Launch.xcassets in Resources */,
				4279A5551C96780300483480 /* Main.storyboard in Resources */,
				424F6F851D12CB6000C8AF50 /* TECommentCell.xib in Resources */,
				4279A5531C96780300483480 /* Assets.xcassets in Resources */,
				424F6F5A1D127A9100C8AF50 /* TEMusicBanner.xib in Resources */,
				4279A5541C96780300483480 /* LaunchScreen.storyboard in Resources */,
			);
			runOnlyForDeploymentPostprocessing = 0;
		};
/* End PBXResourcesBuildPhase section */

/* Begin PBXShellScriptBuildPhase section */
		54189DE7101E34AA39D35433 /* Embed Pods Frameworks */ = {
			isa = PBXShellScriptBuildPhase;
			buildActionMask = 2147483647;
			files = (
			);
			inputPaths = (
			);
			name = "Embed Pods Frameworks";
			outputPaths = (
			);
			runOnlyForDeploymentPostprocessing = 0;
			shellPath = /bin/sh;
			shellScript = "\"${SRCROOT}/Pods/Target Support Files/Pods-TheOne/Pods-TheOne-frameworks.sh\"\n";
			showEnvVarsInLog = 0;
		};
		55FCE3DC19C7B8098D4DBAFF /* 📦 Copy Pods Resources */ = {
			isa = PBXShellScriptBuildPhase;
			buildActionMask = 2147483647;
			files = (
			);
			inputPaths = (
			);
			name = "📦 Copy Pods Resources";
			outputPaths = (
			);
			runOnlyForDeploymentPostprocessing = 0;
			shellPath = /bin/sh;
			shellScript = "\"${SRCROOT}/Pods/Target Support Files/Pods-TheOne/Pods-TheOne-resources.sh\"\n";
			showEnvVarsInLog = 0;
		};
		8450C6755251CB63E7179531 /* 📦 Check Pods Manifest.lock */ = {
			isa = PBXShellScriptBuildPhase;
			buildActionMask = 2147483647;
			files = (
			);
			inputPaths = (
			);
			name = "📦 Check Pods Manifest.lock";
			outputPaths = (
			);
			runOnlyForDeploymentPostprocessing = 0;
			shellPath = /bin/sh;
			shellScript = "diff \"${PODS_ROOT}/../Podfile.lock\" \"${PODS_ROOT}/Manifest.lock\" > /dev/null\nif [[ $? != 0 ]] ; then\n    cat << EOM\nerror: The sandbox is not in sync with the Podfile.lock. Run 'pod install' or update your CocoaPods installation.\nEOM\n    exit 1\nfi\n";
			showEnvVarsInLog = 0;
		};
		96E1A954757AE13E4E433364 /* 📦 Embed Pods Frameworks */ = {
			isa = PBXShellScriptBuildPhase;
			buildActionMask = 2147483647;
			files = (
			);
			inputPaths = (
			);
			name = "📦 Embed Pods Frameworks";
			outputPaths = (
			);
			runOnlyForDeploymentPostprocessing = 0;
			shellPath = /bin/sh;
			shellScript = "\"${SRCROOT}/Pods/Target Support Files/Pods-TheOne/Pods-TheOne-frameworks.sh\"\n";
			showEnvVarsInLog = 0;
		};
/* End PBXShellScriptBuildPhase section */

/* Begin PBXSourcesBuildPhase section */
		4279A5261C9675EC00483480 /* Sources */ = {
			isa = PBXSourcesBuildPhase;
			buildActionMask = 2147483647;
			files = (
				4247E8DC1CEDF3940047D69A /* NSBundleExtensions.swift in Sources */,
				4247E8E31CEDF3940047D69A /* UIAlertControllerExtensions.swift in Sources */,
				4247E8ED1CEDF3940047D69A /* UISwitchExtensions.swift in Sources */,
				42CE5F651C9823C600E04AF6 /* TEMovieCardModel.swift in Sources */,
				424F6F841D12CB6000C8AF50 /* TECommentCell.swift in Sources */,
				4247E8CF1CEDF3940047D69A /* BlockSwipe.swift in Sources */,
				425447E71C96AE68008B74A9 /* TEMusicController.swift in Sources */,
				4247E8D81CEDF3940047D69A /* ErrorTypeExtensions.swift in Sources */,
				4247E8E11CEDF3940047D69A /* NSUserDefaultsExtension.swift in Sources */,
				425D52BF1D0E92EA00344C4E /* TEMusic.swift in Sources */,
				4247E8EF1CEDF3940047D69A /* UIUserInterfaceSizeClassExtensions.swift in Sources */,
				424F6F941D16BC1000C8AF50 /* AAPullToRefresh.m in Sources */,
				426ADF611CEC303800DDBD91 /* TEMovieViewModel.swift in Sources */,
				4285E9841CA28F4C005EDF4B /* TELoginController.swift in Sources */,
				425447E61C96AE68008B74A9 /* TEMovieController.swift in Sources */,
				426645CF1CE71256005E21B4 /* MARCarousel.swift in Sources */,
				424F6F8A1D15082C00C8AF50 /* Fundation+Maru.swift in Sources */,
				4247E8CC1CEDF3940047D69A /* BlockLongPress.swift in Sources */,
				425447E81C96AE68008B74A9 /* TETabBarController.swift in Sources */,
				4247E8E61CEDF3940047D69A /* UIColorExtensions.swift in Sources */,
				4247E8F01CEDF3940047D69A /* UIViewControllerExtensions.swift in Sources */,
				4247E8D41CEDF3940047D69A /* CGRectExtensions.swift in Sources */,
				4247E8D91CEDF3940047D69A /* EZSwiftFunctions.swift in Sources */,
				42860FDF1D1BC10A00D2EC95 /* TEHeaderCell.swift in Sources */,
				424F6F881D12D11200C8AF50 /* TEMusicViewModel.swift in Sources */,
				4247E8E21CEDF3940047D69A /* StringExtensions.swift in Sources */,
				42CE5F531C97AA0900E04AF6 /* TESettingController.swift in Sources */,
				424F6F5C1D128B9E00C8AF50 /* TEComment.swift in Sources */,
				426645BE1CE4B874005E21B4 /* TECarousel.swift in Sources */,
				4247E8DD1CEDF3940047D69A /* NSDateExtensions.swift in Sources */,
				4247E8DB1CEDF3940047D69A /* NSAttributedStringExtensions.swift in Sources */,
				4247E8E01CEDF3940047D69A /* NSURLExtensions.swift in Sources */,
				42EF86441CF1EB9800060B76 /* TEToastService.swift in Sources */,
				42CE5F671C9823E800E04AF6 /* TEMovieCardCell.swift in Sources */,
				42CE5F571C97ABBA00E04AF6 /* TENaviPresentable.swift in Sources */,
				4296EE8A1CFDAFD2009814EF /* TipperAnimation.swift in Sources */,
				42CE5F5B1C9818C200E04AF6 /* TEPageable.swift in Sources */,
				426ADF5E1CEC2EF500DDBD91 /* UIKit+ReactiveCocoa.swift in Sources */,
				4247E8DA1CEDF3940047D69A /* IntExtensions.swift in Sources */,
				4279A5611C969D2700483480 /* TEConfigure.swift in Sources */,
				42FAE4F71CB229D900495273 /* TEMovieDetailController.swift in Sources */,
				4247E8EB1CEDF3940047D69A /* UILabelExtensions.swift in Sources */,
				424F6F581D127A4D00C8AF50 /* TEMusicBanner.swift in Sources */,
				4247E8F11CEDF3940047D69A /* UIViewExtensions.swift in Sources */,
				42860FBF1D19717900D2EC95 /* TEContentCell.swift in Sources */,
				4285E9861CA2C4E1005EDF4B /* TETableModelType.swift in Sources */,
				4247E8D11CEDF3940047D69A /* BlockWebView.swift in Sources */,
				4247E8E41CEDF3940047D69A /* UIButtonExtensions.swift in Sources */,
				4296EE8D1D000E95009814EF /* HomePageView.swift in Sources */,
				4247E8CE1CEDF3940047D69A /* BlockPinch.swift in Sources */,
				4296EE871CFDA1ED009814EF /* TEPageableView.swift in Sources */,
				4247E8D01CEDF3940047D69A /* BlockTap.swift in Sources */,
				4247E8CB1CEDF3940047D69A /* BlockButton.swift in Sources */,
				4247E8E51CEDF3940047D69A /* UIColoredView.swift in Sources */,
				42860FE11D1BC48D00D2EC95 /* TECleanCell.swift in Sources */,
				4296EE901D0451C5009814EF /* TESearchController.swift in Sources */,
				4247E8E81CEDF3940047D69A /* UIFontExtensions.swift in Sources */,
				4247E8DF1CEDF3940047D69A /* NSTimerExtensions.swift in Sources */,
				426645C41CE59E7F005E21B4 /* CirCleView.swift in Sources */,
				4247E8D61CEDF3940047D69A /* DictionaryExtensions.swift in Sources */,
				424F6F811D12A21900C8AF50 /* TEUIProductor.swift in Sources */,
				4247E8DE1CEDF3940047D69A /* NSObjectExtensions.swift in Sources */,
				4247E8D21CEDF3940047D69A /* BoolExtensions.swift in Sources */,
				425447EB1C96AF0C008B74A9 /* TEArticleController.swift in Sources */,
				4247E8CA1CEDF3940047D69A /* ArrayExtensions.swift in Sources */,
				4247E8D71CEDF3940047D69A /* DoubleExtensions.swift in Sources */,
				4247E8EA1CEDF3940047D69A /* UIImageViewExtensions.swift in Sources */,
				4247E8CD1CEDF3940047D69A /* BlockPan.swift in Sources */,
				425D52BC1D05A95C00344C4E /* TEArticleViewModel.swift in Sources */,
				4296EE961D045348009814EF /* TEArticleCell.swift in Sources */,
				4247E8E71CEDF3940047D69A /* UIDeviceExtensions.swift in Sources */,
				425447EF1C96B5B2008B74A9 /* TENavigationController.swift in Sources */,
				4296EE851CFD6598009814EF /* TECardViewModel.swift in Sources */,
				42CE5F471C96D00300E04AF6 /* AppDelegate.swift in Sources */,
				4247E8EE1CEDF3940047D69A /* UITextViewExtensions.swift in Sources */,
				425447E51C96AE68008B74A9 /* TEHomeController.swift in Sources */,
				424F6F8D1D16AE4400C8AF50 /* TERelatedMusicCell.swift in Sources */,
				42860FE41D1BDBCE00D2EC95 /* TEBaseSelectButton.swift in Sources */,
				4247E8F21CEDF3940047D69A /* UIWindowExtensions.swift in Sources */,
				4247E8D31CEDF3940047D69A /* CGFloatExtensions.swift in Sources */,
				426645D01CE71256005E21B4 /* TECardPageView.swift in Sources */,
				425D52BA1D05A10100344C4E /* TEArticle.swift in Sources */,
				42CE5F591C97C65400E04AF6 /* TEMacro.swift in Sources */,
				42CE5F5D1C9819C600E04AF6 /* TEPaperModel.swift in Sources */,
				4296EE991D045839009814EF /* TEArticleTableView.swift in Sources */,
				42E9AF761CE4595300BB8687 /* TENetService.swift in Sources */,
				4247E8EC1CEDF3940047D69A /* UISliderExtensions.swift in Sources */,
				4247E8D51CEDF3940047D69A /* CharacterExtensions.swift in Sources */,
				4247E8E91CEDF3940047D69A /* UIImageExtensions.swift in Sources */,
				42EDEC281CF48A9700ED682D /* TEItemPresentable.swift in Sources */,
			);
			runOnlyForDeploymentPostprocessing = 0;
		};
/* End PBXSourcesBuildPhase section */

/* Begin PBXVariantGroup section */
		4279A5481C96780300483480 /* LaunchScreen.storyboard */ = {
			isa = PBXVariantGroup;
			children = (
				4279A5491C96780300483480 /* Base */,
			);
			name = LaunchScreen.storyboard;
			path = ..;
			sourceTree = "<group>";
		};
		4279A54A1C96780300483480 /* Main.storyboard */ = {
			isa = PBXVariantGroup;
			children = (
				4279A54B1C96780300483480 /* Base */,
			);
			name = Main.storyboard;
			path = ..;
			sourceTree = "<group>";
		};
/* End PBXVariantGroup section */

/* Begin XCBuildConfiguration section */
		4279A53A1C9675EC00483480 /* Debug */ = {
			isa = XCBuildConfiguration;
			buildSettings = {
				ALWAYS_SEARCH_USER_PATHS = NO;
				CLANG_CXX_LANGUAGE_STANDARD = "gnu++0x";
				CLANG_CXX_LIBRARY = "libc++";
				CLANG_ENABLE_MODULES = YES;
				CLANG_ENABLE_OBJC_ARC = YES;
				CLANG_WARN_BOOL_CONVERSION = YES;
				CLANG_WARN_CONSTANT_CONVERSION = YES;
				CLANG_WARN_DIRECT_OBJC_ISA_USAGE = YES_ERROR;
				CLANG_WARN_EMPTY_BODY = YES;
				CLANG_WARN_ENUM_CONVERSION = YES;
				CLANG_WARN_INT_CONVERSION = YES;
				CLANG_WARN_OBJC_ROOT_CLASS = YES_ERROR;
				CLANG_WARN_UNREACHABLE_CODE = YES;
				CLANG_WARN__DUPLICATE_METHOD_MATCH = YES;
				"CODE_SIGN_IDENTITY[sdk=iphoneos*]" = "iPhone Developer";
				COPY_PHASE_STRIP = NO;
				DEBUG_INFORMATION_FORMAT = dwarf;
				ENABLE_STRICT_OBJC_MSGSEND = YES;
				ENABLE_TESTABILITY = YES;
				GCC_C_LANGUAGE_STANDARD = gnu99;
				GCC_DYNAMIC_NO_PIC = NO;
				GCC_NO_COMMON_BLOCKS = YES;
				GCC_OPTIMIZATION_LEVEL = 0;
				GCC_PREPROCESSOR_DEFINITIONS = (
					"DEBUG=1",
					"$(inherited)",
				);
				GCC_WARN_64_TO_32_BIT_CONVERSION = YES;
				GCC_WARN_ABOUT_RETURN_TYPE = YES_ERROR;
				GCC_WARN_UNDECLARED_SELECTOR = YES;
				GCC_WARN_UNINITIALIZED_AUTOS = YES_AGGRESSIVE;
				GCC_WARN_UNUSED_FUNCTION = YES;
				GCC_WARN_UNUSED_VARIABLE = YES;
				IPHONEOS_DEPLOYMENT_TARGET = 9.0;
				MTL_ENABLE_DEBUG_INFO = YES;
				ONLY_ACTIVE_ARCH = YES;
				SDKROOT = iphoneos;
				SWIFT_OPTIMIZATION_LEVEL = "-Onone";
			};
			name = Debug;
		};
		4279A53B1C9675EC00483480 /* Release */ = {
			isa = XCBuildConfiguration;
			buildSettings = {
				ALWAYS_SEARCH_USER_PATHS = NO;
				CLANG_CXX_LANGUAGE_STANDARD = "gnu++0x";
				CLANG_CXX_LIBRARY = "libc++";
				CLANG_ENABLE_MODULES = YES;
				CLANG_ENABLE_OBJC_ARC = YES;
				CLANG_WARN_BOOL_CONVERSION = YES;
				CLANG_WARN_CONSTANT_CONVERSION = YES;
				CLANG_WARN_DIRECT_OBJC_ISA_USAGE = YES_ERROR;
				CLANG_WARN_EMPTY_BODY = YES;
				CLANG_WARN_ENUM_CONVERSION = YES;
				CLANG_WARN_INT_CONVERSION = YES;
				CLANG_WARN_OBJC_ROOT_CLASS = YES_ERROR;
				CLANG_WARN_UNREACHABLE_CODE = YES;
				CLANG_WARN__DUPLICATE_METHOD_MATCH = YES;
				"CODE_SIGN_IDENTITY[sdk=iphoneos*]" = "iPhone Developer";
				COPY_PHASE_STRIP = NO;
				DEBUG_INFORMATION_FORMAT = "dwarf-with-dsym";
				ENABLE_NS_ASSERTIONS = NO;
				ENABLE_STRICT_OBJC_MSGSEND = YES;
				GCC_C_LANGUAGE_STANDARD = gnu99;
				GCC_NO_COMMON_BLOCKS = YES;
				GCC_WARN_64_TO_32_BIT_CONVERSION = YES;
				GCC_WARN_ABOUT_RETURN_TYPE = YES_ERROR;
				GCC_WARN_UNDECLARED_SELECTOR = YES;
				GCC_WARN_UNINITIALIZED_AUTOS = YES_AGGRESSIVE;
				GCC_WARN_UNUSED_FUNCTION = YES;
				GCC_WARN_UNUSED_VARIABLE = YES;
				IPHONEOS_DEPLOYMENT_TARGET = 9.0;
				MTL_ENABLE_DEBUG_INFO = NO;
				SDKROOT = iphoneos;
				VALIDATE_PRODUCT = YES;
			};
			name = Release;
		};
		4279A53D1C9675EC00483480 /* Debug */ = {
			isa = XCBuildConfiguration;
			baseConfigurationReference = 89DC4F58B1DF9C35A1386A3F /* Pods-TheOne.debug.xcconfig */;
			buildSettings = {
				ASSETCATALOG_COMPILER_APPICON_NAME = AppIcon;
				CLANG_ENABLE_MODULES = YES;
				INFOPLIST_FILE = TheOne/Configure/Info.plist;
				LD_RUNPATH_SEARCH_PATHS = "$(inherited) @executable_path/Frameworks";
				PRODUCT_BUNDLE_IDENTIFIER = com.alloc.TheOne;
				PRODUCT_NAME = "$(TARGET_NAME)";
				SWIFT_OBJC_BRIDGING_HEADER = /Users/Maru/Documents/Projective/TheOne/TheOne/Configure/Bridge_header.h;
				SWIFT_OPTIMIZATION_LEVEL = "-Onone";
			};
			name = Debug;
		};
		4279A53E1C9675EC00483480 /* Release */ = {
			isa = XCBuildConfiguration;
			baseConfigurationReference = 61099A783A1A9763F5A58A18 /* Pods-TheOne.release.xcconfig */;
			buildSettings = {
				ASSETCATALOG_COMPILER_APPICON_NAME = AppIcon;
				CLANG_ENABLE_MODULES = YES;
				INFOPLIST_FILE = TheOne/Configure/Info.plist;
				LD_RUNPATH_SEARCH_PATHS = "$(inherited) @executable_path/Frameworks";
				PRODUCT_BUNDLE_IDENTIFIER = com.alloc.TheOne;
				PRODUCT_NAME = "$(TARGET_NAME)";
				SWIFT_OBJC_BRIDGING_HEADER = /Users/Maru/Documents/Projective/TheOne/TheOne/Configure/Bridge_header.h;
			};
			name = Release;
		};
/* End XCBuildConfiguration section */

/* Begin XCConfigurationList section */
		4279A5251C9675EC00483480 /* Build configuration list for PBXProject "TheOne" */ = {
			isa = XCConfigurationList;
			buildConfigurations = (
				4279A53A1C9675EC00483480 /* Debug */,
				4279A53B1C9675EC00483480 /* Release */,
			);
			defaultConfigurationIsVisible = 0;
			defaultConfigurationName = Release;
		};
		4279A53C1C9675EC00483480 /* Build configuration list for PBXNativeTarget "TheOne" */ = {
			isa = XCConfigurationList;
			buildConfigurations = (
				4279A53D1C9675EC00483480 /* Debug */,
				4279A53E1C9675EC00483480 /* Release */,
			);
			defaultConfigurationIsVisible = 0;
			defaultConfigurationName = Release;
		};
/* End XCConfigurationList section */
	};
	rootObject = 4279A5221C9675EC00483480 /* Project object */;
}
