<?xml version="1.0" encoding="UTF-8"?>
<!DOCTYPE plist PUBLIC "-//Apple//DTD PLIST 1.0//EN" "http://www.apple.com/DTDs/PropertyList-1.0.dtd">
<plist version="1.0">
<dict>
	<key>archiveVersion</key>
	<string>1</string>
	<key>classes</key>
	<dict/>
	<key>objectVersion</key>
	<string>46</string>
	<key>objects</key>
	<dict>
		<key>4247E8A01CEDF37E0047D69A</key>
		<dict>
			<key>children</key>
			<array>
				<string>4247E8A11CEDF3940047D69A</string>
				<string>4247E8A21CEDF3940047D69A</string>
				<string>4247E8A31CEDF3940047D69A</string>
				<string>4247E8A41CEDF3940047D69A</string>
				<string>4247E8A51CEDF3940047D69A</string>
				<string>4247E8A61CEDF3940047D69A</string>
				<string>4247E8A71CEDF3940047D69A</string>
				<string>4247E8A81CEDF3940047D69A</string>
				<string>4247E8A91CEDF3940047D69A</string>
				<string>4247E8AA1CEDF3940047D69A</string>
				<string>4247E8AB1CEDF3940047D69A</string>
				<string>4247E8AC1CEDF3940047D69A</string>
				<string>4247E8AD1CEDF3940047D69A</string>
				<string>4247E8AE1CEDF3940047D69A</string>
				<string>4247E8AF1CEDF3940047D69A</string>
				<string>4247E8B01CEDF3940047D69A</string>
				<string>4247E8B11CEDF3940047D69A</string>
				<string>4247E8B21CEDF3940047D69A</string>
				<string>4247E8B31CEDF3940047D69A</string>
				<string>4247E8B41CEDF3940047D69A</string>
				<string>4247E8B51CEDF3940047D69A</string>
				<string>4247E8B61CEDF3940047D69A</string>
				<string>4247E8B71CEDF3940047D69A</string>
				<string>4247E8B81CEDF3940047D69A</string>
				<string>4247E8B91CEDF3940047D69A</string>
				<string>4247E8BA1CEDF3940047D69A</string>
				<string>4247E8BB1CEDF3940047D69A</string>
				<string>4247E8BC1CEDF3940047D69A</string>
				<string>4247E8BD1CEDF3940047D69A</string>
				<string>4247E8BE1CEDF3940047D69A</string>
				<string>4247E8BF1CEDF3940047D69A</string>
				<string>4247E8C01CEDF3940047D69A</string>
				<string>4247E8C11CEDF3940047D69A</string>
				<string>4247E8C21CEDF3940047D69A</string>
				<string>4247E8C31CEDF3940047D69A</string>
				<string>4247E8C41CEDF3940047D69A</string>
				<string>4247E8C51CEDF3940047D69A</string>
				<string>4247E8C61CEDF3940047D69A</string>
				<string>4247E8C71CEDF3940047D69A</string>
				<string>4247E8C81CEDF3940047D69A</string>
				<string>4247E8C91CEDF3940047D69A</string>
			</array>
			<key>isa</key>
			<string>PBXGroup</string>
			<key>path</key>
			<string>EZSwiftExtensions</string>
			<key>sourceTree</key>
			<string>&lt;group&gt;</string>
		</dict>
		<key>4247E8A11CEDF3940047D69A</key>
		<dict>
			<key>fileEncoding</key>
			<string>4</string>
			<key>isa</key>
			<string>PBXFileReference</string>
			<key>lastKnownFileType</key>
			<string>sourcecode.swift</string>
			<key>path</key>
			<string>ArrayExtensions.swift</string>
			<key>sourceTree</key>
			<string>&lt;group&gt;</string>
		</dict>
		<key>4247E8A21CEDF3940047D69A</key>
		<dict>
			<key>fileEncoding</key>
			<string>4</string>
			<key>isa</key>
			<string>PBXFileReference</string>
			<key>lastKnownFileType</key>
			<string>sourcecode.swift</string>
			<key>path</key>
			<string>BlockButton.swift</string>
			<key>sourceTree</key>
			<string>&lt;group&gt;</string>
		</dict>
		<key>4247E8A31CEDF3940047D69A</key>
		<dict>
			<key>fileEncoding</key>
			<string>4</string>
			<key>isa</key>
			<string>PBXFileReference</string>
			<key>lastKnownFileType</key>
			<string>sourcecode.swift</string>
			<key>path</key>
			<string>BlockLongPress.swift</string>
			<key>sourceTree</key>
			<string>&lt;group&gt;</string>
		</dict>
		<key>4247E8A41CEDF3940047D69A</key>
		<dict>
			<key>fileEncoding</key>
			<string>4</string>
			<key>isa</key>
			<string>PBXFileReference</string>
			<key>lastKnownFileType</key>
			<string>sourcecode.swift</string>
			<key>path</key>
			<string>BlockPan.swift</string>
			<key>sourceTree</key>
			<string>&lt;group&gt;</string>
		</dict>
		<key>4247E8A51CEDF3940047D69A</key>
		<dict>
			<key>fileEncoding</key>
			<string>4</string>
			<key>isa</key>
			<string>PBXFileReference</string>
			<key>lastKnownFileType</key>
			<string>sourcecode.swift</string>
			<key>path</key>
			<string>BlockPinch.swift</string>
			<key>sourceTree</key>
			<string>&lt;group&gt;</string>
		</dict>
		<key>4247E8A61CEDF3940047D69A</key>
		<dict>
			<key>fileEncoding</key>
			<string>4</string>
			<key>isa</key>
			<string>PBXFileReference</string>
			<key>lastKnownFileType</key>
			<string>sourcecode.swift</string>
			<key>path</key>
			<string>BlockSwipe.swift</string>
			<key>sourceTree</key>
			<string>&lt;group&gt;</string>
		</dict>
		<key>4247E8A71CEDF3940047D69A</key>
		<dict>
			<key>fileEncoding</key>
			<string>4</string>
			<key>isa</key>
			<string>PBXFileReference</string>
			<key>lastKnownFileType</key>
			<string>sourcecode.swift</string>
			<key>path</key>
			<string>BlockTap.swift</string>
			<key>sourceTree</key>
			<string>&lt;group&gt;</string>
		</dict>
		<key>4247E8A81CEDF3940047D69A</key>
		<dict>
			<key>fileEncoding</key>
			<string>4</string>
			<key>isa</key>
			<string>PBXFileReference</string>
			<key>lastKnownFileType</key>
			<string>sourcecode.swift</string>
			<key>path</key>
			<string>BlockWebView.swift</string>
			<key>sourceTree</key>
			<string>&lt;group&gt;</string>
		</dict>
		<key>4247E8A91CEDF3940047D69A</key>
		<dict>
			<key>fileEncoding</key>
			<string>4</string>
			<key>isa</key>
			<string>PBXFileReference</string>
			<key>lastKnownFileType</key>
			<string>sourcecode.swift</string>
			<key>path</key>
			<string>BoolExtensions.swift</string>
			<key>sourceTree</key>
			<string>&lt;group&gt;</string>
		</dict>
		<key>4247E8AA1CEDF3940047D69A</key>
		<dict>
			<key>fileEncoding</key>
			<string>4</string>
			<key>isa</key>
			<string>PBXFileReference</string>
			<key>lastKnownFileType</key>
			<string>sourcecode.swift</string>
			<key>path</key>
			<string>CGFloatExtensions.swift</string>
			<key>sourceTree</key>
			<string>&lt;group&gt;</string>
		</dict>
		<key>4247E8AB1CEDF3940047D69A</key>
		<dict>
			<key>fileEncoding</key>
			<string>4</string>
			<key>isa</key>
			<string>PBXFileReference</string>
			<key>lastKnownFileType</key>
			<string>sourcecode.swift</string>
			<key>path</key>
			<string>CGRectExtensions.swift</string>
			<key>sourceTree</key>
			<string>&lt;group&gt;</string>
		</dict>
		<key>4247E8AC1CEDF3940047D69A</key>
		<dict>
			<key>fileEncoding</key>
			<string>4</string>
			<key>isa</key>
			<string>PBXFileReference</string>
			<key>lastKnownFileType</key>
			<string>sourcecode.swift</string>
			<key>path</key>
			<string>CharacterExtensions.swift</string>
			<key>sourceTree</key>
			<string>&lt;group&gt;</string>
		</dict>
		<key>4247E8AD1CEDF3940047D69A</key>
		<dict>
			<key>fileEncoding</key>
			<string>4</string>
			<key>isa</key>
			<string>PBXFileReference</string>
			<key>lastKnownFileType</key>
			<string>sourcecode.swift</string>
			<key>path</key>
			<string>DictionaryExtensions.swift</string>
			<key>sourceTree</key>
			<string>&lt;group&gt;</string>
		</dict>
		<key>4247E8AE1CEDF3940047D69A</key>
		<dict>
			<key>fileEncoding</key>
			<string>4</string>
			<key>isa</key>
			<string>PBXFileReference</string>
			<key>lastKnownFileType</key>
			<string>sourcecode.swift</string>
			<key>path</key>
			<string>DoubleExtensions.swift</string>
			<key>sourceTree</key>
			<string>&lt;group&gt;</string>
		</dict>
		<key>4247E8AF1CEDF3940047D69A</key>
		<dict>
			<key>fileEncoding</key>
			<string>4</string>
			<key>isa</key>
			<string>PBXFileReference</string>
			<key>lastKnownFileType</key>
			<string>sourcecode.swift</string>
			<key>path</key>
			<string>ErrorTypeExtensions.swift</string>
			<key>sourceTree</key>
			<string>&lt;group&gt;</string>
		</dict>
		<key>4247E8B01CEDF3940047D69A</key>
		<dict>
			<key>fileEncoding</key>
			<string>4</string>
			<key>isa</key>
			<string>PBXFileReference</string>
			<key>lastKnownFileType</key>
			<string>sourcecode.swift</string>
			<key>path</key>
			<string>EZSwiftFunctions.swift</string>
			<key>sourceTree</key>
			<string>&lt;group&gt;</string>
		</dict>
		<key>4247E8B11CEDF3940047D69A</key>
		<dict>
			<key>fileEncoding</key>
			<string>4</string>
			<key>isa</key>
			<string>PBXFileReference</string>
			<key>lastKnownFileType</key>
			<string>sourcecode.swift</string>
			<key>path</key>
			<string>IntExtensions.swift</string>
			<key>sourceTree</key>
			<string>&lt;group&gt;</string>
		</dict>
		<key>4247E8B21CEDF3940047D69A</key>
		<dict>
			<key>fileEncoding</key>
			<string>4</string>
			<key>isa</key>
			<string>PBXFileReference</string>
			<key>lastKnownFileType</key>
			<string>sourcecode.swift</string>
			<key>path</key>
			<string>NSAttributedStringExtensions.swift</string>
			<key>sourceTree</key>
			<string>&lt;group&gt;</string>
		</dict>
		<key>4247E8B31CEDF3940047D69A</key>
		<dict>
			<key>fileEncoding</key>
			<string>4</string>
			<key>isa</key>
			<string>PBXFileReference</string>
			<key>lastKnownFileType</key>
			<string>sourcecode.swift</string>
			<key>path</key>
			<string>NSBundleExtensions.swift</string>
			<key>sourceTree</key>
			<string>&lt;group&gt;</string>
		</dict>
		<key>4247E8B41CEDF3940047D69A</key>
		<dict>
			<key>fileEncoding</key>
			<string>4</string>
			<key>isa</key>
			<string>PBXFileReference</string>
			<key>lastKnownFileType</key>
			<string>sourcecode.swift</string>
			<key>path</key>
			<string>NSDateExtensions.swift</string>
			<key>sourceTree</key>
			<string>&lt;group&gt;</string>
		</dict>
		<key>4247E8B51CEDF3940047D69A</key>
		<dict>
			<key>fileEncoding</key>
			<string>4</string>
			<key>isa</key>
			<string>PBXFileReference</string>
			<key>lastKnownFileType</key>
			<string>sourcecode.swift</string>
			<key>path</key>
			<string>NSObjectExtensions.swift</string>
			<key>sourceTree</key>
			<string>&lt;group&gt;</string>
		</dict>
		<key>4247E8B61CEDF3940047D69A</key>
		<dict>
			<key>fileEncoding</key>
			<string>4</string>
			<key>isa</key>
			<string>PBXFileReference</string>
			<key>lastKnownFileType</key>
			<string>sourcecode.swift</string>
			<key>path</key>
			<string>NSTimerExtensions.swift</string>
			<key>sourceTree</key>
			<string>&lt;group&gt;</string>
		</dict>
		<key>4247E8B71CEDF3940047D69A</key>
		<dict>
			<key>fileEncoding</key>
			<string>4</string>
			<key>isa</key>
			<string>PBXFileReference</string>
			<key>lastKnownFileType</key>
			<string>sourcecode.swift</string>
			<key>path</key>
			<string>NSURLExtensions.swift</string>
			<key>sourceTree</key>
			<string>&lt;group&gt;</string>
		</dict>
		<key>4247E8B81CEDF3940047D69A</key>
		<dict>
			<key>fileEncoding</key>
			<string>4</string>
			<key>isa</key>
			<string>PBXFileReference</string>
			<key>lastKnownFileType</key>
			<string>sourcecode.swift</string>
			<key>path</key>
			<string>NSUserDefaultsExtension.swift</string>
			<key>sourceTree</key>
			<string>&lt;group&gt;</string>
		</dict>
		<key>4247E8B91CEDF3940047D69A</key>
		<dict>
			<key>fileEncoding</key>
			<string>4</string>
			<key>isa</key>
			<string>PBXFileReference</string>
			<key>lastKnownFileType</key>
			<string>sourcecode.swift</string>
			<key>path</key>
			<string>StringExtensions.swift</string>
			<key>sourceTree</key>
			<string>&lt;group&gt;</string>
		</dict>
		<key>4247E8BA1CEDF3940047D69A</key>
		<dict>
			<key>fileEncoding</key>
			<string>4</string>
			<key>isa</key>
			<string>PBXFileReference</string>
			<key>lastKnownFileType</key>
			<string>sourcecode.swift</string>
			<key>path</key>
			<string>UIAlertControllerExtensions.swift</string>
			<key>sourceTree</key>
			<string>&lt;group&gt;</string>
		</dict>
		<key>4247E8BB1CEDF3940047D69A</key>
		<dict>
			<key>fileEncoding</key>
			<string>4</string>
			<key>isa</key>
			<string>PBXFileReference</string>
			<key>lastKnownFileType</key>
			<string>sourcecode.swift</string>
			<key>path</key>
			<string>UIButtonExtensions.swift</string>
			<key>sourceTree</key>
			<string>&lt;group&gt;</string>
		</dict>
		<key>4247E8BC1CEDF3940047D69A</key>
		<dict>
			<key>fileEncoding</key>
			<string>4</string>
			<key>isa</key>
			<string>PBXFileReference</string>
			<key>lastKnownFileType</key>
			<string>sourcecode.swift</string>
			<key>path</key>
			<string>UIColoredView.swift</string>
			<key>sourceTree</key>
			<string>&lt;group&gt;</string>
		</dict>
		<key>4247E8BD1CEDF3940047D69A</key>
		<dict>
			<key>fileEncoding</key>
			<string>4</string>
			<key>isa</key>
			<string>PBXFileReference</string>
			<key>lastKnownFileType</key>
			<string>sourcecode.swift</string>
			<key>path</key>
			<string>UIColorExtensions.swift</string>
			<key>sourceTree</key>
			<string>&lt;group&gt;</string>
		</dict>
		<key>4247E8BE1CEDF3940047D69A</key>
		<dict>
			<key>fileEncoding</key>
			<string>4</string>
			<key>isa</key>
			<string>PBXFileReference</string>
			<key>lastKnownFileType</key>
			<string>sourcecode.swift</string>
			<key>path</key>
			<string>UIDeviceExtensions.swift</string>
			<key>sourceTree</key>
			<string>&lt;group&gt;</string>
		</dict>
		<key>4247E8BF1CEDF3940047D69A</key>
		<dict>
			<key>fileEncoding</key>
			<string>4</string>
			<key>isa</key>
			<string>PBXFileReference</string>
			<key>lastKnownFileType</key>
			<string>sourcecode.swift</string>
			<key>path</key>
			<string>UIFontExtensions.swift</string>
			<key>sourceTree</key>
			<string>&lt;group&gt;</string>
		</dict>
		<key>4247E8C01CEDF3940047D69A</key>
		<dict>
			<key>fileEncoding</key>
			<string>4</string>
			<key>isa</key>
			<string>PBXFileReference</string>
			<key>lastKnownFileType</key>
			<string>sourcecode.swift</string>
			<key>path</key>
			<string>UIImageExtensions.swift</string>
			<key>sourceTree</key>
			<string>&lt;group&gt;</string>
		</dict>
		<key>4247E8C11CEDF3940047D69A</key>
		<dict>
			<key>fileEncoding</key>
			<string>4</string>
			<key>isa</key>
			<string>PBXFileReference</string>
			<key>lastKnownFileType</key>
			<string>sourcecode.swift</string>
			<key>path</key>
			<string>UIImageViewExtensions.swift</string>
			<key>sourceTree</key>
			<string>&lt;group&gt;</string>
		</dict>
		<key>4247E8C21CEDF3940047D69A</key>
		<dict>
			<key>fileEncoding</key>
			<string>4</string>
			<key>isa</key>
			<string>PBXFileReference</string>
			<key>lastKnownFileType</key>
			<string>sourcecode.swift</string>
			<key>path</key>
			<string>UILabelExtensions.swift</string>
			<key>sourceTree</key>
			<string>&lt;group&gt;</string>
		</dict>
		<key>4247E8C31CEDF3940047D69A</key>
		<dict>
			<key>fileEncoding</key>
			<string>4</string>
			<key>isa</key>
			<string>PBXFileReference</string>
			<key>lastKnownFileType</key>
			<string>sourcecode.swift</string>
			<key>path</key>
			<string>UISliderExtensions.swift</string>
			<key>sourceTree</key>
			<string>&lt;group&gt;</string>
		</dict>
		<key>4247E8C41CEDF3940047D69A</key>
		<dict>
			<key>fileEncoding</key>
			<string>4</string>
			<key>isa</key>
			<string>PBXFileReference</string>
			<key>lastKnownFileType</key>
			<string>sourcecode.swift</string>
			<key>path</key>
			<string>UISwitchExtensions.swift</string>
			<key>sourceTree</key>
			<string>&lt;group&gt;</string>
		</dict>
		<key>4247E8C51CEDF3940047D69A</key>
		<dict>
			<key>fileEncoding</key>
			<string>4</string>
			<key>isa</key>
			<string>PBXFileReference</string>
			<key>lastKnownFileType</key>
			<string>sourcecode.swift</string>
			<key>path</key>
			<string>UITextViewExtensions.swift</string>
			<key>sourceTree</key>
			<string>&lt;group&gt;</string>
		</dict>
		<key>4247E8C61CEDF3940047D69A</key>
		<dict>
			<key>fileEncoding</key>
			<string>4</string>
			<key>isa</key>
			<string>PBXFileReference</string>
			<key>lastKnownFileType</key>
			<string>sourcecode.swift</string>
			<key>path</key>
			<string>UIUserInterfaceSizeClassExtensions.swift</string>
			<key>sourceTree</key>
			<string>&lt;group&gt;</string>
		</dict>
		<key>4247E8C71CEDF3940047D69A</key>
		<dict>
			<key>fileEncoding</key>
			<string>4</string>
			<key>isa</key>
			<string>PBXFileReference</string>
			<key>lastKnownFileType</key>
			<string>sourcecode.swift</string>
			<key>path</key>
			<string>UIViewControllerExtensions.swift</string>
			<key>sourceTree</key>
			<string>&lt;group&gt;</string>
		</dict>
		<key>4247E8C81CEDF3940047D69A</key>
		<dict>
			<key>fileEncoding</key>
			<string>4</string>
			<key>isa</key>
			<string>PBXFileReference</string>
			<key>lastKnownFileType</key>
			<string>sourcecode.swift</string>
			<key>path</key>
			<string>UIViewExtensions.swift</string>
			<key>sourceTree</key>
			<string>&lt;group&gt;</string>
		</dict>
		<key>4247E8C91CEDF3940047D69A</key>
		<dict>
			<key>fileEncoding</key>
			<string>4</string>
			<key>isa</key>
			<string>PBXFileReference</string>
			<key>lastKnownFileType</key>
			<string>sourcecode.swift</string>
			<key>path</key>
			<string>UIWindowExtensions.swift</string>
			<key>sourceTree</key>
			<string>&lt;group&gt;</string>
		</dict>
		<key>4247E8CA1CEDF3940047D69A</key>
		<dict>
			<key>fileRef</key>
			<string>4247E8A11CEDF3940047D69A</string>
			<key>isa</key>
			<string>PBXBuildFile</string>
		</dict>
		<key>4247E8CB1CEDF3940047D69A</key>
		<dict>
			<key>fileRef</key>
			<string>4247E8A21CEDF3940047D69A</string>
			<key>isa</key>
			<string>PBXBuildFile</string>
		</dict>
		<key>4247E8CC1CEDF3940047D69A</key>
		<dict>
			<key>fileRef</key>
			<string>4247E8A31CEDF3940047D69A</string>
			<key>isa</key>
			<string>PBXBuildFile</string>
		</dict>
		<key>4247E8CD1CEDF3940047D69A</key>
		<dict>
			<key>fileRef</key>
			<string>4247E8A41CEDF3940047D69A</string>
			<key>isa</key>
			<string>PBXBuildFile</string>
		</dict>
		<key>4247E8CE1CEDF3940047D69A</key>
		<dict>
			<key>fileRef</key>
			<string>4247E8A51CEDF3940047D69A</string>
			<key>isa</key>
			<string>PBXBuildFile</string>
		</dict>
		<key>4247E8CF1CEDF3940047D69A</key>
		<dict>
			<key>fileRef</key>
			<string>4247E8A61CEDF3940047D69A</string>
			<key>isa</key>
			<string>PBXBuildFile</string>
		</dict>
		<key>4247E8D01CEDF3940047D69A</key>
		<dict>
			<key>fileRef</key>
			<string>4247E8A71CEDF3940047D69A</string>
			<key>isa</key>
			<string>PBXBuildFile</string>
		</dict>
		<key>4247E8D11CEDF3940047D69A</key>
		<dict>
			<key>fileRef</key>
			<string>4247E8A81CEDF3940047D69A</string>
			<key>isa</key>
			<string>PBXBuildFile</string>
		</dict>
		<key>4247E8D21CEDF3940047D69A</key>
		<dict>
			<key>fileRef</key>
			<string>4247E8A91CEDF3940047D69A</string>
			<key>isa</key>
			<string>PBXBuildFile</string>
		</dict>
		<key>4247E8D31CEDF3940047D69A</key>
		<dict>
			<key>fileRef</key>
			<string>4247E8AA1CEDF3940047D69A</string>
			<key>isa</key>
			<string>PBXBuildFile</string>
		</dict>
		<key>4247E8D41CEDF3940047D69A</key>
		<dict>
			<key>fileRef</key>
			<string>4247E8AB1CEDF3940047D69A</string>
			<key>isa</key>
			<string>PBXBuildFile</string>
		</dict>
		<key>4247E8D51CEDF3940047D69A</key>
		<dict>
			<key>fileRef</key>
			<string>4247E8AC1CEDF3940047D69A</string>
			<key>isa</key>
			<string>PBXBuildFile</string>
		</dict>
		<key>4247E8D61CEDF3940047D69A</key>
		<dict>
			<key>fileRef</key>
			<string>4247E8AD1CEDF3940047D69A</string>
			<key>isa</key>
			<string>PBXBuildFile</string>
		</dict>
		<key>4247E8D71CEDF3940047D69A</key>
		<dict>
			<key>fileRef</key>
			<string>4247E8AE1CEDF3940047D69A</string>
			<key>isa</key>
			<string>PBXBuildFile</string>
		</dict>
		<key>4247E8D81CEDF3940047D69A</key>
		<dict>
			<key>fileRef</key>
			<string>4247E8AF1CEDF3940047D69A</string>
			<key>isa</key>
			<string>PBXBuildFile</string>
		</dict>
		<key>4247E8D91CEDF3940047D69A</key>
		<dict>
			<key>fileRef</key>
			<string>4247E8B01CEDF3940047D69A</string>
			<key>isa</key>
			<string>PBXBuildFile</string>
		</dict>
		<key>4247E8DA1CEDF3940047D69A</key>
		<dict>
			<key>fileRef</key>
			<string>4247E8B11CEDF3940047D69A</string>
			<key>isa</key>
			<string>PBXBuildFile</string>
		</dict>
		<key>4247E8DB1CEDF3940047D69A</key>
		<dict>
			<key>fileRef</key>
			<string>4247E8B21CEDF3940047D69A</string>
			<key>isa</key>
			<string>PBXBuildFile</string>
		</dict>
		<key>4247E8DC1CEDF3940047D69A</key>
		<dict>
			<key>fileRef</key>
			<string>4247E8B31CEDF3940047D69A</string>
			<key>isa</key>
			<string>PBXBuildFile</string>
		</dict>
		<key>4247E8DD1CEDF3940047D69A</key>
		<dict>
			<key>fileRef</key>
			<string>4247E8B41CEDF3940047D69A</string>
			<key>isa</key>
			<string>PBXBuildFile</string>
		</dict>
		<key>4247E8DE1CEDF3940047D69A</key>
		<dict>
			<key>fileRef</key>
			<string>4247E8B51CEDF3940047D69A</string>
			<key>isa</key>
			<string>PBXBuildFile</string>
		</dict>
		<key>4247E8DF1CEDF3940047D69A</key>
		<dict>
			<key>fileRef</key>
			<string>4247E8B61CEDF3940047D69A</string>
			<key>isa</key>
			<string>PBXBuildFile</string>
		</dict>
		<key>4247E8E01CEDF3940047D69A</key>
		<dict>
			<key>fileRef</key>
			<string>4247E8B71CEDF3940047D69A</string>
			<key>isa</key>
			<string>PBXBuildFile</string>
		</dict>
		<key>4247E8E11CEDF3940047D69A</key>
		<dict>
			<key>fileRef</key>
			<string>4247E8B81CEDF3940047D69A</string>
			<key>isa</key>
			<string>PBXBuildFile</string>
		</dict>
		<key>4247E8E21CEDF3940047D69A</key>
		<dict>
			<key>fileRef</key>
			<string>4247E8B91CEDF3940047D69A</string>
			<key>isa</key>
			<string>PBXBuildFile</string>
		</dict>
		<key>4247E8E31CEDF3940047D69A</key>
		<dict>
			<key>fileRef</key>
			<string>4247E8BA1CEDF3940047D69A</string>
			<key>isa</key>
			<string>PBXBuildFile</string>
		</dict>
		<key>4247E8E41CEDF3940047D69A</key>
		<dict>
			<key>fileRef</key>
			<string>4247E8BB1CEDF3940047D69A</string>
			<key>isa</key>
			<string>PBXBuildFile</string>
		</dict>
		<key>4247E8E51CEDF3940047D69A</key>
		<dict>
			<key>fileRef</key>
			<string>4247E8BC1CEDF3940047D69A</string>
			<key>isa</key>
			<string>PBXBuildFile</string>
		</dict>
		<key>4247E8E61CEDF3940047D69A</key>
		<dict>
			<key>fileRef</key>
			<string>4247E8BD1CEDF3940047D69A</string>
			<key>isa</key>
			<string>PBXBuildFile</string>
		</dict>
		<key>4247E8E71CEDF3940047D69A</key>
		<dict>
			<key>fileRef</key>
			<string>4247E8BE1CEDF3940047D69A</string>
			<key>isa</key>
			<string>PBXBuildFile</string>
		</dict>
		<key>4247E8E81CEDF3940047D69A</key>
		<dict>
			<key>fileRef</key>
			<string>4247E8BF1CEDF3940047D69A</string>
			<key>isa</key>
			<string>PBXBuildFile</string>
		</dict>
		<key>4247E8E91CEDF3940047D69A</key>
		<dict>
			<key>fileRef</key>
			<string>4247E8C01CEDF3940047D69A</string>
			<key>isa</key>
			<string>PBXBuildFile</string>
		</dict>
		<key>4247E8EA1CEDF3940047D69A</key>
		<dict>
			<key>fileRef</key>
			<string>4247E8C11CEDF3940047D69A</string>
			<key>isa</key>
			<string>PBXBuildFile</string>
		</dict>
		<key>4247E8EB1CEDF3940047D69A</key>
		<dict>
			<key>fileRef</key>
			<string>4247E8C21CEDF3940047D69A</string>
			<key>isa</key>
			<string>PBXBuildFile</string>
		</dict>
		<key>4247E8EC1CEDF3940047D69A</key>
		<dict>
			<key>fileRef</key>
			<string>4247E8C31CEDF3940047D69A</string>
			<key>isa</key>
			<string>PBXBuildFile</string>
		</dict>
		<key>4247E8ED1CEDF3940047D69A</key>
		<dict>
			<key>fileRef</key>
			<string>4247E8C41CEDF3940047D69A</string>
			<key>isa</key>
			<string>PBXBuildFile</string>
		</dict>
		<key>4247E8EE1CEDF3940047D69A</key>
		<dict>
			<key>fileRef</key>
			<string>4247E8C51CEDF3940047D69A</string>
			<key>isa</key>
			<string>PBXBuildFile</string>
		</dict>
		<key>4247E8EF1CEDF3940047D69A</key>
		<dict>
			<key>fileRef</key>
			<string>4247E8C61CEDF3940047D69A</string>
			<key>isa</key>
			<string>PBXBuildFile</string>
		</dict>
		<key>4247E8F01CEDF3940047D69A</key>
		<dict>
			<key>fileRef</key>
			<string>4247E8C71CEDF3940047D69A</string>
			<key>isa</key>
			<string>PBXBuildFile</string>
		</dict>
		<key>4247E8F11CEDF3940047D69A</key>
		<dict>
			<key>fileRef</key>
			<string>4247E8C81CEDF3940047D69A</string>
			<key>isa</key>
			<string>PBXBuildFile</string>
		</dict>
		<key>4247E8F21CEDF3940047D69A</key>
		<dict>
			<key>fileRef</key>
			<string>4247E8C91CEDF3940047D69A</string>
			<key>isa</key>
			<string>PBXBuildFile</string>
		</dict>
		<key>425447DC1C96AE68008B74A9</key>
		<dict>
			<key>children</key>
			<array>
				<string>42CE5F511C97A9D100E04AF6</string>
				<string>425447E31C96AE68008B74A9</string>
				<string>425447ED1C96B573008B74A9</string>
				<string>425447DD1C96AE68008B74A9</string>
				<string>425447E91C96AEDD008B74A9</string>
				<string>425447E11C96AE68008B74A9</string>
				<string>425447DF1C96AE68008B74A9</string>
			</array>
			<key>isa</key>
			<string>PBXGroup</string>
			<key>path</key>
			<string>Controller</string>
			<key>sourceTree</key>
			<string>&lt;group&gt;</string>
		</dict>
		<key>425447DD1C96AE68008B74A9</key>
		<dict>
			<key>children</key>
			<array>
				<string>425447DE1C96AE68008B74A9</string>
			</array>
			<key>isa</key>
			<string>PBXGroup</string>
			<key>path</key>
			<string>Home</string>
			<key>sourceTree</key>
			<string>&lt;group&gt;</string>
		</dict>
		<key>425447DE1C96AE68008B74A9</key>
		<dict>
			<key>fileEncoding</key>
			<string>4</string>
			<key>isa</key>
			<string>PBXFileReference</string>
			<key>lastKnownFileType</key>
			<string>sourcecode.swift</string>
			<key>path</key>
			<string>TEHomeController.swift</string>
			<key>sourceTree</key>
			<string>&lt;group&gt;</string>
		</dict>
		<key>425447DF1C96AE68008B74A9</key>
		<dict>
			<key>children</key>
			<array>
				<string>425447E01C96AE68008B74A9</string>
				<string>42FAE4F61CB229D900495273</string>
			</array>
			<key>isa</key>
			<string>PBXGroup</string>
			<key>path</key>
			<string>Movie</string>
			<key>sourceTree</key>
			<string>&lt;group&gt;</string>
		</dict>
		<key>425447E01C96AE68008B74A9</key>
		<dict>
			<key>fileEncoding</key>
			<string>4</string>
			<key>isa</key>
			<string>PBXFileReference</string>
			<key>lastKnownFileType</key>
			<string>sourcecode.swift</string>
			<key>path</key>
			<string>TEMovieController.swift</string>
			<key>sourceTree</key>
			<string>&lt;group&gt;</string>
		</dict>
		<key>425447E11C96AE68008B74A9</key>
		<dict>
			<key>children</key>
			<array>
				<string>425447E21C96AE68008B74A9</string>
			</array>
			<key>isa</key>
			<string>PBXGroup</string>
			<key>path</key>
			<string>Music</string>
			<key>sourceTree</key>
			<string>&lt;group&gt;</string>
		</dict>
		<key>425447E21C96AE68008B74A9</key>
		<dict>
			<key>fileEncoding</key>
			<string>4</string>
			<key>isa</key>
			<string>PBXFileReference</string>
			<key>lastKnownFileType</key>
			<string>sourcecode.swift</string>
			<key>path</key>
			<string>TEMusicController.swift</string>
			<key>sourceTree</key>
			<string>&lt;group&gt;</string>
		</dict>
		<key>425447E31C96AE68008B74A9</key>
		<dict>
			<key>children</key>
			<array>
				<string>425447E41C96AE68008B74A9</string>
			</array>
			<key>isa</key>
			<string>PBXGroup</string>
			<key>path</key>
			<string>Tabbar</string>
			<key>sourceTree</key>
			<string>&lt;group&gt;</string>
		</dict>
		<key>425447E41C96AE68008B74A9</key>
		<dict>
			<key>fileEncoding</key>
			<string>4</string>
			<key>isa</key>
			<string>PBXFileReference</string>
			<key>lastKnownFileType</key>
			<string>sourcecode.swift</string>
			<key>path</key>
			<string>TETabBarController.swift</string>
			<key>sourceTree</key>
			<string>&lt;group&gt;</string>
		</dict>
		<key>425447E51C96AE68008B74A9</key>
		<dict>
			<key>fileRef</key>
			<string>425447DE1C96AE68008B74A9</string>
			<key>isa</key>
			<string>PBXBuildFile</string>
		</dict>
		<key>425447E61C96AE68008B74A9</key>
		<dict>
			<key>fileRef</key>
			<string>425447E01C96AE68008B74A9</string>
			<key>isa</key>
			<string>PBXBuildFile</string>
		</dict>
		<key>425447E71C96AE68008B74A9</key>
		<dict>
			<key>fileRef</key>
			<string>425447E21C96AE68008B74A9</string>
			<key>isa</key>
			<string>PBXBuildFile</string>
		</dict>
		<key>425447E81C96AE68008B74A9</key>
		<dict>
			<key>fileRef</key>
			<string>425447E41C96AE68008B74A9</string>
			<key>isa</key>
			<string>PBXBuildFile</string>
		</dict>
		<key>425447E91C96AEDD008B74A9</key>
		<dict>
			<key>children</key>
			<array>
				<string>425447EA1C96AF0C008B74A9</string>
			</array>
			<key>isa</key>
			<string>PBXGroup</string>
			<key>path</key>
			<string>Article</string>
			<key>sourceTree</key>
			<string>&lt;group&gt;</string>
		</dict>
		<key>425447EA1C96AF0C008B74A9</key>
		<dict>
			<key>fileEncoding</key>
			<string>4</string>
			<key>isa</key>
			<string>PBXFileReference</string>
			<key>lastKnownFileType</key>
			<string>sourcecode.swift</string>
			<key>path</key>
			<string>TEArticleController.swift</string>
			<key>sourceTree</key>
			<string>&lt;group&gt;</string>
		</dict>
		<key>425447EB1C96AF0C008B74A9</key>
		<dict>
			<key>fileRef</key>
			<string>425447EA1C96AF0C008B74A9</string>
			<key>isa</key>
			<string>PBXBuildFile</string>
		</dict>
		<key>425447ED1C96B573008B74A9</key>
		<dict>
			<key>children</key>
			<array>
				<string>425447EE1C96B5B2008B74A9</string>
			</array>
			<key>isa</key>
			<string>PBXGroup</string>
			<key>name</key>
			<string>Navgation</string>
			<key>path</key>
			<string>Navigation</string>
			<key>sourceTree</key>
			<string>&lt;group&gt;</string>
		</dict>
		<key>425447EE1C96B5B2008B74A9</key>
		<dict>
			<key>fileEncoding</key>
			<string>4</string>
			<key>isa</key>
			<string>PBXFileReference</string>
			<key>lastKnownFileType</key>
			<string>sourcecode.swift</string>
			<key>path</key>
			<string>TENavigationController.swift</string>
			<key>sourceTree</key>
			<string>&lt;group&gt;</string>
		</dict>
		<key>425447EF1C96B5B2008B74A9</key>
		<dict>
			<key>fileRef</key>
			<string>425447EE1C96B5B2008B74A9</string>
			<key>isa</key>
			<string>PBXBuildFile</string>
		</dict>
		<key>426645BC1CE4B874005E21B4</key>
		<dict>
			<key>children</key>
			<array>
				<string>426645BD1CE4B874005E21B4</string>
			</array>
			<key>isa</key>
			<string>PBXGroup</string>
			<key>path</key>
			<string>Article</string>
			<key>sourceTree</key>
			<string>&lt;group&gt;</string>
		</dict>
		<key>426645BD1CE4B874005E21B4</key>
		<dict>
			<key>fileEncoding</key>
			<string>4</string>
			<key>isa</key>
			<string>PBXFileReference</string>
			<key>lastKnownFileType</key>
			<string>sourcecode.swift</string>
			<key>path</key>
			<string>TECarousel.swift</string>
			<key>sourceTree</key>
			<string>&lt;group&gt;</string>
		</dict>
		<key>426645BE1CE4B874005E21B4</key>
		<dict>
			<key>fileRef</key>
			<string>426645BD1CE4B874005E21B4</string>
			<key>isa</key>
			<string>PBXBuildFile</string>
		</dict>
		<key>426645C21CE59E7F005E21B4</key>
		<dict>
			<key>children</key>
			<array>
				<string>426645C31CE59E7F005E21B4</string>
			</array>
			<key>isa</key>
			<string>PBXGroup</string>
			<key>path</key>
			<string>CirCleView</string>
			<key>sourceTree</key>
			<string>&lt;group&gt;</string>
		</dict>
		<key>426645C31CE59E7F005E21B4</key>
		<dict>
			<key>fileEncoding</key>
			<string>4</string>
			<key>isa</key>
			<string>PBXFileReference</string>
			<key>lastKnownFileType</key>
			<string>sourcecode.swift</string>
			<key>path</key>
			<string>CirCleView.swift</string>
			<key>sourceTree</key>
			<string>&lt;group&gt;</string>
		</dict>
		<key>426645C41CE59E7F005E21B4</key>
		<dict>
			<key>fileRef</key>
			<string>426645C31CE59E7F005E21B4</string>
			<key>isa</key>
			<string>PBXBuildFile</string>
		</dict>
		<key>426645CD1CE71256005E21B4</key>
		<dict>
			<key>fileEncoding</key>
			<string>4</string>
			<key>isa</key>
			<string>PBXFileReference</string>
			<key>lastKnownFileType</key>
			<string>sourcecode.swift</string>
			<key>path</key>
			<string>MARCarousel.swift</string>
			<key>sourceTree</key>
			<string>&lt;group&gt;</string>
		</dict>
		<key>426645CE1CE71256005E21B4</key>
		<dict>
			<key>fileEncoding</key>
			<string>4</string>
			<key>isa</key>
			<string>PBXFileReference</string>
			<key>lastKnownFileType</key>
			<string>sourcecode.swift</string>
			<key>path</key>
			<string>TECardPageView.swift</string>
			<key>sourceTree</key>
			<string>&lt;group&gt;</string>
		</dict>
		<key>426645CF1CE71256005E21B4</key>
		<dict>
			<key>fileRef</key>
			<string>426645CD1CE71256005E21B4</string>
			<key>isa</key>
			<string>PBXBuildFile</string>
		</dict>
		<key>426645D01CE71256005E21B4</key>
		<dict>
			<key>fileRef</key>
			<string>426645CE1CE71256005E21B4</string>
			<key>isa</key>
			<string>PBXBuildFile</string>
		</dict>
		<key>426ADF5D1CEC2EF500DDBD91</key>
		<dict>
			<key>fileEncoding</key>
			<string>4</string>
			<key>isa</key>
			<string>PBXFileReference</string>
			<key>lastKnownFileType</key>
			<string>sourcecode.swift</string>
			<key>path</key>
			<string>UIKit+ReactiveCocoa.swift</string>
			<key>sourceTree</key>
			<string>&lt;group&gt;</string>
		</dict>
		<key>426ADF5E1CEC2EF500DDBD91</key>
		<dict>
			<key>fileRef</key>
			<string>426ADF5D1CEC2EF500DDBD91</string>
			<key>isa</key>
			<string>PBXBuildFile</string>
		</dict>
		<key>426ADF5F1CEC301600DDBD91</key>
		<dict>
			<key>children</key>
			<array>
				<string>426ADF601CEC303800DDBD91</string>
			</array>
			<key>isa</key>
			<string>PBXGroup</string>
			<key>path</key>
			<string>Movie</string>
			<key>sourceTree</key>
			<string>&lt;group&gt;</string>
		</dict>
		<key>426ADF601CEC303800DDBD91</key>
		<dict>
			<key>fileEncoding</key>
			<string>4</string>
			<key>isa</key>
			<string>PBXFileReference</string>
			<key>lastKnownFileType</key>
			<string>sourcecode.swift</string>
			<key>path</key>
			<string>TEMovieViewModel.swift</string>
			<key>sourceTree</key>
			<string>&lt;group&gt;</string>
		</dict>
		<key>426ADF611CEC303800DDBD91</key>
		<dict>
			<key>fileRef</key>
			<string>426ADF601CEC303800DDBD91</string>
			<key>isa</key>
			<string>PBXBuildFile</string>
		</dict>
		<key>426B93321CE4624700BB5B96</key>
		<dict>
			<key>children</key>
			<array>
				<string>42CE5F5C1C9819C600E04AF6</string>
			</array>
			<key>isa</key>
			<string>PBXGroup</string>
			<key>path</key>
			<string>Home</string>
			<key>sourceTree</key>
			<string>&lt;group&gt;</string>
		</dict>
		<key>426B93331CE4826700BB5B96</key>
		<dict>
			<key>children</key>
			<array>
				<string>426645CD1CE71256005E21B4</string>
				<string>426645CE1CE71256005E21B4</string>
				<string>4296EE861CFDA1ED009814EF</string>
			</array>
			<key>isa</key>
			<string>PBXGroup</string>
			<key>path</key>
			<string>Component</string>
			<key>sourceTree</key>
			<string>&lt;group&gt;</string>
		</dict>
		<key>426B93341CE48F1300BB5B96</key>
		<dict>
			<key>children</key>
			<array/>
			<key>isa</key>
			<string>PBXGroup</string>
			<key>path</key>
			<string>Article</string>
			<key>sourceTree</key>
			<string>&lt;group&gt;</string>
		</dict>
		<key>4279A5211C9675EC00483480</key>
		<dict>
			<key>children</key>
			<array>
				<string>4279A5451C96780300483480</string>
				<string>4279A52B1C9675EC00483480</string>
				<string>A6EF4A678E4A1B6EB3AB0FBB</string>
				<string>5877175B53F0A027EF1E8E5C</string>
			</array>
			<key>isa</key>
			<string>PBXGroup</string>
			<key>sourceTree</key>
			<string>&lt;group&gt;</string>
		</dict>
		<key>4279A5221C9675EC00483480</key>
		<dict>
			<key>attributes</key>
			<dict>
				<key>CLASSPREFIX</key>
				<string>TE</string>
				<key>LastSwiftUpdateCheck</key>
				<string>0720</string>
				<key>LastUpgradeCheck</key>
				<string>0720</string>
				<key>ORGANIZATIONNAME</key>
				<string>Maru</string>
				<key>TargetAttributes</key>
				<dict>
					<key>4279A5291C9675EC00483480</key>
					<dict>
						<key>CreatedOnToolsVersion</key>
						<string>7.2.1</string>
						<key>DevelopmentTeam</key>
						<string>678WD436L9</string>
					</dict>
				</dict>
			</dict>
			<key>buildConfigurationList</key>
			<string>4279A5251C9675EC00483480</string>
			<key>compatibilityVersion</key>
			<string>Xcode 3.2</string>
			<key>developmentRegion</key>
			<string>English</string>
			<key>hasScannedForEncodings</key>
			<string>0</string>
			<key>isa</key>
			<string>PBXProject</string>
			<key>knownRegions</key>
			<array>
				<string>en</string>
				<string>Base</string>
			</array>
			<key>mainGroup</key>
			<string>4279A5211C9675EC00483480</string>
			<key>productRefGroup</key>
			<string>4279A52B1C9675EC00483480</string>
			<key>projectDirPath</key>
			<string></string>
			<key>projectReferences</key>
			<array/>
			<key>projectRoot</key>
			<string></string>
			<key>targets</key>
			<array>
				<string>4279A5291C9675EC00483480</string>
			</array>
		</dict>
		<key>4279A5251C9675EC00483480</key>
		<dict>
			<key>buildConfigurations</key>
			<array>
				<string>4279A53A1C9675EC00483480</string>
				<string>4279A53B1C9675EC00483480</string>
			</array>
			<key>defaultConfigurationIsVisible</key>
			<string>0</string>
			<key>defaultConfigurationName</key>
			<string>Release</string>
			<key>isa</key>
			<string>XCConfigurationList</string>
		</dict>
		<key>4279A5261C9675EC00483480</key>
		<dict>
			<key>buildActionMask</key>
			<string>2147483647</string>
			<key>files</key>
			<array>
				<string>4247E8DC1CEDF3940047D69A</string>
				<string>4247E8E31CEDF3940047D69A</string>
				<string>4247E8ED1CEDF3940047D69A</string>
				<string>42CE5F651C9823C600E04AF6</string>
				<string>4247E8CF1CEDF3940047D69A</string>
				<string>425447E71C96AE68008B74A9</string>
				<string>4247E8D81CEDF3940047D69A</string>
				<string>4247E8E11CEDF3940047D69A</string>
				<string>4247E8EF1CEDF3940047D69A</string>
				<string>426ADF611CEC303800DDBD91</string>
				<string>4285E9841CA28F4C005EDF4B</string>
				<string>425447E61C96AE68008B74A9</string>
				<string>426645CF1CE71256005E21B4</string>
				<string>4247E8CC1CEDF3940047D69A</string>
				<string>425447E81C96AE68008B74A9</string>
				<string>4247E8E61CEDF3940047D69A</string>
				<string>4247E8F01CEDF3940047D69A</string>
				<string>4247E8D41CEDF3940047D69A</string>
				<string>4247E8D91CEDF3940047D69A</string>
				<string>4247E8E21CEDF3940047D69A</string>
				<string>42CE5F531C97AA0900E04AF6</string>
				<string>426645BE1CE4B874005E21B4</string>
				<string>4247E8DD1CEDF3940047D69A</string>
				<string>4247E8DB1CEDF3940047D69A</string>
				<string>4247E8E01CEDF3940047D69A</string>
				<string>42EF86441CF1EB9800060B76</string>
				<string>42CE5F671C9823E800E04AF6</string>
				<string>42CE5F571C97ABBA00E04AF6</string>
				<string>4296EE8A1CFDAFD2009814EF</string>
				<string>42CE5F5B1C9818C200E04AF6</string>
				<string>426ADF5E1CEC2EF500DDBD91</string>
				<string>4247E8DA1CEDF3940047D69A</string>
				<string>4279A5611C969D2700483480</string>
				<string>42FAE4F71CB229D900495273</string>
				<string>4247E8EB1CEDF3940047D69A</string>
				<string>4247E8F11CEDF3940047D69A</string>
				<string>4285E9861CA2C4E1005EDF4B</string>
				<string>4247E8D11CEDF3940047D69A</string>
				<string>4247E8E41CEDF3940047D69A</string>
				<string>4296EE8D1D000E95009814EF</string>
				<string>4247E8CE1CEDF3940047D69A</string>
				<string>4296EE871CFDA1ED009814EF</string>
				<string>4247E8D01CEDF3940047D69A</string>
				<string>4247E8CB1CEDF3940047D69A</string>
				<string>4247E8E51CEDF3940047D69A</string>
				<string>4247E8E81CEDF3940047D69A</string>
				<string>4247E8DF1CEDF3940047D69A</string>
				<string>426645C41CE59E7F005E21B4</string>
				<string>4247E8D61CEDF3940047D69A</string>
				<string>4247E8DE1CEDF3940047D69A</string>
				<string>4247E8D21CEDF3940047D69A</string>
				<string>425447EB1C96AF0C008B74A9</string>
				<string>4247E8CA1CEDF3940047D69A</string>
				<string>4247E8D71CEDF3940047D69A</string>
				<string>4247E8EA1CEDF3940047D69A</string>
				<string>4247E8CD1CEDF3940047D69A</string>
				<string>4247E8E71CEDF3940047D69A</string>
				<string>425447EF1C96B5B2008B74A9</string>
				<string>4296EE851CFD6598009814EF</string>
				<string>42CE5F471C96D00300E04AF6</string>
				<string>4247E8EE1CEDF3940047D69A</string>
				<string>425447E51C96AE68008B74A9</string>
				<string>4247E8F21CEDF3940047D69A</string>
				<string>4247E8D31CEDF3940047D69A</string>
				<string>426645D01CE71256005E21B4</string>
				<string>42CE5F591C97C65400E04AF6</string>
				<string>42CE5F5D1C9819C600E04AF6</string>
				<string>42E9AF761CE4595300BB8687</string>
				<string>4247E8EC1CEDF3940047D69A</string>
				<string>4247E8D51CEDF3940047D69A</string>
				<string>4247E8E91CEDF3940047D69A</string>
				<string>42EDEC281CF48A9700ED682D</string>
			</array>
			<key>isa</key>
			<string>PBXSourcesBuildPhase</string>
			<key>runOnlyForDeploymentPostprocessing</key>
			<string>0</string>
		</dict>
		<key>4279A5271C9675EC00483480</key>
		<dict>
			<key>buildActionMask</key>
			<string>2147483647</string>
			<key>files</key>
			<array>
				<string>DD5C9AE4AF121A1675E1B8EE</string>
			</array>
			<key>isa</key>
			<string>PBXFrameworksBuildPhase</string>
			<key>runOnlyForDeploymentPostprocessing</key>
			<string>0</string>
		</dict>
		<key>4279A5281C9675EC00483480</key>
		<dict>
			<key>buildActionMask</key>
			<string>2147483647</string>
			<key>files</key>
			<array>
				<string>4279A5571C96780300483480</string>
				<string>4279A5551C96780300483480</string>
				<string>4279A5531C96780300483480</string>
				<string>4279A5541C96780300483480</string>
			</array>
			<key>isa</key>
			<string>PBXResourcesBuildPhase</string>
			<key>runOnlyForDeploymentPostprocessing</key>
			<string>0</string>
		</dict>
		<key>4279A5291C9675EC00483480</key>
		<dict>
			<key>buildConfigurationList</key>
			<string>4279A53C1C9675EC00483480</string>
			<key>buildPhases</key>
			<array>
				<string>8450C6755251CB63E7179531</string>
				<string>4279A5261C9675EC00483480</string>
				<string>4279A5271C9675EC00483480</string>
				<string>4279A5281C9675EC00483480</string>
				<string>96E1A954757AE13E4E433364</string>
				<string>55FCE3DC19C7B8098D4DBAFF</string>
				<string>54189DE7101E34AA39D35433</string>
			</array>
			<key>buildRules</key>
			<array/>
			<key>dependencies</key>
			<array/>
			<key>isa</key>
			<string>PBXNativeTarget</string>
			<key>name</key>
			<string>TheOne</string>
			<key>productName</key>
			<string>TheOne</string>
			<key>productReference</key>
			<string>4279A52A1C9675EC00483480</string>
			<key>productType</key>
			<string>com.apple.product-type.application</string>
		</dict>
		<key>4279A52A1C9675EC00483480</key>
		<dict>
			<key>explicitFileType</key>
			<string>wrapper.application</string>
			<key>includeInIndex</key>
			<string>0</string>
			<key>isa</key>
			<string>PBXFileReference</string>
			<key>path</key>
			<string>TheOne.app</string>
			<key>sourceTree</key>
			<string>BUILT_PRODUCTS_DIR</string>
		</dict>
		<key>4279A52B1C9675EC00483480</key>
		<dict>
			<key>children</key>
			<array>
				<string>4279A52A1C9675EC00483480</string>
			</array>
			<key>isa</key>
			<string>PBXGroup</string>
			<key>name</key>
			<string>Products</string>
			<key>sourceTree</key>
			<string>&lt;group&gt;</string>
		</dict>
		<key>4279A53A1C9675EC00483480</key>
		<dict>
			<key>buildSettings</key>
			<dict>
				<key>ALWAYS_SEARCH_USER_PATHS</key>
				<string>NO</string>
				<key>CLANG_CXX_LANGUAGE_STANDARD</key>
				<string>gnu++0x</string>
				<key>CLANG_CXX_LIBRARY</key>
				<string>libc++</string>
				<key>CLANG_ENABLE_MODULES</key>
				<string>YES</string>
				<key>CLANG_ENABLE_OBJC_ARC</key>
				<string>YES</string>
				<key>CLANG_WARN_BOOL_CONVERSION</key>
				<string>YES</string>
				<key>CLANG_WARN_CONSTANT_CONVERSION</key>
				<string>YES</string>
				<key>CLANG_WARN_DIRECT_OBJC_ISA_USAGE</key>
				<string>YES_ERROR</string>
				<key>CLANG_WARN_EMPTY_BODY</key>
				<string>YES</string>
				<key>CLANG_WARN_ENUM_CONVERSION</key>
				<string>YES</string>
				<key>CLANG_WARN_INT_CONVERSION</key>
				<string>YES</string>
				<key>CLANG_WARN_OBJC_ROOT_CLASS</key>
				<string>YES_ERROR</string>
				<key>CLANG_WARN_UNREACHABLE_CODE</key>
				<string>YES</string>
				<key>CLANG_WARN__DUPLICATE_METHOD_MATCH</key>
				<string>YES</string>
				<key>CODE_SIGN_IDENTITY[sdk=iphoneos*]</key>
				<string>iPhone Developer</string>
				<key>COPY_PHASE_STRIP</key>
				<string>NO</string>
				<key>DEBUG_INFORMATION_FORMAT</key>
				<string>dwarf</string>
				<key>ENABLE_STRICT_OBJC_MSGSEND</key>
				<string>YES</string>
				<key>ENABLE_TESTABILITY</key>
				<string>YES</string>
				<key>GCC_C_LANGUAGE_STANDARD</key>
				<string>gnu99</string>
				<key>GCC_DYNAMIC_NO_PIC</key>
				<string>NO</string>
				<key>GCC_NO_COMMON_BLOCKS</key>
				<string>YES</string>
				<key>GCC_OPTIMIZATION_LEVEL</key>
				<string>0</string>
				<key>GCC_PREPROCESSOR_DEFINITIONS</key>
				<array>
					<string>DEBUG=1</string>
					<string>$(inherited)</string>
				</array>
				<key>GCC_WARN_64_TO_32_BIT_CONVERSION</key>
				<string>YES</string>
				<key>GCC_WARN_ABOUT_RETURN_TYPE</key>
				<string>YES_ERROR</string>
				<key>GCC_WARN_UNDECLARED_SELECTOR</key>
				<string>YES</string>
				<key>GCC_WARN_UNINITIALIZED_AUTOS</key>
				<string>YES_AGGRESSIVE</string>
				<key>GCC_WARN_UNUSED_FUNCTION</key>
				<string>YES</string>
				<key>GCC_WARN_UNUSED_VARIABLE</key>
				<string>YES</string>
				<key>IPHONEOS_DEPLOYMENT_TARGET</key>
				<string>9.0</string>
				<key>MTL_ENABLE_DEBUG_INFO</key>
				<string>YES</string>
				<key>ONLY_ACTIVE_ARCH</key>
				<string>YES</string>
				<key>SDKROOT</key>
				<string>iphoneos</string>
				<key>SWIFT_OPTIMIZATION_LEVEL</key>
				<string>-Onone</string>
			</dict>
			<key>isa</key>
			<string>XCBuildConfiguration</string>
			<key>name</key>
			<string>Debug</string>
		</dict>
		<key>4279A53B1C9675EC00483480</key>
		<dict>
			<key>buildSettings</key>
			<dict>
				<key>ALWAYS_SEARCH_USER_PATHS</key>
				<string>NO</string>
				<key>CLANG_CXX_LANGUAGE_STANDARD</key>
				<string>gnu++0x</string>
				<key>CLANG_CXX_LIBRARY</key>
				<string>libc++</string>
				<key>CLANG_ENABLE_MODULES</key>
				<string>YES</string>
				<key>CLANG_ENABLE_OBJC_ARC</key>
				<string>YES</string>
				<key>CLANG_WARN_BOOL_CONVERSION</key>
				<string>YES</string>
				<key>CLANG_WARN_CONSTANT_CONVERSION</key>
				<string>YES</string>
				<key>CLANG_WARN_DIRECT_OBJC_ISA_USAGE</key>
				<string>YES_ERROR</string>
				<key>CLANG_WARN_EMPTY_BODY</key>
				<string>YES</string>
				<key>CLANG_WARN_ENUM_CONVERSION</key>
				<string>YES</string>
				<key>CLANG_WARN_INT_CONVERSION</key>
				<string>YES</string>
				<key>CLANG_WARN_OBJC_ROOT_CLASS</key>
				<string>YES_ERROR</string>
				<key>CLANG_WARN_UNREACHABLE_CODE</key>
				<string>YES</string>
				<key>CLANG_WARN__DUPLICATE_METHOD_MATCH</key>
				<string>YES</string>
				<key>CODE_SIGN_IDENTITY[sdk=iphoneos*]</key>
				<string>iPhone Developer</string>
				<key>COPY_PHASE_STRIP</key>
				<string>NO</string>
				<key>DEBUG_INFORMATION_FORMAT</key>
				<string>dwarf-with-dsym</string>
				<key>ENABLE_NS_ASSERTIONS</key>
				<string>NO</string>
				<key>ENABLE_STRICT_OBJC_MSGSEND</key>
				<string>YES</string>
				<key>GCC_C_LANGUAGE_STANDARD</key>
				<string>gnu99</string>
				<key>GCC_NO_COMMON_BLOCKS</key>
				<string>YES</string>
				<key>GCC_WARN_64_TO_32_BIT_CONVERSION</key>
				<string>YES</string>
				<key>GCC_WARN_ABOUT_RETURN_TYPE</key>
				<string>YES_ERROR</string>
				<key>GCC_WARN_UNDECLARED_SELECTOR</key>
				<string>YES</string>
				<key>GCC_WARN_UNINITIALIZED_AUTOS</key>
				<string>YES_AGGRESSIVE</string>
				<key>GCC_WARN_UNUSED_FUNCTION</key>
				<string>YES</string>
				<key>GCC_WARN_UNUSED_VARIABLE</key>
				<string>YES</string>
				<key>IPHONEOS_DEPLOYMENT_TARGET</key>
				<string>9.0</string>
				<key>MTL_ENABLE_DEBUG_INFO</key>
				<string>NO</string>
				<key>SDKROOT</key>
				<string>iphoneos</string>
				<key>VALIDATE_PRODUCT</key>
				<string>YES</string>
			</dict>
			<key>isa</key>
			<string>XCBuildConfiguration</string>
			<key>name</key>
			<string>Release</string>
		</dict>
		<key>4279A53C1C9675EC00483480</key>
		<dict>
			<key>buildConfigurations</key>
			<array>
				<string>4279A53D1C9675EC00483480</string>
				<string>4279A53E1C9675EC00483480</string>
			</array>
			<key>defaultConfigurationIsVisible</key>
			<string>0</string>
			<key>defaultConfigurationName</key>
			<string>Release</string>
			<key>isa</key>
			<string>XCConfigurationList</string>
		</dict>
		<key>4279A53D1C9675EC00483480</key>
		<dict>
			<key>baseConfigurationReference</key>
			<string>89DC4F58B1DF9C35A1386A3F</string>
			<key>buildSettings</key>
			<dict>
				<key>ASSETCATALOG_COMPILER_APPICON_NAME</key>
				<string>AppIcon</string>
				<key>CLANG_ENABLE_MODULES</key>
				<string>YES</string>
				<key>INFOPLIST_FILE</key>
				<string>TheOne/Configure/Info.plist</string>
				<key>LD_RUNPATH_SEARCH_PATHS</key>
				<string>$(inherited) @executable_path/Frameworks</string>
				<key>PRODUCT_BUNDLE_IDENTIFIER</key>
				<string>com.alloc.TheOne</string>
				<key>PRODUCT_NAME</key>
				<string>$(TARGET_NAME)</string>
				<key>SWIFT_OBJC_BRIDGING_HEADER</key>
				<string>/Users/Maru/Documents/Projective/TheOne/TheOne/Configure/Bridge_header.h</string>
				<key>SWIFT_OPTIMIZATION_LEVEL</key>
				<string>-Onone</string>
			</dict>
			<key>isa</key>
			<string>XCBuildConfiguration</string>
			<key>name</key>
			<string>Debug</string>
		</dict>
		<key>4279A53E1C9675EC00483480</key>
		<dict>
			<key>baseConfigurationReference</key>
			<string>61099A783A1A9763F5A58A18</string>
			<key>buildSettings</key>
			<dict>
				<key>ASSETCATALOG_COMPILER_APPICON_NAME</key>
				<string>AppIcon</string>
				<key>CLANG_ENABLE_MODULES</key>
				<string>YES</string>
				<key>INFOPLIST_FILE</key>
				<string>TheOne/Configure/Info.plist</string>
				<key>LD_RUNPATH_SEARCH_PATHS</key>
				<string>$(inherited) @executable_path/Frameworks</string>
				<key>PRODUCT_BUNDLE_IDENTIFIER</key>
				<string>com.alloc.TheOne</string>
				<key>PRODUCT_NAME</key>
				<string>$(TARGET_NAME)</string>
				<key>SWIFT_OBJC_BRIDGING_HEADER</key>
				<string>/Users/Maru/Documents/Projective/TheOne/TheOne/Configure/Bridge_header.h</string>
			</dict>
			<key>isa</key>
			<string>XCBuildConfiguration</string>
			<key>name</key>
			<string>Release</string>
		</dict>
		<key>4279A5451C96780300483480</key>
		<dict>
			<key>children</key>
			<array>
				<string>4279A55B1C96785C00483480</string>
				<string>42CE5F4C1C96D60500E04AF6</string>
				<string>4279A5591C96782400483480</string>
				<string>425447DC1C96AE68008B74A9</string>
				<string>4279A54F1C96780300483480</string>
				<string>4279A5511C96780300483480</string>
				<string>42CE5F441C96CFCB00E04AF6</string>
				<string>42E9AF741CE4584200BB8687</string>
				<string>4279A55F1C969C1300483480</string>
				<string>4279A55C1C96788300483480</string>
				<string>4279A55A1C96783A00483480</string>
			</array>
			<key>isa</key>
			<string>PBXGroup</string>
			<key>path</key>
			<string>TheOne</string>
			<key>sourceTree</key>
			<string>&lt;group&gt;</string>
		</dict>
		<key>4279A5471C96780300483480</key>
		<dict>
			<key>isa</key>
			<string>PBXFileReference</string>
			<key>lastKnownFileType</key>
			<string>folder.assetcatalog</string>
			<key>name</key>
			<string>Assets.xcassets</string>
			<key>path</key>
			<string>../Assets.xcassets</string>
			<key>sourceTree</key>
			<string>&lt;group&gt;</string>
		</dict>
		<key>4279A5481C96780300483480</key>
		<dict>
			<key>children</key>
			<array>
				<string>4279A5491C96780300483480</string>
			</array>
			<key>isa</key>
			<string>PBXVariantGroup</string>
			<key>name</key>
			<string>LaunchScreen.storyboard</string>
			<key>path</key>
			<string>..</string>
			<key>sourceTree</key>
			<string>&lt;group&gt;</string>
		</dict>
		<key>4279A5491C96780300483480</key>
		<dict>
			<key>isa</key>
			<string>PBXFileReference</string>
			<key>lastKnownFileType</key>
			<string>file.storyboard</string>
			<key>name</key>
			<string>Base</string>
			<key>path</key>
			<string>Base.lproj/LaunchScreen.storyboard</string>
			<key>sourceTree</key>
			<string>&lt;group&gt;</string>
		</dict>
		<key>4279A54A1C96780300483480</key>
		<dict>
			<key>children</key>
			<array>
				<string>4279A54B1C96780300483480</string>
			</array>
			<key>isa</key>
			<string>PBXVariantGroup</string>
			<key>name</key>
			<string>Main.storyboard</string>
			<key>path</key>
			<string>..</string>
			<key>sourceTree</key>
			<string>&lt;group&gt;</string>
		</dict>
		<key>4279A54B1C96780300483480</key>
		<dict>
			<key>isa</key>
			<string>PBXFileReference</string>
			<key>lastKnownFileType</key>
			<string>file.storyboard</string>
			<key>name</key>
			<string>Base</string>
			<key>path</key>
			<string>Base.lproj/Main.storyboard</string>
			<key>sourceTree</key>
			<string>&lt;group&gt;</string>
		</dict>
		<key>4279A54E1C96780300483480</key>
		<dict>
			<key>isa</key>
			<string>PBXFileReference</string>
			<key>lastKnownFileType</key>
			<string>folder.assetcatalog</string>
			<key>name</key>
			<string>Launch.xcassets</string>
			<key>path</key>
			<string>../Launch.xcassets</string>
			<key>sourceTree</key>
			<string>&lt;group&gt;</string>
		</dict>
		<key>4279A54F1C96780300483480</key>
		<dict>
			<key>children</key>
			<array>
				<string>4296EE881CFDAF84009814EF</string>
				<string>426B93331CE4826700BB5B96</string>
				<string>42CE5F611C981D2C00E04AF6</string>
				<string>42CE5F5E1C981B8C00E04AF6</string>
			</array>
			<key>isa</key>
			<string>PBXGroup</string>
			<key>path</key>
			<string>View</string>
			<key>sourceTree</key>
			<string>&lt;group&gt;</string>
		</dict>
		<key>4279A5511C96780300483480</key>
		<dict>
			<key>children</key>
			<array>
				<string>426ADF5F1CEC301600DDBD91</string>
				<string>426B93341CE48F1300BB5B96</string>
				<string>42E9AF771CE4604B00BB8687</string>
			</array>
			<key>isa</key>
			<string>PBXGroup</string>
			<key>path</key>
			<string>ViewModel</string>
			<key>sourceTree</key>
			<string>&lt;group&gt;</string>
		</dict>
		<key>4279A5531C96780300483480</key>
		<dict>
			<key>fileRef</key>
			<string>4279A5471C96780300483480</string>
			<key>isa</key>
			<string>PBXBuildFile</string>
		</dict>
		<key>4279A5541C96780300483480</key>
		<dict>
			<key>fileRef</key>
			<string>4279A5481C96780300483480</string>
			<key>isa</key>
			<string>PBXBuildFile</string>
		</dict>
		<key>4279A5551C96780300483480</key>
		<dict>
			<key>fileRef</key>
			<string>4279A54A1C96780300483480</string>
			<key>isa</key>
			<string>PBXBuildFile</string>
		</dict>
		<key>4279A5571C96780300483480</key>
		<dict>
			<key>fileRef</key>
			<string>4279A54E1C96780300483480</string>
			<key>isa</key>
			<string>PBXBuildFile</string>
		</dict>
		<key>4279A5591C96782400483480</key>
		<dict>
			<key>children</key>
			<array>
				<string>42CE5F451C96D00300E04AF6</string>
				<string>4279A5601C969D2700483480</string>
				<string>42CE5F581C97C65400E04AF6</string>
				<string>42DF37D01CEB132A00F53530</string>
				<string>42CE5F731C9831EF00E04AF6</string>
			</array>
			<key>isa</key>
			<string>PBXGroup</string>
			<key>path</key>
			<string>Configure</string>
			<key>sourceTree</key>
			<string>&lt;group&gt;</string>
		</dict>
		<key>4279A55A1C96783A00483480</key>
		<dict>
			<key>children</key>
			<array>
				<string>42CE5F6C1C9824CE00E04AF6</string>
				<string>42CE5F681C9824B200E04AF6</string>
				<string>42CE5F691C9824B200E04AF6</string>
				<string>42CE5F6A1C9824B200E04AF6</string>
				<string>42CE5F6B1C9824B200E04AF6</string>
				<string>4279A5471C96780300483480</string>
				<string>4279A54E1C96780300483480</string>
			</array>
			<key>isa</key>
			<string>PBXGroup</string>
			<key>path</key>
			<string>Resource</string>
			<key>sourceTree</key>
			<string>&lt;group&gt;</string>
		</dict>
		<key>4279A55B1C96785C00483480</key>
		<dict>
			<key>children</key>
			<array>
				<string>4279A5481C96780300483480</string>
				<string>4279A54A1C96780300483480</string>
			</array>
			<key>isa</key>
			<string>PBXGroup</string>
			<key>path</key>
			<string>Interface</string>
			<key>sourceTree</key>
			<string>&lt;group&gt;</string>
		</dict>
		<key>4279A55C1C96788300483480</key>
		<dict>
			<key>children</key>
			<array>
				<string>426645C21CE59E7F005E21B4</string>
			</array>
			<key>isa</key>
			<string>PBXGroup</string>
			<key>path</key>
			<string>Vendor</string>
			<key>sourceTree</key>
			<string>&lt;group&gt;</string>
		</dict>
		<key>4279A55F1C969C1300483480</key>
		<dict>
			<key>children</key>
			<array>
				<string>42CE5F5A1C9818C200E04AF6</string>
				<string>4285E9851CA2C4E1005EDF4B</string>
				<string>42CE5F561C97ABBA00E04AF6</string>
				<string>42EDEC271CF48A9700ED682D</string>
			</array>
			<key>isa</key>
			<string>PBXGroup</string>
			<key>path</key>
			<string>Protocol</string>
			<key>sourceTree</key>
			<string>&lt;group&gt;</string>
		</dict>
		<key>4279A5601C969D2700483480</key>
		<dict>
			<key>fileEncoding</key>
			<string>4</string>
			<key>isa</key>
			<string>PBXFileReference</string>
			<key>lastKnownFileType</key>
			<string>sourcecode.swift</string>
			<key>path</key>
			<string>TEConfigure.swift</string>
			<key>sourceTree</key>
			<string>&lt;group&gt;</string>
		</dict>
		<key>4279A5611C969D2700483480</key>
		<dict>
			<key>fileRef</key>
			<string>4279A5601C969D2700483480</string>
			<key>isa</key>
			<string>PBXBuildFile</string>
		</dict>
		<key>4285E9831CA28F4C005EDF4B</key>
		<dict>
			<key>fileEncoding</key>
			<string>4</string>
			<key>isa</key>
			<string>PBXFileReference</string>
			<key>lastKnownFileType</key>
			<string>sourcecode.swift</string>
			<key>path</key>
			<string>TELoginController.swift</string>
			<key>sourceTree</key>
			<string>&lt;group&gt;</string>
		</dict>
		<key>4285E9841CA28F4C005EDF4B</key>
		<dict>
			<key>fileRef</key>
			<string>4285E9831CA28F4C005EDF4B</string>
			<key>isa</key>
			<string>PBXBuildFile</string>
		</dict>
		<key>4285E9851CA2C4E1005EDF4B</key>
		<dict>
			<key>fileEncoding</key>
			<string>4</string>
			<key>isa</key>
			<string>PBXFileReference</string>
			<key>lastKnownFileType</key>
			<string>sourcecode.swift</string>
			<key>path</key>
			<string>TETableModelType.swift</string>
			<key>sourceTree</key>
			<string>&lt;group&gt;</string>
		</dict>
		<key>4285E9861CA2C4E1005EDF4B</key>
		<dict>
			<key>fileRef</key>
			<string>4285E9851CA2C4E1005EDF4B</string>
			<key>isa</key>
			<string>PBXBuildFile</string>
		</dict>
		<key>4296EE841CFD6598009814EF</key>
		<dict>
			<key>fileEncoding</key>
			<string>4</string>
			<key>isa</key>
			<string>PBXFileReference</string>
			<key>lastKnownFileType</key>
			<string>sourcecode.swift</string>
			<key>path</key>
			<string>TECardViewModel.swift</string>
			<key>sourceTree</key>
			<string>&lt;group&gt;</string>
		</dict>
		<key>4296EE851CFD6598009814EF</key>
		<dict>
			<key>fileRef</key>
			<string>4296EE841CFD6598009814EF</string>
			<key>isa</key>
			<string>PBXBuildFile</string>
		</dict>
		<key>4296EE861CFDA1ED009814EF</key>
		<dict>
			<key>fileEncoding</key>
			<string>4</string>
			<key>isa</key>
			<string>PBXFileReference</string>
			<key>lastKnownFileType</key>
			<string>sourcecode.swift</string>
			<key>path</key>
			<string>TEPageableView.swift</string>
			<key>sourceTree</key>
			<string>&lt;group&gt;</string>
		</dict>
		<key>4296EE871CFDA1ED009814EF</key>
		<dict>
			<key>fileRef</key>
			<string>4296EE861CFDA1ED009814EF</string>
			<key>isa</key>
			<string>PBXBuildFile</string>
		</dict>
		<key>4296EE881CFDAF84009814EF</key>
		<dict>
			<key>children</key>
			<array>
				<string>4296EE891CFDAFD2009814EF</string>
			</array>
			<key>isa</key>
			<string>PBXGroup</string>
			<key>path</key>
			<string>Animator</string>
			<key>sourceTree</key>
			<string>&lt;group&gt;</string>
		</dict>
		<key>4296EE891CFDAFD2009814EF</key>
		<dict>
			<key>fileEncoding</key>
			<string>4</string>
			<key>isa</key>
			<string>PBXFileReference</string>
			<key>lastKnownFileType</key>
			<string>sourcecode.swift</string>
			<key>path</key>
			<string>TipperAnimation.swift</string>
			<key>sourceTree</key>
			<string>&lt;group&gt;</string>
		</dict>
		<key>4296EE8A1CFDAFD2009814EF</key>
		<dict>
			<key>fileRef</key>
			<string>4296EE891CFDAFD2009814EF</string>
			<key>isa</key>
			<string>PBXBuildFile</string>
		</dict>
		<key>4296EE8C1D000E95009814EF</key>
		<dict>
			<key>fileEncoding</key>
			<string>4</string>
			<key>isa</key>
			<string>PBXFileReference</string>
			<key>lastKnownFileType</key>
			<string>sourcecode.swift</string>
			<key>path</key>
			<string>HomePageView.swift</string>
			<key>sourceTree</key>
			<string>&lt;group&gt;</string>
		</dict>
		<key>4296EE8D1D000E95009814EF</key>
		<dict>
			<key>fileRef</key>
			<string>4296EE8C1D000E95009814EF</string>
			<key>isa</key>
			<string>PBXBuildFile</string>
		</dict>
		<key>42CE5F441C96CFCB00E04AF6</key>
		<dict>
			<key>children</key>
			<array>
				<string>426645BC1CE4B874005E21B4</string>
				<string>426B93321CE4624700BB5B96</string>
				<string>42CE5F641C9823C600E04AF6</string>
			</array>
			<key>isa</key>
			<string>PBXGroup</string>
			<key>path</key>
			<string>Model</string>
			<key>sourceTree</key>
			<string>&lt;group&gt;</string>
		</dict>
		<key>42CE5F451C96D00300E04AF6</key>
		<dict>
			<key>fileEncoding</key>
			<string>4</string>
			<key>isa</key>
			<string>PBXFileReference</string>
			<key>lastKnownFileType</key>
			<string>sourcecode.swift</string>
			<key>path</key>
			<string>AppDelegate.swift</string>
			<key>sourceTree</key>
			<string>&lt;group&gt;</string>
		</dict>
		<key>42CE5F471C96D00300E04AF6</key>
		<dict>
			<key>fileRef</key>
			<string>42CE5F451C96D00300E04AF6</string>
			<key>isa</key>
			<string>PBXBuildFile</string>
		</dict>
		<key>42CE5F4C1C96D60500E04AF6</key>
		<dict>
			<key>children</key>
			<array>
				<string>4247E8A01CEDF37E0047D69A</string>
				<string>426ADF5D1CEC2EF500DDBD91</string>
			</array>
			<key>isa</key>
			<string>PBXGroup</string>
			<key>path</key>
			<string>Extension</string>
			<key>sourceTree</key>
			<string>&lt;group&gt;</string>
		</dict>
		<key>42CE5F511C97A9D100E04AF6</key>
		<dict>
			<key>children</key>
			<array>
				<string>42CE5F521C97AA0900E04AF6</string>
				<string>4285E9831CA28F4C005EDF4B</string>
			</array>
			<key>isa</key>
			<string>PBXGroup</string>
			<key>path</key>
			<string>Login</string>
			<key>sourceTree</key>
			<string>&lt;group&gt;</string>
		</dict>
		<key>42CE5F521C97AA0900E04AF6</key>
		<dict>
			<key>fileEncoding</key>
			<string>4</string>
			<key>isa</key>
			<string>PBXFileReference</string>
			<key>lastKnownFileType</key>
			<string>sourcecode.swift</string>
			<key>path</key>
			<string>TESettingController.swift</string>
			<key>sourceTree</key>
			<string>&lt;group&gt;</string>
		</dict>
		<key>42CE5F531C97AA0900E04AF6</key>
		<dict>
			<key>fileRef</key>
			<string>42CE5F521C97AA0900E04AF6</string>
			<key>isa</key>
			<string>PBXBuildFile</string>
		</dict>
		<key>42CE5F561C97ABBA00E04AF6</key>
		<dict>
			<key>fileEncoding</key>
			<string>4</string>
			<key>isa</key>
			<string>PBXFileReference</string>
			<key>lastKnownFileType</key>
			<string>sourcecode.swift</string>
			<key>path</key>
			<string>TENaviPresentable.swift</string>
			<key>sourceTree</key>
			<string>&lt;group&gt;</string>
		</dict>
		<key>42CE5F571C97ABBA00E04AF6</key>
		<dict>
			<key>fileRef</key>
			<string>42CE5F561C97ABBA00E04AF6</string>
			<key>isa</key>
			<string>PBXBuildFile</string>
		</dict>
		<key>42CE5F581C97C65400E04AF6</key>
		<dict>
			<key>fileEncoding</key>
			<string>4</string>
			<key>isa</key>
			<string>PBXFileReference</string>
			<key>lastKnownFileType</key>
			<string>sourcecode.swift</string>
			<key>path</key>
			<string>TEMacro.swift</string>
			<key>sourceTree</key>
			<string>&lt;group&gt;</string>
		</dict>
		<key>42CE5F591C97C65400E04AF6</key>
		<dict>
			<key>fileRef</key>
			<string>42CE5F581C97C65400E04AF6</string>
			<key>isa</key>
			<string>PBXBuildFile</string>
		</dict>
		<key>42CE5F5A1C9818C200E04AF6</key>
		<dict>
			<key>fileEncoding</key>
			<string>4</string>
			<key>isa</key>
			<string>PBXFileReference</string>
			<key>lastKnownFileType</key>
			<string>sourcecode.swift</string>
			<key>path</key>
			<string>TEPageable.swift</string>
			<key>sourceTree</key>
			<string>&lt;group&gt;</string>
		</dict>
		<key>42CE5F5B1C9818C200E04AF6</key>
		<dict>
			<key>fileRef</key>
			<string>42CE5F5A1C9818C200E04AF6</string>
			<key>isa</key>
			<string>PBXBuildFile</string>
		</dict>
		<key>42CE5F5C1C9819C600E04AF6</key>
		<dict>
			<key>fileEncoding</key>
			<string>4</string>
			<key>isa</key>
			<string>PBXFileReference</string>
			<key>lastKnownFileType</key>
			<string>sourcecode.swift</string>
			<key>name</key>
			<string>TEPaperModel.swift</string>
			<key>path</key>
			<string>../TEPaperModel.swift</string>
			<key>sourceTree</key>
			<string>&lt;group&gt;</string>
		</dict>
		<key>42CE5F5D1C9819C600E04AF6</key>
		<dict>
			<key>fileRef</key>
			<string>42CE5F5C1C9819C600E04AF6</string>
			<key>isa</key>
			<string>PBXBuildFile</string>
		</dict>
		<key>42CE5F5E1C981B8C00E04AF6</key>
		<dict>
			<key>children</key>
			<array>
				<string>4296EE8C1D000E95009814EF</string>
			</array>
			<key>isa</key>
			<string>PBXGroup</string>
			<key>path</key>
			<string>Home</string>
			<key>sourceTree</key>
			<string>&lt;group&gt;</string>
		</dict>
		<key>42CE5F611C981D2C00E04AF6</key>
		<dict>
			<key>children</key>
			<array>
				<string>42CE5F661C9823E800E04AF6</string>
			</array>
			<key>isa</key>
			<string>PBXGroup</string>
			<key>path</key>
			<string>Movie</string>
			<key>sourceTree</key>
			<string>&lt;group&gt;</string>
		</dict>
		<key>42CE5F641C9823C600E04AF6</key>
		<dict>
			<key>fileEncoding</key>
			<string>4</string>
			<key>isa</key>
			<string>PBXFileReference</string>
			<key>lastKnownFileType</key>
			<string>sourcecode.swift</string>
			<key>path</key>
			<string>TEMovieCardModel.swift</string>
			<key>sourceTree</key>
			<string>&lt;group&gt;</string>
		</dict>
		<key>42CE5F651C9823C600E04AF6</key>
		<dict>
			<key>fileRef</key>
			<string>42CE5F641C9823C600E04AF6</string>
			<key>isa</key>
			<string>PBXBuildFile</string>
		</dict>
		<key>42CE5F661C9823E800E04AF6</key>
		<dict>
			<key>fileEncoding</key>
			<string>4</string>
			<key>isa</key>
			<string>PBXFileReference</string>
			<key>lastKnownFileType</key>
			<string>sourcecode.swift</string>
			<key>path</key>
			<string>TEMovieCardCell.swift</string>
			<key>sourceTree</key>
			<string>&lt;group&gt;</string>
		</dict>
		<key>42CE5F671C9823E800E04AF6</key>
		<dict>
			<key>fileRef</key>
			<string>42CE5F661C9823E800E04AF6</string>
			<key>isa</key>
			<string>PBXBuildFile</string>
		</dict>
		<key>42CE5F681C9824B200E04AF6</key>
		<dict>
			<key>isa</key>
			<string>PBXFileReference</string>
			<key>lastKnownFileType</key>
			<string>file</string>
			<key>path</key>
			<string>PingFang Bold.ttf</string>
			<key>sourceTree</key>
			<string>&lt;group&gt;</string>
		</dict>
		<key>42CE5F691C9824B200E04AF6</key>
		<dict>
			<key>isa</key>
			<string>PBXFileReference</string>
			<key>lastKnownFileType</key>
			<string>file</string>
			<key>path</key>
			<string>PingFang Light.ttf</string>
			<key>sourceTree</key>
			<string>&lt;group&gt;</string>
		</dict>
		<key>42CE5F6A1C9824B200E04AF6</key>
		<dict>
			<key>isa</key>
			<string>PBXFileReference</string>
			<key>lastKnownFileType</key>
			<string>file</string>
			<key>path</key>
			<string>PingFang Medium.ttf</string>
			<key>sourceTree</key>
			<string>&lt;group&gt;</string>
		</dict>
		<key>42CE5F6B1C9824B200E04AF6</key>
		<dict>
			<key>isa</key>
			<string>PBXFileReference</string>
			<key>lastKnownFileType</key>
			<string>file</string>
			<key>path</key>
			<string>PingFang Regular.ttf</string>
			<key>sourceTree</key>
			<string>&lt;group&gt;</string>
		</dict>
		<key>42CE5F6C1C9824CE00E04AF6</key>
		<dict>
			<key>isa</key>
			<string>PBXFileReference</string>
			<key>lastKnownFileType</key>
			<string>file</string>
			<key>path</key>
			<string>Bradley Hand Bold.ttf</string>
			<key>sourceTree</key>
			<string>&lt;group&gt;</string>
		</dict>
		<key>42CE5F731C9831EF00E04AF6</key>
		<dict>
			<key>fileEncoding</key>
			<string>4</string>
			<key>isa</key>
			<string>PBXFileReference</string>
			<key>lastKnownFileType</key>
			<string>text.plist.xml</string>
			<key>path</key>
			<string>Info.plist</string>
			<key>sourceTree</key>
			<string>&lt;group&gt;</string>
		</dict>
		<key>42DF37D01CEB132A00F53530</key>
		<dict>
			<key>isa</key>
			<string>PBXFileReference</string>
			<key>lastKnownFileType</key>
			<string>sourcecode.c.h</string>
			<key>path</key>
			<string>Bridge_header.h</string>
			<key>sourceTree</key>
			<string>&lt;group&gt;</string>
		</dict>
		<key>42E9AF741CE4584200BB8687</key>
		<dict>
			<key>children</key>
			<array>
				<string>42E9AF751CE4595300BB8687</string>
				<string>42EF86431CF1EB9800060B76</string>
			</array>
			<key>isa</key>
			<string>PBXGroup</string>
			<key>path</key>
			<string>Service</string>
			<key>sourceTree</key>
			<string>&lt;group&gt;</string>
		</dict>
		<key>42E9AF751CE4595300BB8687</key>
		<dict>
			<key>fileEncoding</key>
			<string>4</string>
			<key>isa</key>
			<string>PBXFileReference</string>
			<key>lastKnownFileType</key>
			<string>sourcecode.swift</string>
			<key>path</key>
			<string>TENetService.swift</string>
			<key>sourceTree</key>
			<string>&lt;group&gt;</string>
		</dict>
		<key>42E9AF761CE4595300BB8687</key>
		<dict>
			<key>fileRef</key>
			<string>42E9AF751CE4595300BB8687</string>
			<key>isa</key>
			<string>PBXBuildFile</string>
		</dict>
		<key>42E9AF771CE4604B00BB8687</key>
		<dict>
			<key>children</key>
			<array>
				<string>4296EE841CFD6598009814EF</string>
			</array>
			<key>isa</key>
			<string>PBXGroup</string>
			<key>path</key>
			<string>Home</string>
			<key>sourceTree</key>
			<string>&lt;group&gt;</string>
		</dict>
		<key>42EDEC271CF48A9700ED682D</key>
		<dict>
			<key>fileEncoding</key>
			<string>4</string>
			<key>isa</key>
			<string>PBXFileReference</string>
			<key>lastKnownFileType</key>
			<string>sourcecode.swift</string>
			<key>path</key>
			<string>TEItemPresentable.swift</string>
			<key>sourceTree</key>
			<string>&lt;group&gt;</string>
		</dict>
		<key>42EDEC281CF48A9700ED682D</key>
		<dict>
			<key>fileRef</key>
			<string>42EDEC271CF48A9700ED682D</string>
			<key>isa</key>
			<string>PBXBuildFile</string>
		</dict>
		<key>42EF86431CF1EB9800060B76</key>
		<dict>
			<key>fileEncoding</key>
			<string>4</string>
			<key>isa</key>
			<string>PBXFileReference</string>
			<key>lastKnownFileType</key>
			<string>sourcecode.swift</string>
			<key>path</key>
			<string>TEToastService.swift</string>
			<key>sourceTree</key>
			<string>&lt;group&gt;</string>
		</dict>
		<key>42EF86441CF1EB9800060B76</key>
		<dict>
			<key>fileRef</key>
			<string>42EF86431CF1EB9800060B76</string>
			<key>isa</key>
			<string>PBXBuildFile</string>
		</dict>
		<key>42FAE4F61CB229D900495273</key>
		<dict>
			<key>fileEncoding</key>
			<string>4</string>
			<key>isa</key>
			<string>PBXFileReference</string>
			<key>lastKnownFileType</key>
			<string>sourcecode.swift</string>
			<key>path</key>
			<string>TEMovieDetailController.swift</string>
			<key>sourceTree</key>
			<string>&lt;group&gt;</string>
		</dict>
		<key>42FAE4F71CB229D900495273</key>
		<dict>
			<key>fileRef</key>
			<string>42FAE4F61CB229D900495273</string>
			<key>isa</key>
			<string>PBXBuildFile</string>
		</dict>
		<key>54189DE7101E34AA39D35433</key>
		<dict>
			<key>buildActionMask</key>
			<string>2147483647</string>
			<key>files</key>
			<array/>
			<key>inputPaths</key>
			<array/>
			<key>isa</key>
			<string>PBXShellScriptBuildPhase</string>
			<key>name</key>
			<string>Embed Pods Frameworks</string>
			<key>outputPaths</key>
			<array/>
			<key>runOnlyForDeploymentPostprocessing</key>
			<string>0</string>
			<key>shellPath</key>
			<string>/bin/sh</string>
			<key>shellScript</key>
			<string>"${SRCROOT}/Pods/Target Support Files/Pods-TheOne/Pods-TheOne-frameworks.sh"
</string>
			<key>showEnvVarsInLog</key>
			<string>0</string>
		</dict>
		<key>55FCE3DC19C7B8098D4DBAFF</key>
		<dict>
			<key>buildActionMask</key>
			<string>2147483647</string>
			<key>files</key>
			<array/>
			<key>inputPaths</key>
			<array/>
			<key>isa</key>
			<string>PBXShellScriptBuildPhase</string>
			<key>name</key>
			<string>&#128230; Copy Pods Resources</string>
			<key>outputPaths</key>
			<array/>
			<key>runOnlyForDeploymentPostprocessing</key>
			<string>0</string>
			<key>shellPath</key>
			<string>/bin/sh</string>
			<key>shellScript</key>
			<string>"${SRCROOT}/Pods/Target Support Files/Pods-TheOne/Pods-TheOne-resources.sh"
</string>
			<key>showEnvVarsInLog</key>
			<string>0</string>
		</dict>
		<key>5877175B53F0A027EF1E8E5C</key>
		<dict>
			<key>children</key>
			<array>
				<string>89DC4F58B1DF9C35A1386A3F</string>
				<string>61099A783A1A9763F5A58A18</string>
			</array>
			<key>isa</key>
			<string>PBXGroup</string>
			<key>name</key>
			<string>Pods</string>
			<key>sourceTree</key>
			<string>&lt;group&gt;</string>
		</dict>
		<key>58C453D8642A474F7D457052</key>
		<dict>
			<key>explicitFileType</key>
			<string>wrapper.framework</string>
			<key>includeInIndex</key>
			<string>0</string>
			<key>isa</key>
			<string>PBXFileReference</string>
			<key>path</key>
			<string>Pods.framework</string>
			<key>sourceTree</key>
			<string>BUILT_PRODUCTS_DIR</string>
		</dict>
		<key>61099A783A1A9763F5A58A18</key>
		<dict>
			<key>includeInIndex</key>
			<string>1</string>
			<key>isa</key>
			<string>PBXFileReference</string>
			<key>lastKnownFileType</key>
			<string>text.xcconfig</string>
			<key>name</key>
			<string>Pods-TheOne.release.xcconfig</string>
			<key>path</key>
			<string>Pods/Target Support Files/Pods-TheOne/Pods-TheOne.release.xcconfig</string>
			<key>sourceTree</key>
			<string>&lt;group&gt;</string>
		</dict>
		<key>8450C6755251CB63E7179531</key>
		<dict>
			<key>buildActionMask</key>
			<string>2147483647</string>
			<key>files</key>
			<array/>
			<key>inputPaths</key>
			<array/>
			<key>isa</key>
			<string>PBXShellScriptBuildPhase</string>
			<key>name</key>
			<string>&#128230; Check Pods Manifest.lock</string>
			<key>outputPaths</key>
			<array/>
			<key>runOnlyForDeploymentPostprocessing</key>
			<string>0</string>
			<key>shellPath</key>
			<string>/bin/sh</string>
			<key>shellScript</key>
			<string>diff "${PODS_ROOT}/../Podfile.lock" "${PODS_ROOT}/Manifest.lock" &gt; /dev/null
if [[ $? != 0 ]] ; then
    cat &lt;&lt; EOM
error: The sandbox is not in sync with the Podfile.lock. Run 'pod install' or update your CocoaPods installation.
EOM
    exit 1
fi
</string>
			<key>showEnvVarsInLog</key>
			<string>0</string>
		</dict>
		<key>89DC4F58B1DF9C35A1386A3F</key>
		<dict>
			<key>includeInIndex</key>
			<string>1</string>
			<key>isa</key>
			<string>PBXFileReference</string>
			<key>lastKnownFileType</key>
			<string>text.xcconfig</string>
			<key>name</key>
			<string>Pods-TheOne.debug.xcconfig</string>
			<key>path</key>
			<string>Pods/Target Support Files/Pods-TheOne/Pods-TheOne.debug.xcconfig</string>
			<key>sourceTree</key>
			<string>&lt;group&gt;</string>
		</dict>
		<key>96E1A954757AE13E4E433364</key>
		<dict>
			<key>buildActionMask</key>
			<string>2147483647</string>
			<key>files</key>
			<array/>
			<key>inputPaths</key>
			<array/>
			<key>isa</key>
			<string>PBXShellScriptBuildPhase</string>
			<key>name</key>
			<string>&#128230; Embed Pods Frameworks</string>
			<key>outputPaths</key>
			<array/>
			<key>runOnlyForDeploymentPostprocessing</key>
			<string>0</string>
			<key>shellPath</key>
			<string>/bin/sh</string>
			<key>shellScript</key>
			<string>"${SRCROOT}/Pods/Target Support Files/Pods-TheOne/Pods-TheOne-frameworks.sh"
</string>
			<key>showEnvVarsInLog</key>
			<string>0</string>
		</dict>
		<key>A6EF4A678E4A1B6EB3AB0FBB</key>
		<dict>
			<key>children</key>
			<array>
				<string>58C453D8642A474F7D457052</string>
				<string>EEEF2339B6BA212A6E17CE33</string>
			</array>
			<key>isa</key>
			<string>PBXGroup</string>
			<key>name</key>
			<string>Frameworks</string>
			<key>sourceTree</key>
			<string>&lt;group&gt;</string>
		</dict>
		<key>DD5C9AE4AF121A1675E1B8EE</key>
		<dict>
			<key>fileRef</key>
			<string>EEEF2339B6BA212A6E17CE33</string>
			<key>isa</key>
			<string>PBXBuildFile</string>
		</dict>
		<key>EEEF2339B6BA212A6E17CE33</key>
		<dict>
			<key>explicitFileType</key>
			<string>wrapper.framework</string>
			<key>includeInIndex</key>
			<string>0</string>
			<key>isa</key>
			<string>PBXFileReference</string>
			<key>path</key>
			<string>Pods_TheOne.framework</string>
			<key>sourceTree</key>
			<string>BUILT_PRODUCTS_DIR</string>
		</dict>
	</dict>
	<key>rootObject</key>
	<string>4279A5221C9675EC00483480</string>
</dict>
</plist>
